{
  "version": 4,
  "terraform_version": "1.14.8",
  "serial": 33,
  "lineage": "9c89ed7c-dc0d-4f7a-658a-1c230933510b",
  "outputs": {
    "____________________aws_ip_ranges____________________": {
      "value": {
        "create_date": "2026-04-01-12-18-05",
        "id": "1775045885",
        "regions": [
          "us-east-1"
        ],
        "services": [
          "ec2"
        ],
        "sync_token": 1775045885,
        "url": "https://ip-ranges.amazonaws.com/ip-ranges.json",
        "us_east_ip_range2": {
          "cidr_blocks": [
            "1.178.1.0/24",
            "1.178.10.0/24",
            "1.178.100.0/24",
            "1.178.101.0/24",
            "1.178.102.0/24",
            "1.178.103.0/24",
            "1.178.11.0/24",
            "1.178.16.0/24",
            "1.178.17.0/24",
            "1.178.174.0/24",
            "1.178.18.0/24",
            "1.178.19.0/24",
            "1.178.20.0/24",
            "1.178.21.0/24",
            "1.178.22.0/24",
            "1.178.23.0/24",
            "1.178.24.0/24",
            "1.178.25.0/24",
            "1.178.26.0/24",
            "1.178.27.0/24",
            "1.178.28.0/24",
            "1.178.29.0/24",
            "1.178.30.0/24",
            "1.178.31.0/24",
            "1.178.4.0/24",
            "1.178.5.0/24",
            "1.178.6.0/24",
            "1.178.64.0/24",
            "1.178.65.0/24",
            "1.178.7.0/24",
            "1.178.8.0/24",
            "1.178.86.0/23",
            "1.178.88.0/24",
            "1.178.89.0/24",
            "1.178.9.0/24",
            "1.178.90.0/24",
            "1.178.91.0/24",
            "1.178.92.0/24",
            "1.178.93.0/24",
            "1.178.94.0/24",
            "1.178.95.0/24",
            "100.20.0.0/14",
            "100.24.0.0/13",
            "100.48.0.0/12",
            "103.13.188.0/24",
            "103.13.189.0/24",
            "103.4.8.0/21",
            "107.176.0.0/15",
            "107.20.0.0/14",
            "108.128.0.0/13",
            "108.136.0.0/15",
            "108.175.56.0/22",
            "108.175.60.0/22",
            "110.238.2.0/23",
            "122.200.61.0/24",
            "122.248.192.0/18",
            "13.112.0.0/14",
            "13.124.0.0/16",
            "13.125.0.0/16",
            "13.126.0.0/15",
            "13.128.0.0/16",
            "13.130.0.0/16",
            "13.134.0.0/15",
            "13.144.0.0/16",
            "13.146.0.0/16",
            "13.152.0.0/16",
            "13.154.0.0/16",
            "13.158.0.0/15",
            "13.160.0.0/16",
            "13.162.0.0/16",
            "13.192.0.0/16",
            "13.193.0.0/16",
            "13.200.0.0/15",
            "13.202.0.0/15",
            "13.204.0.0/14",
            "13.208.0.0/16",
            "13.209.0.0/16",
            "13.210.0.0/15",
            "13.212.0.0/15",
            "13.214.0.0/15",
            "13.216.0.0/13",
            "13.228.0.0/15",
            "13.230.0.0/15",
            "13.232.0.0/14",
            "13.236.0.0/14",
            "13.244.0.0/15",
            "13.246.0.0/16",
            "13.247.0.0/16",
            "13.250.0.0/15",
            "13.36.0.0/14",
            "13.40.0.0/14",
            "13.48.0.0/15",
            "13.50.0.0/16",
            "13.51.0.0/16",
            "13.52.0.0/16",
            "13.53.0.0/16",
            "13.54.0.0/15",
            "13.56.0.0/16",
            "13.57.0.0/16",
            "13.58.0.0/15",
            "13.60.0.0/15",
            "13.62.0.0/15",
            "136.18.0.0/23",
            "136.18.128.0/23",
            "136.18.130.0/23",
            "136.18.132.0/23",
            "136.18.134.0/23",
            "136.18.136.0/23",
            "136.18.138.0/23",
            "136.18.140.0/23",
            "136.18.142.0/23",
            "136.18.144.0/21",
            "136.18.152.0/21",
            "136.18.160.0/23",
            "136.18.254.0/23",
            "136.18.50.0/23",
            "136.18.56.0/21",
            "139.56.16.0/23",
            "139.56.18.0/23",
            "139.56.20.0/23",
            "139.56.22.0/23",
            "139.56.24.0/23",
            "139.56.26.0/23",
            "139.56.28.0/23",
            "139.56.30.0/23",
            "139.56.32.0/23",
            "139.56.34.0/24",
            "140.179.0.0/16",
            "142.4.177.0/24",
            "142.4.178.0/24",
            "142.4.179.0/24",
            "142.4.180.0/24",
            "149.128.64.0/18",
            "15.103.0.0/16",
            "15.128.0.0/16",
            "15.129.0.0/22",
            "15.129.16.0/21",
            "15.129.24.0/22",
            "15.129.28.0/24",
            "15.129.29.0/24",
            "15.129.30.0/24",
            "15.129.31.0/24",
            "15.129.32.0/23",
            "15.129.34.0/23",
            "15.129.36.0/23",
            "15.129.38.0/23",
            "15.129.4.0/22",
            "15.129.40.0/23",
            "15.129.42.0/23",
            "15.129.44.0/23",
            "15.129.46.0/23",
            "15.129.8.0/21",
            "15.134.0.0/16",
            "15.135.0.0/16",
            "15.145.0.0/23",
            "15.145.12.0/22",
            "15.145.16.0/22",
            "15.145.2.0/23",
            "15.145.20.0/22",
            "15.145.24.0/23",
            "15.145.4.0/23",
            "15.145.8.0/22",
            "15.152.0.0/16",
            "15.156.0.0/15",
            "15.160.0.0/16",
            "15.161.0.0/16",
            "15.164.0.0/15",
            "15.168.0.0/16",
            "15.177.0.0/18",
            "15.177.100.0/24",
            "15.177.102.0/24",
            "15.177.103.0/24",
            "15.177.104.0/24",
            "15.177.105.0/24",
            "15.177.106.0/24",
            "15.177.107.0/24",
            "15.177.64.0/23",
            "15.177.66.0/23",
            "15.177.68.0/23",
            "15.177.70.0/23",
            "15.177.72.0/24",
            "15.177.73.0/24",
            "15.177.74.0/24",
            "15.177.75.0/24",
            "15.177.76.0/24",
            "15.177.77.0/24",
            "15.177.78.0/24",
            "15.177.79.0/24",
            "15.177.80.0/24",
            "15.177.81.0/24",
            "15.177.82.0/24",
            "15.177.83.0/24",
            "15.177.84.0/24",
            "15.177.85.0/24",
            "15.177.86.0/24",
            "15.177.87.0/24",
            "15.177.88.0/24",
            "15.177.89.0/24",
            "15.177.90.0/24",
            "15.177.91.0/24",
            "15.177.92.0/24",
            "15.177.93.0/24",
            "15.177.94.0/24",
            "15.177.95.0/24",
            "15.177.96.0/24",
            "15.177.97.0/24",
            "15.177.98.0/24",
            "15.177.99.0/24",
            "15.181.0.0/20",
            "15.181.112.0/22",
            "15.181.116.0/22",
            "15.181.120.0/21",
            "15.181.128.0/20",
            "15.181.144.0/20",
            "15.181.16.0/20",
            "15.181.160.0/20",
            "15.181.176.0/20",
            "15.181.192.0/19",
            "15.181.224.0/21",
            "15.181.232.0/21",
            "15.181.240.0/24",
            "15.181.241.0/24",
            "15.181.242.0/24",
            "15.181.243.0/24",
            "15.181.244.0/24",
            "15.181.245.0/24",
            "15.181.246.0/24",
            "15.181.247.0/24",
            "15.181.248.0/24",
            "15.181.249.0/24",
            "15.181.250.0/24",
            "15.181.251.0/24",
            "15.181.252.0/24",
            "15.181.253.0/24",
            "15.181.254.0/24",
            "15.181.32.0/21",
            "15.181.40.0/21",
            "15.181.48.0/20",
            "15.181.64.0/20",
            "15.181.80.0/20",
            "15.181.96.0/20",
            "15.184.0.0/16",
            "15.185.0.0/16",
            "15.188.0.0/16",
            "15.193.0.0/24",
            "15.193.1.0/24",
            "15.193.10.0/24",
            "15.193.11.0/24",
            "15.193.128.0/22",
            "15.193.132.0/22",
            "15.193.136.0/22",
            "15.193.140.0/22",
            "15.193.144.0/22",
            "15.193.148.0/22",
            "15.193.152.0/22",
            "15.193.156.0/22",
            "15.193.160.0/22",
            "15.193.164.0/22",
            "15.193.168.0/22",
            "15.193.172.0/22",
            "15.193.176.0/22",
            "15.193.2.0/24",
            "15.193.3.0/24",
            "15.193.32.0/19",
            "15.193.4.0/24",
            "15.193.5.0/24",
            "15.193.6.0/24",
            "15.193.7.0/24",
            "15.193.8.0/24",
            "15.193.9.0/24",
            "15.200.0.0/16",
            "15.205.0.0/16",
            "15.206.0.0/15",
            "15.216.0.0/16",
            "15.217.0.0/16",
            "15.220.0.0/20",
            "15.220.112.0/21",
            "15.220.120.0/21",
            "15.220.128.0/21",
            "15.220.136.0/21",
            "15.220.144.0/23",
            "15.220.146.0/23",
            "15.220.148.0/22",
            "15.220.152.0/21",
            "15.220.16.0/20",
            "15.220.160.0/21",
            "15.220.168.0/21",
            "15.220.176.0/21",
            "15.220.184.0/21",
            "15.220.192.0/22",
            "15.220.196.0/22",
            "15.220.200.0/23",
            "15.220.202.0/23",
            "15.220.204.0/24",
            "15.220.205.0/24",
            "15.220.206.0/24",
            "15.220.207.0/24",
            "15.220.208.128/26",
            "15.220.216.0/22",
            "15.220.220.0/23",
            "15.220.222.0/23",
            "15.220.224.0/23",
            "15.220.226.0/24",
            "15.220.227.0/24",
            "15.220.228.0/22",
            "15.220.232.0/24",
            "15.220.233.0/24",
            "15.220.234.0/23",
            "15.220.236.0/22",
            "15.220.240.0/21",
            "15.220.248.0/23",
            "15.220.250.0/23",
            "15.220.252.0/22",
            "15.220.32.0/21",
            "15.220.40.0/22",
            "15.220.48.0/21",
            "15.220.56.0/21",
            "15.220.64.0/20",
            "15.220.80.0/20",
            "15.222.0.0/15",
            "15.224.0.0/16",
            "15.228.0.0/15",
            "15.232.0.0/16",
            "15.233.0.0/16",
            "15.236.0.0/15",
            "15.240.0.0/16",
            "15.253.0.0/16",
            "15.254.0.0/16",
            "151.148.32.0/24",
            "151.148.33.0/24",
            "151.148.34.0/24",
            "151.148.35.0/24",
            "151.148.36.0/24",
            "151.148.37.0/24",
            "151.148.38.0/24",
            "151.148.39.0/24",
            "151.148.40.0/24",
            "151.148.41.0/24",
            "155.146.0.0/20",
            "155.146.112.0/20",
            "155.146.128.0/20",
            "155.146.144.0/20",
            "155.146.16.0/20",
            "155.146.160.0/20",
            "155.146.176.0/20",
            "155.146.192.0/20",
            "155.146.208.0/20",
            "155.146.224.0/20",
            "155.146.240.0/20",
            "155.146.32.0/20",
            "155.146.48.0/20",
            "155.146.64.0/20",
            "155.146.80.0/20",
            "155.146.96.0/20",
            "157.175.0.0/16",
            "157.241.0.0/16",
            "158.252.0.0/15",
            "159.248.200.0/21",
            "159.248.216.0/21",
            "159.248.224.0/21",
            "159.248.232.0/21",
            "159.248.240.0/21",
            "16.112.0.0/16",
            "16.113.0.0/16",
            "16.140.0.0/16",
            "16.144.0.0/16",
            "16.145.0.0/16",
            "16.146.0.0/16",
            "16.147.0.0/16",
            "16.148.0.0/16",
            "16.15.0.0/21",
            "16.15.12.0/22",
            "16.15.16.0/22",
            "16.15.176.0/20",
            "16.15.192.0/18",
            "16.15.20.0/22",
            "16.15.24.0/22",
            "16.15.32.0/20",
            "16.15.8.0/22",
            "16.156.0.0/15",
            "16.16.0.0/16",
            "16.162.0.0/15",
            "16.164.0.0/16",
            "16.168.0.0/15",
            "16.170.0.0/15",
            "16.174.0.0/16",
            "16.176.0.0/16",
            "16.18.0.0/16",
            "16.180.0.0/16",
            "16.184.0.0/18",
            "16.19.0.0/16",
            "16.192.0.0/16",
            "16.208.0.0/16",
            "16.209.0.0/16",
            "16.214.0.0/22",
            "16.214.16.0/22",
            "16.214.20.0/22",
            "16.214.24.0/22",
            "16.214.28.0/22",
            "16.214.32.0/22",
            "16.214.36.0/22",
            "16.214.4.0/22",
            "16.214.40.0/22",
            "16.214.44.0/22",
            "16.214.48.0/22",
            "16.214.52.0/22",
            "16.214.56.0/22",
            "16.214.8.0/22",
            "16.22.0.0/16",
            "16.24.0.0/16",
            "16.25.0.0/16",
            "16.26.0.0/16",
            "16.27.0.0/16",
            "16.28.0.0/16",
            "16.50.0.0/15",
            "16.52.0.0/16",
            "16.54.0.0/15",
            "16.56.0.0/18",
            "16.56.128.0/18",
            "16.56.192.0/18",
            "16.56.64.0/18",
            "16.57.0.0/18",
            "16.58.0.0/16",
            "16.59.0.0/16",
            "16.60.0.0/16",
            "16.61.0.0/16",
            "16.62.0.0/15",
            "16.64.0.0/17",
            "16.65.0.0/16",
            "16.71.0.0/18",
            "16.71.64.0/18",
            "16.76.0.0/16",
            "16.78.0.0/16",
            "16.79.0.0/16",
            "160.1.0.0/16",
            "161.178.0.0/18",
            "161.178.128.0/18",
            "161.188.0.0/20",
            "161.188.112.0/22",
            "161.188.116.0/22",
            "161.188.120.0/22",
            "161.188.127.0/24",
            "161.188.16.0/20",
            "161.188.32.0/20",
            "161.188.48.0/20",
            "161.188.64.0/20",
            "161.188.80.0/20",
            "161.189.0.0/16",
            "161.193.0.0/18",
            "161.193.128.0/18",
            "162.213.232.0/24",
            "162.213.233.0/24",
            "162.213.234.0/23",
            "162.222.148.0/22",
            "162.250.236.0/24",
            "162.250.237.0/24",
            "162.250.238.0/23",
            "168.185.4.0/24",
            "168.185.5.0/24",
            "168.185.6.0/24",
            "168.185.7.0/24",
            "173.83.192.0/22",
            "173.83.196.0/23",
            "173.83.198.0/24",
            "173.83.200.0/22",
            "173.83.204.0/23",
            "173.83.206.0/23",
            "173.83.208.0/24",
            "173.83.209.0/24",
            "173.83.210.0/24",
            "173.83.211.0/24",
            "173.83.212.0/24",
            "173.83.213.0/24",
            "173.83.214.0/24",
            "173.83.216.0/24",
            "173.83.217.0/24",
            "173.83.218.0/24",
            "173.83.219.0/24",
            "173.83.220.0/24",
            "173.83.224.0/22",
            "173.83.228.0/22",
            "174.129.0.0/16",
            "175.41.128.0/18",
            "175.41.192.0/18",
            "176.32.64.0/19",
            "176.34.0.0/19",
            "176.34.128.0/17",
            "176.34.32.0/19",
            "176.34.64.0/18",
            "177.71.128.0/17",
            "18.100.0.0/15",
            "18.102.0.0/16",
            "18.116.0.0/14",
            "18.130.0.0/16",
            "18.132.0.0/14",
            "18.136.0.0/16",
            "18.138.0.0/15",
            "18.140.0.0/15",
            "18.142.0.0/15",
            "18.144.0.0/15",
            "18.153.0.0/16",
            "18.156.0.0/14",
            "18.162.0.0/16",
            "18.163.0.0/16",
            "18.166.0.0/15",
            "18.168.0.0/14",
            "18.175.0.0/16",
            "18.176.0.0/15",
            "18.178.0.0/16",
            "18.179.0.0/16",
            "18.180.0.0/15",
            "18.182.0.0/16",
            "18.183.0.0/16",
            "18.184.0.0/15",
            "18.188.0.0/16",
            "18.189.0.0/16",
            "18.190.0.0/16",
            "18.191.0.0/16",
            "18.192.0.0/15",
            "18.194.0.0/15",
            "18.196.0.0/15",
            "18.198.0.0/15",
            "18.200.0.0/16",
            "18.201.0.0/16",
            "18.202.0.0/15",
            "18.204.0.0/14",
            "18.208.0.0/13",
            "18.216.0.0/14",
            "18.220.0.0/14",
            "18.224.0.0/14",
            "18.228.0.0/16",
            "18.229.0.0/16",
            "18.230.0.0/16",
            "18.231.0.0/16",
            "18.232.0.0/14",
            "18.236.0.0/15",
            "18.246.0.0/16",
            "18.252.0.0/16",
            "18.253.0.0/16",
            "18.254.0.0/16",
            "18.34.0.0/19",
            "18.34.232.0/21",
            "18.34.244.0/22",
            "18.34.252.0/22",
            "18.34.48.0/20",
            "18.34.72.0/21",
            "18.60.0.0/15",
            "18.88.0.0/18",
            "18.88.128.0/18",
            "18.88.64.0/18",
            "18.89.0.0/18",
            "18.89.128.0/18",
            "18.96.0.0/24",
            "18.96.1.0/24",
            "18.96.128.0/19",
            "18.96.16.0/20",
            "18.96.160.0/19",
            "18.96.192.0/19",
            "18.96.2.0/24",
            "18.96.224.0/19",
            "18.96.3.0/24",
            "18.96.32.0/19",
            "18.96.4.0/22",
            "18.96.64.0/19",
            "18.96.8.0/21",
            "18.96.96.0/19",
            "18.97.0.0/18",
            "18.97.112.0/20",
            "18.97.128.0/18",
            "18.97.192.0/18",
            "18.97.64.0/20",
            "18.97.80.0/20",
            "18.97.96.0/20",
            "18.98.0.0/18",
            "18.98.128.0/19",
            "18.98.160.0/19",
            "18.98.192.0/19",
            "18.98.224.0/19",
            "18.98.64.0/19",
            "18.98.96.0/19",
            "18.99.0.0/19",
            "18.99.112.0/20",
            "18.99.128.0/20",
            "18.99.144.0/20",
            "18.99.160.0/20",
            "18.99.176.0/20",
            "18.99.192.0/20",
            "18.99.208.0/20",
            "18.99.224.0/20",
            "18.99.240.0/20",
            "18.99.32.0/19",
            "18.99.64.0/19",
            "18.99.96.0/20",
            "182.24.0.0/14",
            "182.30.0.0/16",
            "184.169.128.0/17",
            "184.32.0.0/14",
            "184.36.0.0/14",
            "184.72.0.0/18",
            "184.72.128.0/17",
            "184.72.64.0/18",
            "184.73.0.0/16",
            "185.48.120.0/22",
            "192.157.36.0/24",
            "192.189.197.0/24",
            "192.31.212.0/24",
            "192.31.213.0/24",
            "192.43.175.0/24",
            "192.43.184.0/24",
            "195.17.0.0/24",
            "198.41.100.0/24",
            "198.41.101.0/24",
            "198.41.102.0/24",
            "198.41.103.0/24",
            "198.41.104.0/24",
            "198.41.105.0/24",
            "198.41.106.0/24",
            "198.41.107.0/24",
            "198.41.96.0/24",
            "198.41.97.0/24",
            "198.41.98.0/24",
            "198.41.99.0/24",
            "198.99.2.0/24",
            "202.174.132.0/22",
            "204.236.128.0/18",
            "204.236.192.0/18",
            "204.87.185.0/24",
            "206.72.209.0/24",
            "208.110.48.0/20",
            "208.78.128.0/23",
            "208.78.130.0/23",
            "208.78.132.0/23",
            "208.78.134.0/24",
            "208.78.135.0/24",
            "208.86.88.0/23",
            "208.86.90.0/23",
            "216.182.224.0/21",
            "216.182.232.0/22",
            "216.182.236.0/23",
            "216.182.238.0/23",
            "216.198.192.0/24",
            "216.198.193.0/24",
            "216.198.194.0/24",
            "216.198.196.0/22",
            "216.198.200.0/21",
            "216.198.208.0/22",
            "216.198.212.0/23",
            "216.198.214.0/24",
            "216.198.215.0/24",
            "216.198.216.0/21",
            "216.198.224.0/22",
            "216.198.228.0/23",
            "216.198.230.0/24",
            "216.198.231.0/24",
            "216.198.232.0/24",
            "216.198.233.0/24",
            "216.198.234.0/24",
            "216.198.235.0/24",
            "216.198.236.0/24",
            "216.198.237.0/24",
            "216.198.238.0/23",
            "216.198.240.0/22",
            "216.198.244.0/22",
            "216.198.248.0/23",
            "216.198.250.0/23",
            "216.198.252.0/22",
            "216.244.0.0/24",
            "216.244.1.0/24",
            "216.244.10.0/24",
            "216.244.11.0/24",
            "216.244.12.0/23",
            "216.244.14.0/23",
            "216.244.16.0/21",
            "216.244.2.0/24",
            "216.244.24.0/21",
            "216.244.3.0/24",
            "216.244.32.0/22",
            "216.244.36.0/23",
            "216.244.38.0/23",
            "216.244.4.0/24",
            "216.244.40.0/21",
            "216.244.48.0/20",
            "216.244.5.0/24",
            "216.244.6.0/24",
            "216.244.7.0/24",
            "216.244.8.0/24",
            "216.244.9.0/24",
            "216.39.136.0/21",
            "216.39.152.0/21",
            "216.39.160.0/21",
            "216.39.168.0/21",
            "23.20.0.0/14",
            "23.228.196.0/24",
            "23.228.197.0/24",
            "23.228.198.0/24",
            "23.228.219.0/24",
            "23.228.228.0/22",
            "23.254.0.0/21",
            "23.254.120.0/21",
            "23.254.16.0/21",
            "23.254.24.0/23",
            "23.254.8.0/21",
            "24.110.16.0/20",
            "24.110.8.0/23",
            "3.0.0.0/15",
            "3.101.0.0/16",
            "3.102.0.0/15",
            "3.104.0.0/14",
            "3.108.0.0/14",
            "3.112.0.0/14",
            "3.12.0.0/16",
            "3.120.0.0/14",
            "3.124.0.0/14",
            "3.128.0.0/15",
            "3.13.0.0/16",
            "3.130.0.0/16",
            "3.131.0.0/16",
            "3.132.0.0/14",
            "3.136.0.0/13",
            "3.14.0.0/15",
            "3.144.0.0/13",
            "3.16.0.0/14",
            "3.2.0.0/24",
            "3.2.100.0/24",
            "3.2.101.0/24",
            "3.2.102.0/24",
            "3.2.2.0/24",
            "3.2.3.0/24",
            "3.2.64.0/24",
            "3.2.65.0/24",
            "3.2.66.0/24",
            "3.2.67.0/24",
            "3.2.68.0/24",
            "3.2.69.0/24",
            "3.2.70.0/24",
            "3.2.71.0/24",
            "3.2.72.0/24",
            "3.2.73.0/24",
            "3.2.74.0/24",
            "3.2.75.0/24",
            "3.2.76.0/24",
            "3.2.77.0/24",
            "3.2.78.0/24",
            "3.2.79.0/24",
            "3.2.80.0/24",
            "3.2.81.0/24",
            "3.2.82.0/24",
            "3.2.83.0/24",
            "3.2.84.0/24",
            "3.2.85.0/24",
            "3.2.86.0/24",
            "3.2.87.0/24",
            "3.2.88.0/24",
            "3.2.89.0/24",
            "3.2.90.0/24",
            "3.2.91.0/24",
            "3.2.92.0/24",
            "3.2.93.0/24",
            "3.2.94.0/24",
            "3.2.95.0/24",
            "3.2.96.0/24",
            "3.2.97.0/24",
            "3.2.98.0/24",
            "3.2.99.0/24",
            "3.20.0.0/14",
            "3.208.0.0/12",
            "3.224.0.0/12",
            "3.24.0.0/14",
            "3.248.0.0/13",
            "3.28.0.0/15",
            "3.3.2.0/24",
            "3.3.32.0/23",
            "3.3.5.0/24",
            "3.30.0.0/15",
            "3.32.0.0/16",
            "3.34.0.0/15",
            "3.36.0.0/14",
            "3.4.0.0/24",
            "3.4.1.0/24",
            "3.4.10.0/24",
            "3.4.16.0/21",
            "3.4.2.0/24",
            "3.4.24.0/21",
            "3.4.3.0/24",
            "3.4.4.0/24",
            "3.4.6.0/24",
            "3.4.8.0/24",
            "3.4.9.0/24",
            "3.40.0.0/17",
            "3.40.128.0/17",
            "3.41.0.0/17",
            "3.41.128.0/17",
            "3.42.0.0/17",
            "3.42.128.0/17",
            "3.43.0.0/18",
            "3.43.128.0/18",
            "3.43.192.0/18",
            "3.43.64.0/18",
            "3.44.0.0/18",
            "3.44.128.0/18",
            "3.44.192.0/18",
            "3.44.64.0/18",
            "3.45.0.0/18",
            "3.45.64.0/18",
            "3.5.0.0/19",
            "3.5.120.0/22",
            "3.5.126.0/23",
            "3.5.128.0/22",
            "3.5.132.0/23",
            "3.5.134.0/23",
            "3.5.136.0/22",
            "3.5.140.0/22",
            "3.5.144.0/23",
            "3.5.146.0/23",
            "3.5.148.0/22",
            "3.5.152.0/21",
            "3.5.160.0/22",
            "3.5.164.0/22",
            "3.5.168.0/23",
            "3.5.172.0/22",
            "3.5.180.0/22",
            "3.5.184.0/21",
            "3.5.192.0/22",
            "3.5.196.0/22",
            "3.5.202.0/23",
            "3.5.204.0/22",
            "3.5.208.0/22",
            "3.5.212.0/23",
            "3.5.214.0/23",
            "3.5.216.0/22",
            "3.5.220.0/22",
            "3.5.224.0/22",
            "3.5.228.0/22",
            "3.5.232.0/22",
            "3.5.236.0/22",
            "3.5.240.0/22",
            "3.5.244.0/22",
            "3.5.248.0/22",
            "3.5.252.0/22",
            "3.5.32.0/22",
            "3.5.36.0/22",
            "3.5.40.0/22",
            "3.5.44.0/22",
            "3.5.48.0/22",
            "3.5.52.0/22",
            "3.5.56.0/22",
            "3.5.60.0/22",
            "3.5.64.0/21",
            "3.5.72.0/23",
            "3.5.74.0/23",
            "3.5.76.0/22",
            "3.5.80.0/21",
            "3.5.88.0/22",
            "3.5.92.0/23",
            "3.6.0.0/15",
            "3.64.0.0/12",
            "3.8.0.0/14",
            "3.80.0.0/12",
            "3.96.0.0/15",
            "3.98.0.0/15",
            "31.220.220.0/22",
            "31.220.236.0/24",
            "31.220.247.0/24",
            "31.220.252.0/24",
            "32.192.0.0/13",
            "32.236.0.0/15",
            "34.192.0.0/12",
            "34.208.0.0/12",
            "34.224.0.0/12",
            "34.240.0.0/13",
            "34.248.0.0/13",
            "35.111.128.0/22",
            "35.111.132.0/22",
            "35.111.136.0/22",
            "35.111.252.0/24",
            "35.111.253.0/24",
            "35.111.254.0/24",
            "35.111.255.0/24",
            "35.152.0.0/16",
            "35.153.0.0/16",
            "35.154.0.0/16",
            "35.155.0.0/16",
            "35.156.0.0/14",
            "35.160.0.0/13",
            "35.168.0.0/13",
            "35.176.0.0/15",
            "35.178.0.0/15",
            "35.180.0.0/16",
            "35.181.0.0/16",
            "35.182.0.0/15",
            "35.42.0.0/16",
            "35.44.0.0/15",
            "35.50.128.0/24",
            "35.50.129.0/24",
            "35.50.130.0/24",
            "35.50.131.0/24",
            "35.50.132.0/24",
            "35.50.133.0/24",
            "35.50.134.0/24",
            "35.50.135.0/24",
            "35.50.137.0/24",
            "35.50.139.0/24",
            "35.50.141.0/24",
            "35.50.142.0/24",
            "35.50.143.0/24",
            "35.50.144.0/24",
            "35.50.176.0/24",
            "35.50.177.0/24",
            "35.50.178.0/24",
            "35.50.192.0/24",
            "35.50.193.0/24",
            "35.50.194.0/24",
            "35.50.195.0/24",
            "35.50.196.0/24",
            "35.50.197.0/24",
            "35.50.208.0/24",
            "35.50.209.0/24",
            "35.50.210.0/24",
            "35.50.211.0/24",
            "35.50.212.0/24",
            "35.50.213.0/24",
            "35.50.214.0/24",
            "35.50.224.0/24",
            "35.50.226.0/24",
            "35.50.227.0/24",
            "35.50.228.0/24",
            "35.50.229.0/24",
            "35.50.230.0/24",
            "35.50.231.0/24",
            "35.50.232.0/24",
            "35.50.233.0/24",
            "35.50.234.0/24",
            "35.50.235.0/24",
            "35.50.236.0/24",
            "35.50.237.0/24",
            "35.50.238.0/24",
            "35.50.239.0/24",
            "35.54.32.0/21",
            "35.54.40.0/22",
            "35.54.44.0/23",
            "35.54.46.0/23",
            "35.54.48.0/23",
            "35.54.50.0/24",
            "35.54.51.0/24",
            "35.54.52.0/24",
            "35.54.53.0/24",
            "35.54.54.0/24",
            "35.54.55.0/24",
            "35.54.56.0/24",
            "35.54.57.0/24",
            "35.54.58.0/24",
            "35.54.59.0/24",
            "35.54.60.0/24",
            "35.54.61.0/24",
            "35.54.62.0/24",
            "35.55.1.0/24",
            "35.55.10.0/24",
            "35.55.11.0/24",
            "35.55.12.0/24",
            "35.55.126.0/24",
            "35.55.127.0/24",
            "35.55.13.0/24",
            "35.55.14.0/24",
            "35.55.15.0/24",
            "35.55.16.0/24",
            "35.55.17.0/24",
            "35.55.18.0/24",
            "35.55.19.0/24",
            "35.55.2.0/24",
            "35.55.20.0/24",
            "35.55.21.0/24",
            "35.55.22.0/24",
            "35.55.23.0/24",
            "35.55.24.0/24",
            "35.55.25.0/24",
            "35.55.26.0/24",
            "35.55.27.0/24",
            "35.55.29.0/24",
            "35.55.3.0/24",
            "35.55.30.0/24",
            "35.55.32.0/24",
            "35.55.33.0/24",
            "35.55.34.0/24",
            "35.55.35.0/24",
            "35.55.36.0/24",
            "35.55.37.0/24",
            "35.55.38.0/24",
            "35.55.39.0/24",
            "35.55.4.0/24",
            "35.55.40.0/24",
            "35.55.41.0/24",
            "35.55.42.0/24",
            "35.55.5.0/24",
            "35.55.6.0/24",
            "35.55.7.0/24",
            "35.55.8.0/24",
            "35.55.9.0/24",
            "35.71.100.0/24",
            "35.71.101.0/24",
            "35.71.102.0/24",
            "35.71.103.0/24",
            "35.71.104.0/24",
            "35.71.105.0/24",
            "35.71.106.0/24",
            "35.71.107.0/24",
            "35.71.108.0/24",
            "35.71.109.0/24",
            "35.71.110.0/24",
            "35.71.111.0/24",
            "35.71.112.0/24",
            "35.71.113.0/24",
            "35.71.114.0/24",
            "35.71.115.0/24",
            "35.71.116.0/24",
            "35.71.117.0/24",
            "35.71.118.0/24",
            "35.71.119.0/24",
            "35.71.120.0/24",
            "35.71.121.0/24",
            "35.71.122.0/24",
            "35.71.123.0/24",
            "35.71.124.0/24",
            "35.71.125.0/24",
            "35.71.126.0/24",
            "35.71.127.0/24",
            "35.71.64.0/22",
            "35.71.68.0/22",
            "35.71.72.0/22",
            "35.71.76.0/22",
            "35.71.93.0/24",
            "35.71.94.0/24",
            "35.71.96.0/24",
            "35.71.97.0/24",
            "35.71.98.0/24",
            "35.71.99.0/24",
            "35.72.0.0/13",
            "35.80.0.0/12",
            "35.96.0.0/24",
            "35.96.1.0/24",
            "35.96.10.0/24",
            "35.96.11.0/24",
            "35.96.112.0/20",
            "35.96.12.0/24",
            "35.96.128.0/20",
            "35.96.14.0/24",
            "35.96.144.0/20",
            "35.96.15.0/24",
            "35.96.16.0/23",
            "35.96.2.0/24",
            "35.96.22.0/23",
            "35.96.24.0/23",
            "35.96.240.0/24",
            "35.96.241.0/24",
            "35.96.242.0/24",
            "35.96.243.0/24",
            "35.96.244.0/24",
            "35.96.245.0/24",
            "35.96.246.0/24",
            "35.96.248.0/24",
            "35.96.249.0/24",
            "35.96.250.0/24",
            "35.96.251.0/24",
            "35.96.252.0/24",
            "35.96.253.0/24",
            "35.96.254.0/24",
            "35.96.255.0/24",
            "35.96.26.0/23",
            "35.96.28.0/23",
            "35.96.3.0/24",
            "35.96.32.0/24",
            "35.96.33.0/24",
            "35.96.34.0/24",
            "35.96.35.0/24",
            "35.96.36.0/24",
            "35.96.37.0/24",
            "35.96.38.0/24",
            "35.96.39.0/24",
            "35.96.4.0/24",
            "35.96.40.0/24",
            "35.96.41.0/24",
            "35.96.42.0/24",
            "35.96.43.0/24",
            "35.96.44.0/24",
            "35.96.45.0/24",
            "35.96.46.0/24",
            "35.96.47.0/24",
            "35.96.48.0/21",
            "35.96.5.0/24",
            "35.96.56.0/24",
            "35.96.58.0/23",
            "35.96.6.0/24",
            "35.96.60.0/23",
            "35.96.64.0/20",
            "35.96.7.0/24",
            "35.96.8.0/24",
            "35.96.80.0/20",
            "35.96.9.0/24",
            "35.96.96.0/20",
            "35.97.0.0/20",
            "35.97.16.0/20",
            "37.203.157.0/24",
            "40.138.216.0/22",
            "40.168.224.0/24",
            "40.168.225.0/24",
            "40.168.226.0/24",
            "40.168.227.0/24",
            "40.168.228.0/24",
            "40.168.229.0/24",
            "40.168.230.0/24",
            "40.168.231.0/24",
            "40.172.0.0/16",
            "40.176.0.0/15",
            "40.192.0.0/17",
            "40.235.192.0/18",
            "40.235.64.0/18",
            "40.38.0.0/16",
            "43.192.0.0/16",
            "43.193.0.0/18",
            "43.193.64.0/24",
            "43.193.65.0/24",
            "43.194.0.0/20",
            "43.194.16.0/24",
            "43.195.0.0/20",
            "43.196.0.0/16",
            "43.198.0.0/15",
            "43.200.0.0/14",
            "43.204.0.0/15",
            "43.206.0.0/15",
            "43.208.0.0/15",
            "43.210.0.0/15",
            "43.212.0.0/15",
            "43.216.0.0/15",
            "43.218.0.0/16",
            "43.220.0.0/16",
            "43.226.27.0/24",
            "44.192.0.0/11",
            "44.224.0.0/11",
            "45.57.128.0/18",
            "46.137.0.0/17",
            "46.137.128.0/18",
            "46.137.192.0/19",
            "46.137.224.0/19",
            "46.51.128.0/18",
            "46.51.192.0/20",
            "46.51.208.0/22",
            "46.51.216.0/21",
            "46.51.224.0/19",
            "47.128.0.0/14",
            "5.174.0.0/16",
            "5.179.96.0/20",
            "5.60.0.0/20",
            "5.60.128.0/17",
            "5.60.32.0/20",
            "5.60.64.0/19",
            "5.60.96.0/19",
            "50.112.0.0/16",
            "50.16.0.0/15",
            "50.18.0.0/16",
            "50.19.0.0/16",
            "51.0.104.0/21",
            "51.0.112.0/21",
            "51.0.128.0/21",
            "51.0.136.0/23",
            "51.0.138.0/23",
            "51.0.140.0/23",
            "51.0.142.0/23",
            "51.0.251.0/24",
            "51.0.252.0/24",
            "51.0.29.128/28",
            "51.0.31.0/24",
            "51.0.80.0/21",
            "51.0.88.0/21",
            "51.0.96.0/21",
            "51.102.0.0/16",
            "51.112.0.0/16",
            "51.118.0.0/16",
            "51.16.0.0/15",
            "51.168.0.0/15",
            "51.20.0.0/16",
            "51.21.0.0/16",
            "51.224.0.0/15",
            "51.24.0.0/16",
            "51.34.0.0/16",
            "51.44.0.0/16",
            "51.45.0.0/16",
            "51.48.0.0/15",
            "51.72.0.0/15",
            "51.74.0.0/20",
            "51.74.16.0/24",
            "51.74.17.0/24",
            "51.84.0.0/16",
            "51.85.0.0/16",
            "51.92.0.0/16",
            "51.94.0.0/15",
            "51.96.0.0/16",
            "52.0.0.0/15",
            "52.10.0.0/15",
            "52.119.205.0/24",
            "52.12.0.0/15",
            "52.129.224.0/22",
            "52.14.0.0/16",
            "52.15.0.0/16",
            "52.16.0.0/15",
            "52.18.0.0/15",
            "52.192.0.0/15",
            "52.194.0.0/15",
            "52.196.0.0/14",
            "52.2.0.0/15",
            "52.20.0.0/14",
            "52.200.0.0/13",
            "52.208.0.0/13",
            "52.220.0.0/15",
            "52.222.0.0/17",
            "52.24.0.0/14",
            "52.28.0.0/16",
            "52.29.0.0/16",
            "52.30.0.0/15",
            "52.32.0.0/14",
            "52.36.0.0/14",
            "52.4.0.0/14",
            "52.40.0.0/14",
            "52.44.0.0/15",
            "52.46.180.0/22",
            "52.46.184.0/22",
            "52.47.0.0/16",
            "52.48.0.0/14",
            "52.52.0.0/15",
            "52.54.0.0/15",
            "52.56.0.0/16",
            "52.57.0.0/16",
            "52.58.0.0/15",
            "52.60.0.0/16",
            "52.61.0.0/16",
            "52.62.0.0/15",
            "52.64.0.0/17",
            "52.64.128.0/17",
            "52.65.0.0/16",
            "52.66.0.0/16",
            "52.67.0.0/16",
            "52.68.0.0/15",
            "52.70.0.0/15",
            "52.72.0.0/15",
            "52.74.0.0/16",
            "52.75.0.0/16",
            "52.76.0.0/17",
            "52.76.128.0/17",
            "52.77.0.0/16",
            "52.78.0.0/16",
            "52.79.0.0/16",
            "52.8.0.0/16",
            "52.80.0.0/16",
            "52.81.0.0/16",
            "52.82.0.0/17",
            "52.82.164.0/22",
            "52.82.168.0/24",
            "52.82.169.0/28",
            "52.82.170.0/24",
            "52.82.176.0/22",
            "52.82.180.0/22",
            "52.82.184.0/23",
            "52.83.0.0/16",
            "52.86.0.0/15",
            "52.88.0.0/15",
            "52.9.0.0/16",
            "52.90.0.0/15",
            "52.94.116.0/22",
            "52.94.144.0/23",
            "52.94.146.0/24",
            "52.94.201.0/26",
            "52.94.248.0/28",
            "52.94.248.112/28",
            "52.94.248.128/28",
            "52.94.248.144/28",
            "52.94.248.16/28",
            "52.94.248.160/28",
            "52.94.248.176/28",
            "52.94.248.192/28",
            "52.94.248.208/28",
            "52.94.248.224/28",
            "52.94.248.32/28",
            "52.94.248.48/28",
            "52.94.248.64/28",
            "52.94.248.80/28",
            "52.94.248.96/28",
            "52.94.249.112/28",
            "52.94.249.128/28",
            "52.94.249.144/28",
            "52.94.249.160/28",
            "52.94.249.176/28",
            "52.94.249.192/28",
            "52.94.249.208/28",
            "52.94.249.224/28",
            "52.94.249.240/28",
            "52.94.249.32/28",
            "52.94.249.48/28",
            "52.94.249.64/28",
            "52.94.249.80/28",
            "52.94.249.96/28",
            "52.94.250.0/28",
            "52.94.250.112/28",
            "52.94.250.128/28",
            "52.94.250.144/28",
            "52.94.250.16/28",
            "52.94.250.160/28",
            "52.94.250.176/28",
            "52.94.250.32/28",
            "52.94.250.48/28",
            "52.94.250.80/28",
            "52.94.250.96/28",
            "52.95.224.0/24",
            "52.95.225.0/24",
            "52.95.226.0/24",
            "52.95.227.0/24",
            "52.95.228.0/24",
            "52.95.229.0/24",
            "52.95.230.0/24",
            "52.95.235.0/24",
            "52.95.239.0/24",
            "52.95.240.0/24",
            "52.95.241.0/24",
            "52.95.242.0/24",
            "52.95.243.0/24",
            "52.95.244.0/24",
            "52.95.245.0/24",
            "52.95.246.0/24",
            "52.95.247.0/24",
            "52.95.248.0/24",
            "52.95.249.0/24",
            "52.95.250.0/24",
            "52.95.251.0/24",
            "52.95.252.0/24",
            "52.95.253.0/24",
            "52.95.254.0/24",
            "52.95.255.0/28",
            "52.95.255.112/28",
            "52.95.255.128/28",
            "52.95.255.16/28",
            "52.95.255.32/28",
            "52.95.255.48/28",
            "52.95.255.64/28",
            "52.95.255.80/28",
            "52.95.255.96/28",
            "54.112.0.0/18",
            "54.116.0.0/15",
            "54.144.0.0/14",
            "54.148.0.0/15",
            "54.150.0.0/16",
            "54.151.0.0/17",
            "54.151.128.0/17",
            "54.152.0.0/16",
            "54.153.0.0/17",
            "54.153.128.0/17",
            "54.154.0.0/16",
            "54.155.0.0/16",
            "54.156.0.0/14",
            "54.160.0.0/13",
            "54.168.0.0/16",
            "54.169.0.0/16",
            "54.170.0.0/15",
            "54.172.0.0/15",
            "54.174.0.0/15",
            "54.176.0.0/15",
            "54.178.0.0/16",
            "54.179.0.0/16",
            "54.180.0.0/15",
            "54.183.0.0/16",
            "54.184.0.0/13",
            "54.193.0.0/16",
            "54.194.0.0/15",
            "54.196.0.0/15",
            "54.198.0.0/16",
            "54.199.0.0/16",
            "54.20.0.0/15",
            "54.200.0.0/15",
            "54.202.0.0/15",
            "54.204.0.0/15",
            "54.206.0.0/16",
            "54.207.0.0/16",
            "54.208.0.0/15",
            "54.210.0.0/15",
            "54.212.0.0/15",
            "54.214.0.0/16",
            "54.215.0.0/16",
            "54.216.0.0/15",
            "54.218.0.0/16",
            "54.219.0.0/16",
            "54.220.0.0/16",
            "54.221.0.0/16",
            "54.222.100.0/22",
            "54.222.128.0/17",
            "54.222.32.0/22",
            "54.222.36.0/22",
            "54.222.52.0/22",
            "54.222.58.32/28",
            "54.222.64.0/24",
            "54.222.65.0/24",
            "54.222.88.0/24",
            "54.222.89.0/24",
            "54.223.0.0/16",
            "54.224.0.0/15",
            "54.226.0.0/15",
            "54.228.0.0/16",
            "54.229.0.0/16",
            "54.232.0.0/16",
            "54.233.0.0/18",
            "54.233.128.0/17",
            "54.233.64.0/18",
            "54.234.0.0/15",
            "54.236.0.0/15",
            "54.238.0.0/16",
            "54.239.103.128/26",
            "54.241.0.0/16",
            "54.242.0.0/15",
            "54.244.0.0/16",
            "54.245.0.0/16",
            "54.246.0.0/16",
            "54.247.0.0/16",
            "54.248.0.0/15",
            "54.25.14.0/24",
            "54.25.15.0/24",
            "54.25.20.0/24",
            "54.25.32.0/19",
            "54.25.82.0/24",
            "54.250.0.0/16",
            "54.251.0.0/16",
            "54.252.0.0/16",
            "54.253.0.0/16",
            "54.254.0.0/16",
            "54.255.0.0/16",
            "54.26.166.0/24",
            "54.46.0.0/17",
            "54.54.0.0/16",
            "54.55.0.0/16",
            "54.64.0.0/15",
            "54.66.0.0/16",
            "54.67.0.0/16",
            "54.68.0.0/14",
            "54.72.0.0/15",
            "54.74.0.0/15",
            "54.76.0.0/15",
            "54.78.0.0/16",
            "54.79.0.0/16",
            "54.80.0.0/13",
            "54.88.0.0/14",
            "54.92.0.0/17",
            "54.92.128.0/17",
            "54.93.0.0/16",
            "54.94.0.0/16",
            "54.95.0.0/16",
            "56.10.0.0/16",
            "56.11.0.0/16",
            "56.112.0.0/16",
            "56.124.0.0/17",
            "56.125.0.0/16",
            "56.126.0.0/16",
            "56.127.0.0/16",
            "56.136.0.0/16",
            "56.137.0.0/16",
            "56.155.0.0/17",
            "56.155.128.0/17",
            "56.228.0.0/16",
            "56.68.0.0/17",
            "56.69.0.0/16",
            "56.70.0.0/16",
            "57.180.0.0/14",
            "63.176.0.0/14",
            "63.180.0.0/14",
            "63.184.0.0/13",
            "63.246.112.0/24",
            "63.246.113.0/24",
            "63.246.119.0/24",
            "63.32.0.0/14",
            "64.187.128.0/20",
            "64.252.100.0/24",
            "64.252.101.0/24",
            "64.252.102.0/24",
            "64.252.103.0/24",
            "64.252.104.0/24",
            "64.252.105.0/24",
            "64.252.106.0/24",
            "64.252.107.0/24",
            "64.252.108.0/24",
            "64.252.109.0/24",
            "64.252.110.0/24",
            "64.252.111.0/24",
            "64.252.112.0/24",
            "64.252.113.0/24",
            "64.252.114.0/24",
            "64.252.115.0/24",
            "64.252.116.0/24",
            "64.252.117.0/24",
            "64.252.118.0/24",
            "64.252.119.0/24",
            "64.252.120.0/24",
            "64.252.121.0/24",
            "64.252.122.0/24",
            "64.252.123.0/24",
            "64.252.124.0/24",
            "64.252.125.0/24",
            "64.252.126.0/24",
            "64.252.64.0/24",
            "64.252.65.0/24",
            "64.252.66.0/24",
            "64.252.67.0/24",
            "64.252.68.0/24",
            "64.252.69.0/24",
            "64.252.70.0/24",
            "64.252.71.0/24",
            "64.252.72.0/24",
            "64.252.73.0/24",
            "64.252.74.0/24",
            "64.252.75.0/24",
            "64.252.76.0/24",
            "64.252.77.0/24",
            "64.252.78.0/24",
            "64.252.79.0/24",
            "64.252.80.0/24",
            "64.252.81.0/24",
            "64.252.82.0/24",
            "64.252.83.0/24",
            "64.252.84.0/24",
            "64.252.85.0/24",
            "64.252.86.0/24",
            "64.252.87.0/24",
            "64.252.88.0/24",
            "64.252.89.0/24",
            "64.252.97.0/24",
            "64.252.98.0/24",
            "64.252.99.0/24",
            "64.73.192.0/24",
            "64.73.193.0/24",
            "64.73.194.0/24",
            "64.73.195.0/24",
            "64.73.196.0/24",
            "64.73.197.0/24",
            "64.73.198.0/24",
            "64.73.199.0/24",
            "64.73.200.0/24",
            "64.73.201.0/24",
            "64.73.202.0/24",
            "64.73.203.0/24",
            "64.73.204.0/24",
            "64.73.205.0/24",
            "64.73.206.0/24",
            "64.73.207.0/24",
            "64.73.208.0/24",
            "64.73.209.0/24",
            "64.73.213.0/24",
            "65.0.0.0/14",
            "66.7.0.0/21",
            "67.202.0.0/18",
            "68.66.112.0/20",
            "68.79.0.0/18",
            "69.230.192.0/18",
            "69.231.128.0/18",
            "69.234.192.0/18",
            "69.235.128.0/18",
            "70.224.192.0/18",
            "70.232.124.0/22",
            "70.232.86.124/32",
            "70.232.86.125/32",
            "70.232.86.126/32",
            "70.232.92.0/22",
            "71.131.192.0/18",
            "71.132.0.0/18",
            "71.136.64.0/18",
            "71.137.0.0/18",
            "72.41.0.0/20",
            "72.44.32.0/19",
            "75.101.128.0/17",
            "75.2.128.0/18",
            "75.22.192.0/18",
            "75.3.0.0/18",
            "75.3.128.0/18",
            "75.45.128.0/18",
            "75.47.0.0/18",
            "78.12.0.0/15",
            "78.14.0.0/15",
            "79.125.0.0/17",
            "83.118.240.0/22",
            "83.119.128.0/18",
            "83.119.64.0/18",
            "83.160.0.0/15",
            "95.40.0.0/15",
            "96.0.0.0/21",
            "96.0.100.0/23",
            "96.0.102.0/23",
            "96.0.104.0/22",
            "96.0.108.0/24",
            "96.0.110.0/23",
            "96.0.112.0/21",
            "96.0.12.0/22",
            "96.0.120.0/21",
            "96.0.128.0/23",
            "96.0.130.0/24",
            "96.0.131.0/24",
            "96.0.132.0/22",
            "96.0.136.0/21",
            "96.0.144.0/21",
            "96.0.152.0/21",
            "96.0.16.0/21",
            "96.0.160.0/20",
            "96.0.176.0/22",
            "96.0.180.0/22",
            "96.0.184.0/22",
            "96.0.24.0/21",
            "96.0.32.0/22",
            "96.0.36.0/22",
            "96.0.40.0/21",
            "96.0.48.0/21",
            "96.0.56.0/22",
            "96.0.60.0/22",
            "96.0.64.0/21",
            "96.0.72.0/21",
            "96.0.8.0/22",
            "96.0.80.0/22",
            "96.0.84.0/22",
            "96.0.88.0/22",
            "96.0.92.0/23",
            "96.0.94.0/23",
            "96.0.96.0/22",
            "96.127.0.0/17",
            "98.130.0.0/16",
            "98.80.0.0/13",
            "98.88.0.0/13",
            "99.10.0.0/18",
            "99.150.0.0/21",
            "99.150.104.0/21",
            "99.150.112.0/21",
            "99.150.120.0/21",
            "99.150.16.0/21",
            "99.150.24.0/21",
            "99.150.32.0/21",
            "99.150.40.0/21",
            "99.150.48.0/21",
            "99.150.56.0/21",
            "99.150.64.0/21",
            "99.150.72.0/21",
            "99.150.8.0/21",
            "99.150.80.0/21",
            "99.150.88.0/21",
            "99.150.96.0/21",
            "99.151.104.0/21",
            "99.151.112.0/21",
            "99.151.120.0/21",
            "99.151.128.0/21",
            "99.151.136.0/21",
            "99.151.144.0/21",
            "99.151.152.0/21",
            "99.151.160.0/21",
            "99.151.168.0/21",
            "99.151.184.0/23",
            "99.151.186.0/23",
            "99.151.188.0/23",
            "99.151.190.0/23",
            "99.151.64.0/21",
            "99.151.72.0/21",
            "99.151.80.0/21",
            "99.151.88.0/21",
            "99.151.96.0/21",
            "99.77.128.0/24",
            "99.77.129.0/24",
            "99.77.130.0/24",
            "99.77.131.0/24",
            "99.77.132.0/24",
            "99.77.133.0/24",
            "99.77.134.0/24",
            "99.77.135.0/24",
            "99.77.136.0/24",
            "99.77.137.0/24",
            "99.77.138.0/24",
            "99.77.139.0/24",
            "99.77.140.0/24",
            "99.77.141.0/24",
            "99.77.142.0/24",
            "99.77.143.0/24",
            "99.77.144.0/24",
            "99.77.145.0/24",
            "99.77.147.0/24",
            "99.77.148.0/24",
            "99.77.149.0/24",
            "99.77.150.0/24",
            "99.77.151.0/24",
            "99.77.152.0/24",
            "99.77.153.0/24",
            "99.77.154.0/24",
            "99.77.155.0/24",
            "99.77.156.0/24",
            "99.77.157.0/24",
            "99.77.158.0/24",
            "99.77.159.0/24",
            "99.77.160.0/24",
            "99.77.161.0/24",
            "99.77.162.0/24",
            "99.77.163.0/24",
            "99.77.183.0/24",
            "99.77.184.0/24",
            "99.77.186.0/24",
            "99.77.187.0/24",
            "99.77.191.0/24",
            "99.77.232.0/24",
            "99.77.233.0/24",
            "99.77.234.0/24",
            "99.77.235.0/24",
            "99.77.236.0/24",
            "99.77.237.0/24",
            "99.77.238.0/24",
            "99.77.239.0/24",
            "99.77.240.0/24",
            "99.77.241.0/24",
            "99.77.242.0/24",
            "99.77.243.0/24",
            "99.77.244.0/24",
            "99.77.245.0/24",
            "99.77.246.0/24",
            "99.77.247.0/24",
            "99.77.248.0/24",
            "99.77.249.0/24",
            "99.77.250.0/24",
            "99.77.251.0/24",
            "99.77.252.0/24",
            "99.77.253.0/24",
            "99.77.254.0/24",
            "99.77.55.0/32",
            "99.77.55.1/32",
            "99.77.55.12/32",
            "99.77.55.13/32",
            "99.77.55.14/32",
            "99.77.55.15/32",
            "99.77.55.2/32",
            "99.77.55.24/32",
            "99.77.55.25/32",
            "99.77.55.253/32",
            "99.77.55.254/32",
            "99.77.55.255/32",
            "99.77.55.26/32",
            "99.77.55.27/32",
            "99.77.55.3/32",
            "99.77.55.32/32",
            "99.77.55.33/32",
            "99.77.55.34/32",
            "99.77.55.35/32",
            "99.77.55.36/32",
            "99.77.55.37/32",
            "99.77.55.38/32",
            "99.77.55.39/32",
            "99.77.55.40/32",
            "99.77.55.41/32",
            "99.77.55.42/32",
            "99.77.55.43/32",
            "99.77.55.44/32",
            "99.77.55.45/32",
            "99.77.55.46/32",
            "99.77.55.47/32",
            "99.77.55.49/32",
            "99.77.55.50/32",
            "99.77.55.51/32",
            "99.77.55.52/32",
            "99.77.55.53/32",
            "99.77.55.54/32",
            "99.77.55.55/32",
            "99.77.55.56/32",
            "99.78.238.251/32",
            "99.78.238.253/32",
            "99.78.238.255/32",
            "99.79.0.0/16",
            "99.80.0.0/15"
          ],
          "create_date": "2026-04-01-12-18-05",
          "id": "1775045885",
          "ipv6_cidr_blocks": [
            "2001:3fc0:800::/40",
            "2001:3fc1:8000::/36",
            "2001:3fc2:8000::/36",
            "2001:3fc3:2800::/40",
            "2001:3fc3:6800::/40",
            "2001:3fc3:800::/40",
            "2001:3fc3:8800::/40",
            "2001:3fc3:a800::/40",
            "2001:3fc4:800::/40",
            "2001:3fc5:8800::/40",
            "2001:3fc6:100::/48",
            "2001:3fc6:1::/48",
            "2001:3fc6:2::/48",
            "2001:3fc6:8::/45",
            "2001:3fc7:1800::/40",
            "2001:3fc7:2800::/40",
            "2001:3fc7:3000::/40",
            "2001:3fc7:4800::/40",
            "2001:3fc7:5800::/40",
            "2001:3fc7:6800::/40",
            "2001:3fc7:800::/40",
            "2001:3fc7:f800::/40",
            "2400:6500:ff00::/48",
            "2400:6700:ff00::/48",
            "2400:7fc0:110::/48",
            "2400:7fc0:2100::/40",
            "2400:7fc0:2200::/40",
            "2400:7fc0:2f00::/40",
            "2400:7fc0:3000::/40",
            "2400:7fc0:4000::/40",
            "2400:7fc0:4100::/48",
            "2400:7fc0:6000::/40",
            "2400:7fc0:8000::/36",
            "2400:7fc0::/40",
            "2400:7fc0:a000::/36",
            "2400:7fc0:bb00::/40",
            "2400:7fc0:c000::/36",
            "2400:7fc0:ea00::/40",
            "2400:7fc0:eb00::/40",
            "2400:7fc0:ef00::/40",
            "2400:7fc0:f300::/40",
            "2403:b300:ff00::/48",
            "2404:c2c0:110::/48",
            "2404:c2c0:2100::/40",
            "2404:c2c0:2200::/40",
            "2404:c2c0:2f00::/40",
            "2404:c2c0:3000::/40",
            "2404:c2c0:3100::/40",
            "2404:c2c0:4000::/40",
            "2404:c2c0:4100::/48",
            "2404:c2c0:6000::/40",
            "2404:c2c0:8000::/36",
            "2404:c2c0::/40",
            "2404:c2c0:bb00::/40",
            "2404:c2c0:c000::/36",
            "2404:c2c0:ea00::/40",
            "2404:c2c0:eb00::/40",
            "2404:c2c0:ef00::/40",
            "2404:c2c0:f300::/40",
            "2406:da00:1000::/40",
            "2406:da00:2000::/40",
            "2406:da00:2800::/40",
            "2406:da00:4000::/40",
            "2406:da00:4800::/40",
            "2406:da00:6000::/40",
            "2406:da00:7000::/40",
            "2406:da00:8000::/40",
            "2406:da00:800::/40",
            "2406:da00:9000::/40",
            "2406:da00:a000::/40",
            "2406:da00:b000::/40",
            "2406:da00:c000::/40",
            "2406:da00:c800::/40",
            "2406:da00:e000::/40",
            "2406:da00:f000::/40",
            "2406:da00:ff00::/48",
            "2406:da10:8000::/36",
            "2406:da11::/36",
            "2406:da12:8000::/36",
            "2406:da12::/36",
            "2406:da13::/36",
            "2406:da14:8000::/36",
            "2406:da14::/35",
            "2406:da15::/36",
            "2406:da16::/36",
            "2406:da17::/36",
            "2406:da18:8000::/36",
            "2406:da18::/35",
            "2406:da19::/36",
            "2406:da1a:8000::/36",
            "2406:da1a::/35",
            "2406:da1b::/36",
            "2406:da1c:8000::/36",
            "2406:da1c::/35",
            "2406:da1d::/36",
            "2406:da1e::/32",
            "2406:da1f::/36",
            "2406:da20:8000::/36",
            "2406:da21::/36",
            "2406:da22:8000::/36",
            "2406:da22::/36",
            "2406:da23::/36",
            "2406:da24:8000::/36",
            "2406:da24::/36",
            "2406:da25::/36",
            "2406:da26::/36",
            "2406:da27::/36",
            "2406:da28:8000::/36",
            "2406:da28::/36",
            "2406:da29::/36",
            "2406:da2a:8000::/36",
            "2406:da2a::/36",
            "2406:da2b::/36",
            "2406:da2c:8000::/36",
            "2406:da2c::/36",
            "2406:da2d::/36",
            "2406:da2e::/36",
            "2406:da2f::/36",
            "2406:da30:1000::/40",
            "2406:da30:2000::/40",
            "2406:da30:2800::/40",
            "2406:da30:4000::/40",
            "2406:da30:4800::/40",
            "2406:da30:6000::/40",
            "2406:da30:7000::/40",
            "2406:da30:8000::/40",
            "2406:da30:800::/40",
            "2406:da30:8800::/40",
            "2406:da30:9000::/40",
            "2406:da30:a000::/40",
            "2406:da30:b000::/40",
            "2406:da30:c000::/40",
            "2406:da30:c800::/40",
            "2406:da30:e000::/40",
            "2406:da30:f000::/40",
            "2406:da32:1000::/40",
            "2406:da32:2000::/40",
            "2406:da32:2800::/40",
            "2406:da32:4000::/40",
            "2406:da32:4800::/40",
            "2406:da32:6000::/40",
            "2406:da32:7000::/40",
            "2406:da32:8000::/40",
            "2406:da32:800::/40",
            "2406:da32:8800::/40",
            "2406:da32:9000::/40",
            "2406:da32:a000::/40",
            "2406:da32:b000::/40",
            "2406:da32:c000::/40",
            "2406:da32:c800::/40",
            "2406:da32:e000::/40",
            "2406:da32:f000::/40",
            "2406:da33:1000::/40",
            "2406:da33:2000::/40",
            "2406:da33:2800::/40",
            "2406:da33:4000::/40",
            "2406:da33:4800::/40",
            "2406:da33:6000::/40",
            "2406:da33:7000::/40",
            "2406:da33:8000::/40",
            "2406:da33:800::/40",
            "2406:da33:8800::/40",
            "2406:da33:9000::/40",
            "2406:da33:a000::/40",
            "2406:da33:b000::/40",
            "2406:da33:c000::/40",
            "2406:da33:c800::/40",
            "2406:da33:e000::/40",
            "2406:da33:f000::/40",
            "2406:da36:1000::/40",
            "2406:da36:2000::/40",
            "2406:da36:2800::/40",
            "2406:da36:4000::/40",
            "2406:da36:4800::/40",
            "2406:da36:6000::/40",
            "2406:da36:7000::/40",
            "2406:da36:8000::/40",
            "2406:da36:800::/40",
            "2406:da36:8800::/40",
            "2406:da36:9000::/40",
            "2406:da36:a000::/40",
            "2406:da36:b000::/40",
            "2406:da36:c000::/40",
            "2406:da36:c800::/40",
            "2406:da36:e000::/40",
            "2406:da36:f000::/40",
            "2406:da38:1000::/40",
            "2406:da38:2000::/40",
            "2406:da38:2800::/40",
            "2406:da38:4000::/40",
            "2406:da38:4800::/40",
            "2406:da38:6000::/40",
            "2406:da38:7000::/40",
            "2406:da38:8000::/40",
            "2406:da38:800::/40",
            "2406:da38:8800::/40",
            "2406:da38:9000::/40",
            "2406:da38:a000::/40",
            "2406:da38:b000::/40",
            "2406:da38:c000::/40",
            "2406:da38:c800::/40",
            "2406:da38:e000::/40",
            "2406:da38:f000::/40",
            "2406:da60:1000::/40",
            "2406:da60:2000::/40",
            "2406:da60:2800::/40",
            "2406:da60:4000::/40",
            "2406:da60:4800::/40",
            "2406:da60:6000::/40",
            "2406:da60:7000::/40",
            "2406:da60:8000::/40",
            "2406:da60:800::/40",
            "2406:da60:8800::/40",
            "2406:da60:9000::/40",
            "2406:da60:a000::/40",
            "2406:da60:b000::/40",
            "2406:da60:c000::/40",
            "2406:da60:c800::/40",
            "2406:da60:e000::/40",
            "2406:da60:f000::/40",
            "2406:da61:1000::/40",
            "2406:da61:2000::/40",
            "2406:da61:2800::/40",
            "2406:da61:4000::/40",
            "2406:da61:4800::/40",
            "2406:da61:6000::/40",
            "2406:da61:7000::/40",
            "2406:da61:8000::/40",
            "2406:da61:800::/40",
            "2406:da61:8800::/40",
            "2406:da61:9000::/40",
            "2406:da61:a000::/40",
            "2406:da61:b000::/40",
            "2406:da61:c000::/40",
            "2406:da61:c800::/40",
            "2406:da61:e000::/40",
            "2406:da61:f000::/40",
            "2406:da70:1000::/40",
            "2406:da70:2000::/40",
            "2406:da70:2800::/40",
            "2406:da70:4000::/40",
            "2406:da70:4800::/40",
            "2406:da70:6000::/40",
            "2406:da70:7000::/40",
            "2406:da70:8000::/40",
            "2406:da70:800::/40",
            "2406:da70:8800::/40",
            "2406:da70:9000::/40",
            "2406:da70:a000::/40",
            "2406:da70:b000::/40",
            "2406:da70:c000::/40",
            "2406:da70:c800::/40",
            "2406:da70:e000::/40",
            "2406:da70:f000::/40",
            "2406:dab9:1000::/40",
            "2406:dab9:2000::/40",
            "2406:dab9:2800::/40",
            "2406:dab9:4000::/40",
            "2406:dab9:4800::/40",
            "2406:dab9:6000::/40",
            "2406:dab9:7000::/40",
            "2406:dab9:8000::/40",
            "2406:dab9:800::/40",
            "2406:dab9:8800::/40",
            "2406:dab9:9000::/40",
            "2406:dab9:a000::/40",
            "2406:dab9:b000::/40",
            "2406:dab9:c000::/40",
            "2406:dab9:c800::/40",
            "2406:dab9:e000::/40",
            "2406:dab9:f000::/40",
            "2406:daba:1000::/40",
            "2406:daba:2000::/40",
            "2406:daba:2800::/40",
            "2406:daba:4000::/40",
            "2406:daba:4800::/40",
            "2406:daba:6000::/40",
            "2406:daba:7000::/40",
            "2406:daba:8000::/40",
            "2406:daba:800::/40",
            "2406:daba:8800::/40",
            "2406:daba:9000::/40",
            "2406:daba:a000::/40",
            "2406:daba:b000::/40",
            "2406:daba:c000::/40",
            "2406:daba:c800::/40",
            "2406:daba:e000::/40",
            "2406:daba:f000::/40",
            "2406:dabb:1000::/40",
            "2406:dabb:2000::/40",
            "2406:dabb:2800::/40",
            "2406:dabb:4000::/40",
            "2406:dabb:4800::/40",
            "2406:dabb:6000::/40",
            "2406:dabb:7000::/40",
            "2406:dabb:8000::/40",
            "2406:dabb:800::/40",
            "2406:dabb:8800::/40",
            "2406:dabb:9000::/40",
            "2406:dabb:a000::/40",
            "2406:dabb:b000::/40",
            "2406:dabb:c000::/40",
            "2406:dabb:c800::/40",
            "2406:dabb:e000::/40",
            "2406:dabb:f000::/40",
            "2406:dae9:1000::/40",
            "2406:dae9:2000::/40",
            "2406:dae9:2800::/40",
            "2406:dae9:4000::/40",
            "2406:dae9:4800::/40",
            "2406:dae9:6000::/40",
            "2406:dae9:7000::/40",
            "2406:dae9:8000::/40",
            "2406:dae9:800::/40",
            "2406:dae9:8800::/40",
            "2406:dae9:9000::/40",
            "2406:dae9:a000::/40",
            "2406:dae9:b000::/40",
            "2406:dae9:c000::/40",
            "2406:dae9:c800::/40",
            "2406:dae9:e000::/40",
            "2406:dae9:f000::/40",
            "2406:daea:1000::/40",
            "2406:daea:2000::/40",
            "2406:daea:2800::/40",
            "2406:daea:4000::/40",
            "2406:daea:4800::/40",
            "2406:daea:6000::/40",
            "2406:daea:7000::/40",
            "2406:daea:8000::/40",
            "2406:daea:800::/40",
            "2406:daea:8800::/40",
            "2406:daea:9000::/40",
            "2406:daea:a000::/40",
            "2406:daea:b000::/40",
            "2406:daea:c000::/40",
            "2406:daea:c800::/40",
            "2406:daea:e000::/40",
            "2406:daea:f000::/40",
            "2406:daeb:1000::/40",
            "2406:daeb:2000::/40",
            "2406:daeb:2800::/40",
            "2406:daeb:4000::/40",
            "2406:daeb:4800::/40",
            "2406:daeb:6000::/40",
            "2406:daeb:7000::/40",
            "2406:daeb:8000::/40",
            "2406:daeb:800::/40",
            "2406:daeb:8800::/40",
            "2406:daeb:9000::/40",
            "2406:daeb:a000::/40",
            "2406:daeb:b000::/40",
            "2406:daeb:c000::/40",
            "2406:daeb:c800::/40",
            "2406:daeb:e000::/40",
            "2406:daeb:f000::/40",
            "2406:daef:1000::/40",
            "2406:daef:2000::/40",
            "2406:daef:2800::/40",
            "2406:daef:4000::/40",
            "2406:daef:4800::/40",
            "2406:daef:6000::/40",
            "2406:daef:7000::/40",
            "2406:daef:8000::/40",
            "2406:daef:800::/40",
            "2406:daef:8800::/40",
            "2406:daef:9000::/40",
            "2406:daef:a000::/40",
            "2406:daef:b000::/40",
            "2406:daef:c000::/40",
            "2406:daef:c800::/40",
            "2406:daef:e000::/40",
            "2406:daef:f000::/40",
            "2406:daf0:1000::/40",
            "2406:daf0:2000::/40",
            "2406:daf0:2800::/40",
            "2406:daf0:4000::/40",
            "2406:daf0:4800::/40",
            "2406:daf0:6000::/40",
            "2406:daf0:7000::/40",
            "2406:daf0:8000::/40",
            "2406:daf0:800::/40",
            "2406:daf0:8800::/40",
            "2406:daf0:9000::/40",
            "2406:daf0:a000::/40",
            "2406:daf0:b000::/40",
            "2406:daf0:c000::/40",
            "2406:daf0:c800::/40",
            "2406:daf0:e000::/40",
            "2406:daf0:f000::/40",
            "2406:daf2:1000::/40",
            "2406:daf2:2000::/40",
            "2406:daf2:2800::/40",
            "2406:daf2:4000::/40",
            "2406:daf2:4800::/40",
            "2406:daf2:6000::/40",
            "2406:daf2:7000::/40",
            "2406:daf2:8000::/40",
            "2406:daf2:800::/40",
            "2406:daf2:8800::/40",
            "2406:daf2:9000::/40",
            "2406:daf2:a000::/40",
            "2406:daf2:b000::/40",
            "2406:daf2:c000::/40",
            "2406:daf2:c800::/40",
            "2406:daf2:e000::/40",
            "2406:daf2:f000::/40",
            "2406:daf3:1000::/40",
            "2406:daf3:2000::/40",
            "2406:daf3:2800::/40",
            "2406:daf3:4000::/40",
            "2406:daf3:4800::/40",
            "2406:daf3:6000::/40",
            "2406:daf3:7000::/40",
            "2406:daf3:8000::/40",
            "2406:daf3:800::/40",
            "2406:daf3:8800::/40",
            "2406:daf3:9000::/40",
            "2406:daf3:a000::/40",
            "2406:daf3:b000::/40",
            "2406:daf3:c000::/40",
            "2406:daf3:c800::/40",
            "2406:daf3:e000::/40",
            "2406:daf3:f000::/40",
            "2406:daf4:1000::/40",
            "2406:daf4:2000::/40",
            "2406:daf4:2800::/40",
            "2406:daf4:4000::/40",
            "2406:daf4:4800::/40",
            "2406:daf4:6000::/40",
            "2406:daf4:7000::/40",
            "2406:daf4:8000::/40",
            "2406:daf4:800::/40",
            "2406:daf4:8800::/40",
            "2406:daf4:9000::/40",
            "2406:daf4:a000::/40",
            "2406:daf4:b000::/40",
            "2406:daf4:c000::/40",
            "2406:daf4:c800::/40",
            "2406:daf4:e000::/40",
            "2406:daf4:f000::/40",
            "2406:daf6:1000::/40",
            "2406:daf6:2000::/40",
            "2406:daf6:2800::/40",
            "2406:daf6:4000::/40",
            "2406:daf6:4800::/40",
            "2406:daf6:6000::/40",
            "2406:daf6:7000::/40",
            "2406:daf6:8000::/40",
            "2406:daf6:800::/40",
            "2406:daf6:8800::/40",
            "2406:daf6:9000::/40",
            "2406:daf6:a000::/40",
            "2406:daf6:b000::/40",
            "2406:daf6:c000::/40",
            "2406:daf6:c800::/40",
            "2406:daf6:e000::/40",
            "2406:daf6:f000::/40",
            "2406:daff:1000::/40",
            "2406:daff:2000::/40",
            "2406:daff:2800::/40",
            "2406:daff:4000::/40",
            "2406:daff:4800::/40",
            "2406:daff:6000::/40",
            "2406:daff:7000::/40",
            "2406:daff:8000::/40",
            "2406:daff:800::/40",
            "2406:daff:8800::/40",
            "2406:daff:9000::/40",
            "2406:daff:a000::/40",
            "2406:daff:a800::/40",
            "2406:daff:b000::/40",
            "2406:daff:c000::/40",
            "2406:daff:c800::/40",
            "2406:daff:e000::/40",
            "2406:daff:f000::/40",
            "240f:8000:4000::/40",
            "240f:8000:8000::/40",
            "240f:8014::/36",
            "240f:8018::/36",
            "240f:80ff:4000::/40",
            "240f:80ff:8000::/40",
            "2600:1f00:1000::/40",
            "2600:1f00:2000::/40",
            "2600:1f00:4000::/40",
            "2600:1f00:5000::/40",
            "2600:1f00:6000::/40",
            "2600:1f00:7400::/40",
            "2600:1f00:8000::/40",
            "2600:1f00:a400::/40",
            "2600:1f00:c000::/40",
            "2600:1f00:e000::/40",
            "2600:1f00:ec00::/64",
            "2600:1f10:4000::/36",
            "2600:1f10:8000::/36",
            "2600:1f10:c000::/36",
            "2600:1f11:4000::/36",
            "2600:1f11:8000::/36",
            "2600:1f11::/36",
            "2600:1f11:c000::/36",
            "2600:1f12:4000::/36",
            "2600:1f12:8000::/36",
            "2600:1f12::/36",
            "2600:1f12:c000::/36",
            "2600:1f13:8000::/36",
            "2600:1f13::/36",
            "2600:1f13:c000::/36",
            "2600:1f14:4000::/36",
            "2600:1f14:8000::/36",
            "2600:1f14::/34",
            "2600:1f14:c000::/36",
            "2600:1f15:4000::/36",
            "2600:1f15:8000::/36",
            "2600:1f15::/36",
            "2600:1f15:c000::/36",
            "2600:1f16:8000::/36",
            "2600:1f16::/34",
            "2600:1f16:c000::/36",
            "2600:1f17:4000::/36",
            "2600:1f17:8000::/36",
            "2600:1f17:c000::/36",
            "2600:1f18:8000::/36",
            "2600:1f18::/33",
            "2600:1f18:c000::/36",
            "2600:1f19:4000::/36",
            "2600:1f19:8000::/36",
            "2600:1f19:c000::/36",
            "2600:1f1a:4000::/36",
            "2600:1f1a:8000::/36",
            "2600:1f1a:c000::/36",
            "2600:1f1b:4000::/36",
            "2600:1f1b:8000::/36",
            "2600:1f1b:c000::/36",
            "2600:1f1c:4000::/36",
            "2600:1f1c:8000::/36",
            "2600:1f1c::/36",
            "2600:1f1c:c000::/36",
            "2600:1f1d:4000::/36",
            "2600:1f1d:8000::/36",
            "2600:1f1d:c000::/36",
            "2600:1f1e:4000::/36",
            "2600:1f1e:8000::/36",
            "2600:1f1e::/36",
            "2600:1f1e:c000::/36",
            "2600:1f1f:4000::/36",
            "2600:1f1f:8000::/36",
            "2600:1f1f::/36",
            "2600:1f1f:c000::/36",
            "2600:1f20:8000::/36",
            "2600:1f20:c000::/36",
            "2600:1f21:4000::/36",
            "2600:1f21:8000::/36",
            "2600:1f21::/36",
            "2600:1f21:c000::/36",
            "2600:1f22:8000::/36",
            "2600:1f22::/36",
            "2600:1f22:c000::/36",
            "2600:1f23:8000::/36",
            "2600:1f23::/36",
            "2600:1f23:c000::/36",
            "2600:1f24:4000::/36",
            "2600:1f24:8000::/36",
            "2600:1f24::/36",
            "2600:1f24:c000::/36",
            "2600:1f25:4000::/36",
            "2600:1f25:8000::/36",
            "2600:1f25::/36",
            "2600:1f25:c000::/36",
            "2600:1f26:8000::/36",
            "2600:1f26::/36",
            "2600:1f26:c000::/36",
            "2600:1f27:4000::/36",
            "2600:1f27:8000::/36",
            "2600:1f27:c000::/36",
            "2600:1f28:8000::/36",
            "2600:1f28::/36",
            "2600:1f28:c000::/36",
            "2600:1f29:4000::/36",
            "2600:1f29:8000::/36",
            "2600:1f29:c000::/36",
            "2600:1f2a:4000::/36",
            "2600:1f2a:8000::/36",
            "2600:1f2a:c000::/36",
            "2600:1f2b:4000::/36",
            "2600:1f2b:8000::/36",
            "2600:1f2b:c000::/36",
            "2600:1f2c:4000::/36",
            "2600:1f2c:8000::/36",
            "2600:1f2c::/36",
            "2600:1f2c:c000::/36",
            "2600:1f2d:4000::/36",
            "2600:1f2d:8000::/36",
            "2600:1f2d:c000::/36",
            "2600:1f2e:4000::/36",
            "2600:1f2e:8000::/36",
            "2600:1f2e::/36",
            "2600:1f2e:c000::/36",
            "2600:1f2f:4000::/36",
            "2600:1f2f:8000::/36",
            "2600:1f2f:c000::/36",
            "2600:1f30:1000::/40",
            "2600:1f30:2000::/40",
            "2600:1f30:4000::/39",
            "2600:1f30:5000::/40",
            "2600:1f30:6000::/40",
            "2600:1f30:7400::/40",
            "2600:1f30:8000::/39",
            "2600:1f30:a400::/40",
            "2600:1f30:c000::/40",
            "2600:1f30:e000::/40",
            "2600:1f30:ec00::/40",
            "2600:1f32:1000::/40",
            "2600:1f32:2000::/40",
            "2600:1f32:4000::/39",
            "2600:1f32:5000::/40",
            "2600:1f32:6000::/40",
            "2600:1f32:7400::/40",
            "2600:1f32:8000::/39",
            "2600:1f32:a400::/40",
            "2600:1f32:c000::/40",
            "2600:1f32:e000::/40",
            "2600:1f32:ec00::/40",
            "2600:1f33:1000::/40",
            "2600:1f33:2000::/40",
            "2600:1f33:4000::/39",
            "2600:1f33:5000::/40",
            "2600:1f33:6000::/40",
            "2600:1f33:7400::/40",
            "2600:1f33:8000::/39",
            "2600:1f33:a400::/40",
            "2600:1f33:c000::/40",
            "2600:1f33:e000::/40",
            "2600:1f33:ec00::/40",
            "2600:1f36:1000::/40",
            "2600:1f36:2000::/40",
            "2600:1f36:4000::/39",
            "2600:1f36:5000::/40",
            "2600:1f36:6000::/40",
            "2600:1f36:7400::/40",
            "2600:1f36:8000::/39",
            "2600:1f36:a400::/40",
            "2600:1f36:c000::/40",
            "2600:1f36:e000::/40",
            "2600:1f36:ec00::/40",
            "2600:1f38:1000::/40",
            "2600:1f38:2000::/40",
            "2600:1f38:4000::/39",
            "2600:1f38:5000::/40",
            "2600:1f38:6000::/40",
            "2600:1f38:7400::/40",
            "2600:1f38:8000::/39",
            "2600:1f38:a400::/40",
            "2600:1f38:c000::/40",
            "2600:1f38:e000::/40",
            "2600:1f38:ec00::/40",
            "2600:1f60:1000::/40",
            "2600:1f60:2000::/40",
            "2600:1f60:4000::/39",
            "2600:1f60:5000::/40",
            "2600:1f60:6000::/40",
            "2600:1f60:7400::/40",
            "2600:1f60:8000::/39",
            "2600:1f60:a400::/40",
            "2600:1f60:c000::/40",
            "2600:1f60:e000::/40",
            "2600:1f60:ec00::/40",
            "2600:1f61:1000::/40",
            "2600:1f61:2000::/40",
            "2600:1f61:4000::/39",
            "2600:1f61:5000::/40",
            "2600:1f61:6000::/40",
            "2600:1f61:7400::/40",
            "2600:1f61:8000::/39",
            "2600:1f61:a400::/40",
            "2600:1f61:c000::/40",
            "2600:1f61:e000::/40",
            "2600:1f61:ec00::/40",
            "2600:1f70:1000::/40",
            "2600:1f70:2000::/40",
            "2600:1f70:4000::/39",
            "2600:1f70:5000::/40",
            "2600:1f70:6000::/40",
            "2600:1f70:7400::/40",
            "2600:1f70:8000::/39",
            "2600:1f70:a400::/40",
            "2600:1f70:c000::/40",
            "2600:1f70:e000::/40",
            "2600:1f70:ec00::/40",
            "2600:1fb9:1000::/40",
            "2600:1fb9:2000::/40",
            "2600:1fb9:4000::/39",
            "2600:1fb9:5000::/40",
            "2600:1fb9:6000::/40",
            "2600:1fb9:7400::/40",
            "2600:1fb9:8000::/39",
            "2600:1fb9:a400::/40",
            "2600:1fb9:c000::/40",
            "2600:1fb9:e000::/40",
            "2600:1fb9:ec00::/40",
            "2600:1fba:1000::/40",
            "2600:1fba:2000::/40",
            "2600:1fba:4000::/39",
            "2600:1fba:5000::/40",
            "2600:1fba:6000::/40",
            "2600:1fba:7400::/40",
            "2600:1fba:8000::/39",
            "2600:1fba:a400::/40",
            "2600:1fba:c000::/40",
            "2600:1fba:e000::/40",
            "2600:1fba:ec00::/40",
            "2600:1fbb:1000::/40",
            "2600:1fbb:2000::/40",
            "2600:1fbb:4000::/39",
            "2600:1fbb:5000::/40",
            "2600:1fbb:6000::/40",
            "2600:1fbb:7400::/40",
            "2600:1fbb:8000::/38",
            "2600:1fbb:a400::/40",
            "2600:1fbb:c000::/40",
            "2600:1fbb:e000::/40",
            "2600:1fbb:ec00::/40",
            "2600:1fe9:1000::/40",
            "2600:1fe9:2000::/40",
            "2600:1fe9:4000::/39",
            "2600:1fe9:5000::/40",
            "2600:1fe9:6000::/40",
            "2600:1fe9:7400::/40",
            "2600:1fe9:8000::/39",
            "2600:1fe9:a400::/40",
            "2600:1fe9:c000::/40",
            "2600:1fe9:e000::/40",
            "2600:1fe9:ec00::/40",
            "2600:1fea:1000::/40",
            "2600:1fea:2000::/40",
            "2600:1fea:4000::/39",
            "2600:1fea:5000::/40",
            "2600:1fea:6000::/40",
            "2600:1fea:7400::/40",
            "2600:1fea:8000::/39",
            "2600:1fea:a400::/40",
            "2600:1fea:c000::/40",
            "2600:1fea:e000::/40",
            "2600:1fea:ec00::/40",
            "2600:1feb:1000::/40",
            "2600:1feb:2000::/40",
            "2600:1feb:4000::/39",
            "2600:1feb:5000::/40",
            "2600:1feb:6000::/40",
            "2600:1feb:7400::/40",
            "2600:1feb:8000::/39",
            "2600:1feb:a400::/40",
            "2600:1feb:c000::/40",
            "2600:1feb:e000::/40",
            "2600:1feb:ec00::/40",
            "2600:1fef:1000::/40",
            "2600:1fef:2000::/40",
            "2600:1fef:4000::/39",
            "2600:1fef:5000::/40",
            "2600:1fef:6000::/40",
            "2600:1fef:7400::/40",
            "2600:1fef:8000::/39",
            "2600:1fef:a400::/40",
            "2600:1fef:c000::/40",
            "2600:1fef:e000::/40",
            "2600:1fef:ec00::/40",
            "2600:1ff0:1000::/40",
            "2600:1ff0:2000::/40",
            "2600:1ff0:4000::/39",
            "2600:1ff0:5000::/40",
            "2600:1ff0:6000::/40",
            "2600:1ff0:7400::/40",
            "2600:1ff0:8000::/39",
            "2600:1ff0:a400::/40",
            "2600:1ff0:c000::/40",
            "2600:1ff0:e000::/40",
            "2600:1ff0:ec00::/40",
            "2600:1ff2:1000::/40",
            "2600:1ff2:2000::/40",
            "2600:1ff2:4000::/39",
            "2600:1ff2:5000::/40",
            "2600:1ff2:6000::/40",
            "2600:1ff2:7400::/40",
            "2600:1ff2:8000::/39",
            "2600:1ff2:a400::/40",
            "2600:1ff2:c000::/40",
            "2600:1ff2:e000::/40",
            "2600:1ff2:ec00::/40",
            "2600:1ff3:1000::/40",
            "2600:1ff3:2000::/40",
            "2600:1ff3:4000::/39",
            "2600:1ff3:5000::/40",
            "2600:1ff3:6000::/40",
            "2600:1ff3:7400::/40",
            "2600:1ff3:8000::/39",
            "2600:1ff3:a400::/40",
            "2600:1ff3:c000::/40",
            "2600:1ff3:e000::/40",
            "2600:1ff3:ec00::/40",
            "2600:1ff4:1000::/40",
            "2600:1ff4:2000::/40",
            "2600:1ff4:4000::/39",
            "2600:1ff4:5000::/40",
            "2600:1ff4:6000::/40",
            "2600:1ff4:7400::/40",
            "2600:1ff4:8000::/39",
            "2600:1ff4:a400::/40",
            "2600:1ff4:c000::/40",
            "2600:1ff4:e000::/40",
            "2600:1ff4:ec00::/40",
            "2600:1ff6:1000::/40",
            "2600:1ff6:2000::/40",
            "2600:1ff6:4000::/39",
            "2600:1ff6:5000::/40",
            "2600:1ff6:6000::/40",
            "2600:1ff6:7400::/40",
            "2600:1ff6:8000::/39",
            "2600:1ff6:a400::/40",
            "2600:1ff6:c000::/40",
            "2600:1ff6:e000::/40",
            "2600:1ff6:ec00::/40",
            "2600:1ffd:803f::/48",
            "2600:1ffd:8066::/48",
            "2600:1ffd:807b::/48",
            "2600:1ffd:807f::/48",
            "2600:1ffd:80a7::/48",
            "2600:1ffd:80c8::/48",
            "2600:1ffd:80cb::/48",
            "2600:1ffd:80d0::/48",
            "2600:1ffd:80e1::/48",
            "2600:1ffd:80f0::/48",
            "2600:1ffd:812f::/48",
            "2600:1ffd:8143::/48",
            "2600:1ffd:8149::/48",
            "2600:1ffd:8165::/48",
            "2600:1ffd:816c::/48",
            "2600:1ffd:8188::/48",
            "2600:1ffd:818f::/48",
            "2600:1ffd:8190::/48",
            "2600:1ffd:819f::/48",
            "2600:1ffd:81a7::/48",
            "2600:1ffd:81c2::/48",
            "2600:1ffd:8285::/48",
            "2600:1ffd:82be::/48",
            "2600:1ffd:831b::/48",
            "2600:1ffd:833b::/48",
            "2600:1ffd:838e::/48",
            "2600:1ffd:83ad::/48",
            "2600:1ffd:83d2::/48",
            "2600:1ffd:8422::/48",
            "2600:1ffd:8492::/48",
            "2600:1ffd:84af::/48",
            "2600:1ffd:84bd::/48",
            "2600:1ffd:8508::/48",
            "2600:1ffd:85b2::/48",
            "2600:1ffd:85c0::/48",
            "2600:1ffd:85e8::/48",
            "2600:1fff:1000::/40",
            "2600:1fff:2000::/40",
            "2600:1fff:2c00::/40",
            "2600:1fff:3000::/40",
            "2600:1fff:4000::/39",
            "2600:1fff:5000::/40",
            "2600:1fff:6000::/40",
            "2600:1fff:7400::/40",
            "2600:1fff:8000::/39",
            "2600:1fff:a400::/40",
            "2600:1fff:c000::/40",
            "2600:1fff:e000::/40",
            "2600:1fff:ec00::/40",
            "2600:9000:5200::/48",
            "2600:9000:5201::/48",
            "2600:9000:5202::/48",
            "2600:9000:5203::/48",
            "2600:9000:5204::/48",
            "2600:9000:5205::/48",
            "2600:9000:5206::/48",
            "2600:9000:5207::/48",
            "2600:9000:5208::/48",
            "2600:9000:5209::/48",
            "2600:9000:520a::/48",
            "2600:9000:520b::/48",
            "2600:9000:520c::/48",
            "2600:9000:520d::/48",
            "2600:9000:520e::/48",
            "2600:9000:520f::/48",
            "2600:9000:5210::/48",
            "2600:9000:5211::/48",
            "2600:9000:5212::/48",
            "2600:9000:5213::/48",
            "2600:f000:8000::/39",
            "2600:f000::/39",
            "2600:f001:4000::/40",
            "2600:f001::/40",
            "2600:f002:8000::/40",
            "2600:f002::/39",
            "2600:f002:c000::/40",
            "2600:f003:a200::/40",
            "2600:f004:4000::/40",
            "2600:f004:8000::/40",
            "2600:f004::/40",
            "2600:f004:a000::/40",
            "2600:f005:8000::/40",
            "2600:f007::/40",
            "2600:f00c:8000::/39",
            "2600:f00c::/39",
            "2600:f00d:8000::/40",
            "2600:f00d::/40",
            "2600:f00e:400::/40",
            "2600:f00e:600::/40",
            "2600:f00e::/39",
            "2600:f00f:4000::/40",
            "2600:f00f:6000::/40",
            "2600:f00f::/40",
            "2600:f00f:c000::/40",
            "2600:f0f0:0:100::/56",
            "2600:f0f0:0:200::/62",
            "2600:f0f0:0:204::/62",
            "2600:f0f0:0:208::/62",
            "2600:f0f0:0:20c::/62",
            "2600:f0f0:0:210::/62",
            "2600:f0f0:0:214::/62",
            "2600:f0f0:0:218::/62",
            "2600:f0f0:0:21c::/62",
            "2600:f0f0:0:300::/56",
            "2600:f0f0:0:d00::/56",
            "2600:f0f0:1000::/44",
            "2600:f0f0:10::/48",
            "2600:f0f0:1100::/48",
            "2600:f0f0:1101::/48",
            "2600:f0f0:1102::/48",
            "2600:f0f0:1103::/48",
            "2600:f0f0:1104::/48",
            "2600:f0f0:1105::/48",
            "2600:f0f0:1106::/48",
            "2600:f0f0:1107::/48",
            "2600:f0f0:1108::/48",
            "2600:f0f0:1109::/48",
            "2600:f0f0:110a::/48",
            "2600:f0f0:110b::/48",
            "2600:f0f0:110c::/48",
            "2600:f0f0:110d::/48",
            "2600:f0f0:110e::/48",
            "2600:f0f0:110f::/48",
            "2600:f0f0:1110::/48",
            "2600:f0f0:1111::/48",
            "2600:f0f0:1112::/48",
            "2600:f0f0:1113::/48",
            "2600:f0f0:1114::/48",
            "2600:f0f0:1115::/48",
            "2600:f0f0:1116::/48",
            "2600:f0f0:1117::/48",
            "2600:f0f0:1118::/48",
            "2600:f0f0:1119::/48",
            "2600:f0f0:111a::/48",
            "2600:f0f0:111c::/48",
            "2600:f0f0:111d::/48",
            "2600:f0f0:111f::/48",
            "2600:f0f0:1120::/48",
            "2600:f0f0:1121::/48",
            "2600:f0f0:1122::/48",
            "2600:f0f0:1123::/48",
            "2600:f0f0:1124::/48",
            "2600:f0f0:1125::/48",
            "2600:f0f0:1126::/48",
            "2600:f0f0:1127::/48",
            "2600:f0f0:1128::/48",
            "2600:f0f0:1129::/48",
            "2600:f0f0:11::/48",
            "2600:f0f0:11fe::/48",
            "2600:f0f0:11ff::/48",
            "2600:f0f0:1:1000::/56",
            "2600:f0f0:1:1100::/56",
            "2600:f0f0:1:1300::/56",
            "2600:f0f0:1:1400::/56",
            "2600:f0f0:1:1600::/56",
            "2600:f0f0:1:1700::/56",
            "2600:f0f0:1:1800::/56",
            "2600:f0f0:1:1a00::/56",
            "2600:f0f0:1:1b00::/56",
            "2600:f0f0:1:1c00::/56",
            "2600:f0f0:1:1e00::/56",
            "2600:f0f0:1:1f00::/56",
            "2600:f0f0:1:2000::/56",
            "2600:f0f0:1:2100::/56",
            "2600:f0f0:1:2200::/56",
            "2600:f0f0:1:a00::/56",
            "2600:f0f0:1:f00::/56",
            "2600:f0f0:1:fd00::/56",
            "2600:f0f0:1:fe00::/56",
            "2600:f0f0:1:ff00::/56",
            "2600:f0f0:2::/48",
            "2600:f0f0:300:100::/56",
            "2600:f0f0:30::/44",
            "2600:f0f0:30e::/48",
            "2600:f0f0:30f::/48",
            "2600:f0f0:310::/48",
            "2600:f0f0:4000::/48",
            "2600:f0f0:400::/44",
            "2600:f0f0:40::/48",
            "2600:f0f0:4100::/48",
            "2600:f0f0:4101::/48",
            "2600:f0f0:4102::/48",
            "2600:f0f0:4103::/48",
            "2600:f0f0:4104::/48",
            "2600:f0f0:4105::/48",
            "2600:f0f0:4106::/48",
            "2600:f0f0:4107::/48",
            "2600:f0f0:4108::/48",
            "2600:f0f0:4109::/48",
            "2600:f0f0:410a::/48",
            "2600:f0f0:410b::/48",
            "2600:f0f0:410c::/48",
            "2600:f0f0:410d::/48",
            "2600:f0f0:410e::/48",
            "2600:f0f0:410f::/48",
            "2600:f0f0:4110::/48",
            "2600:f0f0:4140::/48",
            "2600:f0f0:4141::/48",
            "2600:f0f0:4144::/48",
            "2600:f0f0:4145::/48",
            "2600:f0f0:4::/48",
            "2600:f0f0:500::/48",
            "2600:f0f0:5400::/48",
            "2600:f0f0:5401::/48",
            "2600:f0f0:5402::/48",
            "2600:f0f0:5403::/48",
            "2600:f0f0:5500::/48",
            "2600:f0f0:5502::/48",
            "2600:f0f0:5503::/48",
            "2600:f0f0:5510::/48",
            "2600:f0f0:5511::/48",
            "2600:f0f0:5512::/48",
            "2600:f0f0:5513::/48",
            "2600:f0f0:5514::/48",
            "2600:f0f0:5515::/48",
            "2600:f0f0:5516::/48",
            "2600:f0f0:5517::/48",
            "2600:f0f0:5518::/48",
            "2600:f0f0:5519::/48",
            "2600:f0f0:551a::/48",
            "2600:f0f0:551b::/48",
            "2600:f0f0:551c::/48",
            "2600:f0f0:551d::/48",
            "2600:f0f0:551e::/48",
            "2600:f0f0:551f::/48",
            "2600:f0f0:5520::/48",
            "2600:f0f0:5521::/48",
            "2600:f0f0:5522::/48",
            "2600:f0f0:5523::/48",
            "2600:f0f0:5524::/48",
            "2600:f0f0:5525::/48",
            "2600:f0f0:5526::/48",
            "2600:f0f0:5527::/48",
            "2600:f0f0:5528::/48",
            "2600:f0f0:5529::/48",
            "2600:f0f0:552a::/48",
            "2600:f0f0:552b::/48",
            "2600:f0f0:552c::/48",
            "2600:f0f0:552d::/48",
            "2600:f0f0:552e::/48",
            "2600:f0f0:552f::/48",
            "2600:f0f0:5530::/48",
            "2600:f0f0:5531::/48",
            "2600:f0f0:5532::/48",
            "2600:f0f0:5533::/48",
            "2600:f0f0:5534::/48",
            "2600:f0f0:5535::/48",
            "2600:f0f0:5536::/48",
            "2600:f0f0:5537::/48",
            "2600:f0f0:5538::/48",
            "2600:f0f0:5539::/48",
            "2600:f0f0:553a::/48",
            "2600:f0f0:553b::/48",
            "2600:f0f0:553c::/48",
            "2600:f0f0:553d::/48",
            "2600:f0f0:553e::/48",
            "2600:f0f0:553f::/48",
            "2600:f0f0:5::/48",
            "2600:f0f0:6000::/44",
            "2600:f0f0:600:200::/55",
            "2600:f0f0:600::/55",
            "2600:f0f0:6010::/44",
            "2600:f0f0:60::/44",
            "2600:f0f0:6100::/48",
            "2600:f0f0:6101::/48",
            "2600:f0f0:6102::/48",
            "2600:f0f0:6103::/48",
            "2600:f0f0:6104::/48",
            "2600:f0f0:6105::/48",
            "2600:f0f0:6106::/48",
            "2600:f0f0:6107::/48",
            "2600:f0f0:6108::/48",
            "2600:f0f0:6109::/48",
            "2600:f0f0:610a::/48",
            "2600:f0f0:610b::/48",
            "2600:f0f0:610c::/48",
            "2600:f0f0:610d::/48",
            "2600:f0f0:610e::/48",
            "2600:f0f0:610f::/48",
            "2600:f0f0:6110::/48",
            "2600:f0f0:6111::/48",
            "2600:f0f0:6112::/48",
            "2600:f0f0:6113::/48",
            "2600:f0f0:6114::/48",
            "2600:f0f0:6115::/48",
            "2600:f0f0:6116::/48",
            "2600:f0f0:6117::/48",
            "2600:f0f0:6118::/48",
            "2600:f0f0:6119::/48",
            "2600:f0f0:611a::/48",
            "2600:f0f0:611b::/48",
            "2600:f0f0:611c::/48",
            "2600:f0f0:611d::/48",
            "2600:f0f0:611e::/48",
            "2600:f0f0:611f::/48",
            "2600:f0f0:6120::/48",
            "2600:f0f0:6121::/48",
            "2600:f0f0:6122::/48",
            "2600:f0f0:6123::/48",
            "2600:f0f0:6124::/48",
            "2600:f0f0:6125::/48",
            "2600:f0f0:6126::/48",
            "2600:f0f0:700::/44",
            "2600:f0f0:70::/45",
            "2600:f0f0:720::/48",
            "2600:f0f0:721::/48",
            "2600:f0f0:730::/48",
            "2600:f0f0:731::/48",
            "2600:f0f0:78::/45",
            "2600:f0f0:80::/48",
            "2600:f0f0:8100::/48",
            "2600:f0f0:8101::/48",
            "2600:f0f0:8102::/48",
            "2600:f0f0:8103::/48",
            "2600:f0f0:8104::/48",
            "2600:f0f0:8105::/48",
            "2600:f0f0:8106::/48",
            "2600:f0f0:8107::/48",
            "2600:f0f0:8108::/48",
            "2600:f0f0:8109::/48",
            "2600:f0f0:810a::/48",
            "2600:f0f0:810b::/48",
            "2600:f0f0:810c::/48",
            "2600:f0f0:810d::/48",
            "2600:f0f0:810e::/48",
            "2600:f0f0:810f::/48",
            "2600:f0f0:8110::/48",
            "2600:f0f0:8120::/48",
            "2600:f0f0:8130::/48",
            "2600:f0f0:8140::/48",
            "2600:f0f0:8150::/48",
            "2600:f0f0:8160::/48",
            "2600:f0f0:8170::/48",
            "2600:f0f0:8180::/48",
            "2600:f0f0:8181::/48",
            "2600:f0f0:8182::/48",
            "2600:f0f0:8183::/48",
            "2600:f0f0:8184::/48",
            "2600:f0f0:8185::/48",
            "2600:f0f0:8186::/48",
            "2600:f0f0:81::/48",
            "2600:f0f0:82::/48",
            "2600:f0f0:83::/48",
            "2600:f0f0:84::/48",
            "2600:f0f0:85::/48",
            "2600:f0f0:86::/48",
            "2600:f0f0:87::/48",
            "2600:f0f0:8::/48",
            "2600:f0f0:90:1400::/56",
            "2600:f0f0:91::/48",
            "2600:f0f0:a0::/48",
            "2600:f0f0:a::/47",
            "2600:f0f0:c000::/48",
            "2600:f0f0:c001::/48",
            "2600:f0f0:c002::/48",
            "2600:f0f0:c003::/48",
            "2600:f0f0:c004::/48",
            "2600:f0f0:c005::/48",
            "2600:f0f0:c040::/48",
            "2600:f0f0:c041::/48",
            "2600:f0f0:c042::/48",
            "2600:f0f0:c043::/48",
            "2600:f0f0:c044::/48",
            "2600:f0f0:c045::/48",
            "2600:f0f0:c046::/48",
            "2600:f0f0:c047::/48",
            "2600:f0f0:c048::/48",
            "2600:f0f0:c049::/48",
            "2600:f0f0:cfb::/48",
            "2600:f0f0:cfc::/48",
            "2600:f0f0:cfd::/48",
            "2600:f0f0:cfe::/48",
            "2600:f0f0:cff::/48",
            "2600:f0f0:e00::/48",
            "2600:f0f0:e01::/48",
            "2600:f0f0:e02::/48",
            "2600:f0f0:e03::/48",
            "2600:f0f0:e04::/48",
            "2600:f0f0:e05::/48",
            "2600:f0f0:e06::/48",
            "2600:f0f0:e07::/48",
            "2600:f0f0:e08::/48",
            "2600:f0f0:e09::/48",
            "2600:f0f0:e0a::/48",
            "2600:f0f0:e0d::/48",
            "2600:f0f0:e0f::/48",
            "2600:f0f0:e11::/48",
            "2600:f0f0:e12::/48",
            "2600:f0f0:e13::/48",
            "2600:f0f0:e14::/48",
            "2600:f0f0:e15::/48",
            "2600:f0f0:e16::/48",
            "2600:f0f0:e17::/48",
            "2600:f0f0:e18::/48",
            "2600:f0f0:e19::/48",
            "2600:f0f0:e1a::/48",
            "2600:f0f0:e1b::/48",
            "2600:f0f0:e1c::/48",
            "2600:f0f0:e1d::/48",
            "2600:f0f0:e1e::/48",
            "2600:f0f0:e1f::/48",
            "2600:f0f0:e20::/48",
            "2600:f0f0:e24::/48",
            "2600:f0f0:e26::/48",
            "2600:f0f0:e27::/48",
            "2600:f0f0:e28::/48",
            "2600:f0f0:e29::/48",
            "2600:f0f0:e2a::/48",
            "2600:f0f0:e2b::/48",
            "2600:f0f0:e2c::/48",
            "2600:f0f0:e2d::/48",
            "2600:f0f0:e2e::/48",
            "2600:f0f0:e2f::/48",
            "2600:f0f0:e30::/48",
            "2600:f0f0:e31::/48",
            "2600:f0f0:e32::/48",
            "2600:f0f0:e33::/48",
            "2600:f0f0:f00:100::/56",
            "2600:f0f0:f00:200::/56",
            "2600:f0f0:f00:300::/56",
            "2600:f0f0:f00:400::/56",
            "2600:f0f0:f00:500::/56",
            "2600:f0f0:f00::/56",
            "2600:f0f1:10::/47",
            "2600:f0f1:12::/47",
            "2600:f0f1:4000::/42",
            "2600:f0f1:4040::/42",
            "2600:f0f1:40c0::/42",
            "2600:f0f1:4100::/42",
            "2600:f0f1:4140::/42",
            "2600:f0f1:4180::/42",
            "2600:f0f1:41c0::/42",
            "2600:f0f1:4200::/42",
            "2600:f0f1:4240::/42",
            "2600:f0f1:4280::/42",
            "2600:f0f1:42c0::/42",
            "2600:f0f1:4300::/42",
            "2600:f0f1:4340::/42",
            "2600:f0f1:4380::/42",
            "2600:f0f1:43c0::/42",
            "2600:f0f1:4400::/42",
            "2600:f0f1:4440::/42",
            "2600:f0f1:4480::/42",
            "2600:f0f1:44c0::/42",
            "2600:f0f1:4500::/42",
            "2600:f0f1:4540::/42",
            "2600:f0f1:4580::/42",
            "2600:f0f1:4840::/42",
            "2600:f0f1:80::/48",
            "2600:f0f1:81::/48",
            "2600:f0f1:82::/48",
            "2600:f0f1:83::/48",
            "2600:f0f1:84::/48",
            "2600:f0f1:85::/48",
            "2600:f0f1:86::/48",
            "2600:f0f1:87::/48",
            "2600:f0f1:8801::/48",
            "2600:f0f1:8802::/48",
            "2600:f0f1:88::/48",
            "2600:f0f1:89::/48",
            "2600:f0f1:8a00::/44",
            "2600:f0f1:8a10::/48",
            "2600:f0f1:8a::/48",
            "2600:f0f1:8b00::/48",
            "2600:f0f1:8b01::/48",
            "2600:f0f1:8b02::/48",
            "2600:f0f1:8b03::/48",
            "2600:f0f1:8b::/48",
            "2600:f0f1:8c::/48",
            "2600:f0f1:8d::/48",
            "2600:f0f1:8e::/48",
            "2600:f0f1:8f::/48",
            "2600:f0f2:7000::/44",
            "2600:f0f2:7010::/48",
            "2600:f0f2:7011::/48",
            "2600:f0f2:7012::/48",
            "2600:f0f2:7013::/48",
            "2600:f0f2:7014::/48",
            "2600:f0f2:7015::/48",
            "2600:f0f2:7016::/48",
            "2600:f0f2:7017::/48",
            "2600:f0f2:7018::/48",
            "2600:f0f2:7019::/48",
            "2600:f0f2:701a::/48",
            "2600:f0f2:701b::/48",
            "2600:f0f2:701c::/48",
            "2600:f0f2:701d::/48",
            "2600:f0f2:701e::/48",
            "2600:f0f2:701f::/48",
            "2600:f0f2:7020::/48",
            "2600:f0f2:7021::/48",
            "2600:f0f2:7022::/48",
            "2600:f0f2:7023::/48",
            "2600:f0f2:7025::/48",
            "2600:f0f2:7028::/48",
            "2600:f0f2:7029::/48",
            "2600:f0f2:7100::/48",
            "2600:f0f2:7101::/48",
            "2600:f0f2:7102::/48",
            "2600:f0f2:7103::/48",
            "2600:f0f2:7104::/48",
            "2600:f0f2:7105::/48",
            "2600:f0f2:7106::/48",
            "2600:f0f2:7107::/48",
            "2600:f0f2:7108::/48",
            "2600:f0f2:7109::/48",
            "2600:f0f2:710a::/48",
            "2600:f0f2:710b::/48",
            "2600:f0f2:7140::/48",
            "2600:f0f2:7148::/48",
            "2600:f0f3:f000::/44",
            "2600:f0fb:8000::/40",
            "2600:f0fb:e000::/40",
            "2600:f0fb:e100::/40",
            "2600:f0fb:e200::/40",
            "2600:f0fb:e300::/40",
            "2600:f0fb:e400::/40",
            "2600:f0fb:e500::/40",
            "2600:f0fb:e600::/40",
            "2600:f0fb:e700::/40",
            "2600:f0fb:e800::/40",
            "2600:f0fb:e900::/40",
            "2600:f0fb:ea00::/40",
            "2600:f0fb:eb00::/40",
            "2600:f0fb:ec00::/40",
            "2600:f0fb:ed00::/40",
            "2600:f0fb:ee00::/40",
            "2600:f0fb:ef00::/40",
            "2600:f0fb:f000::/44",
            "2600:f0fb:f020::/48",
            "2600:f0fb:f021::/48",
            "2600:f0fb:f022::/48",
            "2600:f0fb:f023::/48",
            "2600:f0fb:f024::/48",
            "2600:f0fb:f025::/48",
            "2600:f0fb:f026::/48",
            "2600:f0fb:f027::/48",
            "2600:f0fb:f028::/48",
            "2600:f0fb:f029::/48",
            "2600:f0fb:f100::/48",
            "2600:f0fb:f101::/48",
            "2600:f0fb:f102::/48",
            "2600:f0fb:f103::/48",
            "2600:f0fb:f104::/48",
            "2600:f0fb:f105::/48",
            "2600:f0fb:f106::/48",
            "2600:f0fb:f107::/48",
            "2600:f0fb:f108::/48",
            "2600:f0fb:f109::/48",
            "2600:f0fb:f10a::/48",
            "2600:f0fb:f10b::/48",
            "2600:f0fb:f10c::/48",
            "2600:f0fb:f10d::/48",
            "2600:f0fb:f10e::/48",
            "2600:f0fb:f10f::/48",
            "2600:f0fb:f110::/48",
            "2600:f0fb:f111::/48",
            "2602:f7db::/44",
            "2605:9cc0:1ff0:1000::/52",
            "2605:9cc0:1ff0:2300::/56",
            "2605:9cc0:1ff0:2800::/56",
            "2605:9cc0:1ff0:2d00::/56",
            "2605:9cc0:1ff0:3c00::/56",
            "2605:9cc0:1ff0:4000::/54",
            "2605:9cc0:1ff0:400::/56",
            "2605:9cc0:1ff0:500::/56",
            "2605:9cc0:1ff0:600::/56",
            "2605:9cc0:1ff0:700::/56",
            "2605:9cc0:1ff0:7200::/56",
            "2605:9cc0:1ff0:8000::/56",
            "2605:9cc0:1ff0:800::/56",
            "2605:9cc0:1ff0:8200::/56",
            "2605:9cc0:1ff0:900::/56",
            "2605:9cc0:1ff0::/56",
            "2605:9cc0:1ff0:f800::/56",
            "2605:9cc0:1fff:fc00::/54",
            "2605:b140:1000::/48",
            "2606:7b40:1000:2000::/56",
            "2606:7b40:1000:2100::/56",
            "2606:7b40:1000:2270::/60",
            "2606:7b40:1000:3000::/56",
            "2606:7b40:1000:7000::/56",
            "2606:7b40:1000:7200::/60",
            "2606:7b40:1000:7210::/60",
            "2606:7b40:1000:7220::/60",
            "2606:7b40:1000:7240::/60",
            "2606:7b40:1000:7270::/60",
            "2606:7b40:1000:7280::/60",
            "2606:7b40:1000:72a0::/60",
            "2606:7b40:1000:72d0::/60",
            "2606:7b40:1000:72e0::/60",
            "2606:7b40:1000:8000::/56",
            "2606:7b40:1042:3200::/60",
            "2606:7b40:1042::/56",
            "2606:7b40:10f8::/46",
            "2606:7b40:10ff:20::/59",
            "2606:7b40:10ff:40::/59",
            "2606:7b40:10ff:60::/59",
            "2606:7b40:10ff:7000::/56",
            "2606:7b40:10ff:7270::/60",
            "2606:7b40:10ff:8000::/56",
            "2606:7b40:10ff:80::/59",
            "2606:7b40:10ff:9000::/56",
            "2606:7b40:10ff::/59",
            "2606:7b40:10ff:a000::/56",
            "2606:7b40:10ff:a0::/59",
            "2606:7b40:10ff:a200::/60",
            "2606:7b40:10ff:a210::/60",
            "2606:7b40:10ff:a220::/60",
            "2606:7b40:10ff:a230::/60",
            "2606:7b40:10ff:a240::/60",
            "2606:7b40:10ff:a250::/60",
            "2606:7b40:10ff:a270::/60",
            "2606:7b40:10ff:a280::/60",
            "2606:7b40:10ff:a290::/60",
            "2606:7b40:10ff:a2d0::/60",
            "2606:7b40:10ff:a2e0::/60",
            "2606:7b40:10ff:b000::/56",
            "2606:7b40:10ff:c000::/56",
            "2606:7b40:10ff:c0::/59",
            "2606:7b40:10ff:d000::/56",
            "2606:7b40:10ff:d200::/60",
            "2606:7b40:10ff:d210::/60",
            "2606:7b40:10ff:d220::/60",
            "2606:7b40:10ff:d230::/60",
            "2606:7b40:10ff:d240::/60",
            "2606:7b40:10ff:d250::/60",
            "2606:7b40:10ff:d270::/60",
            "2606:7b40:10ff:d280::/60",
            "2606:7b40:10ff:d290::/60",
            "2606:7b40:10ff:d2d0::/60",
            "2606:7b40:10ff:d2f0::/60",
            "2606:7b40:10ff:e000::/56",
            "2606:7b40:10ff:e0::/59",
            "2606:7b40:10ff:e270::/60",
            "2606:7b40:10ff:f000::/56",
            "2606:7b40:10ff:f270::/60",
            "2606:7b40:10ff:ff00::/56",
            "2606:7b40:1800::/40",
            "2606:7b40:1a2c:330::/60",
            "2606:7b40:1a2f:c200::/60",
            "2606:7b40:1a2f:c310::/60",
            "2606:7b40:1a2f:c320::/60",
            "2606:7b40:1a2f:c330::/60",
            "2606:7b40:1a3c:330::/60",
            "2606:7b40:1a3f:c200::/60",
            "2606:7b40:1a3f:c310::/60",
            "2606:7b40:1a3f:c320::/60",
            "2606:7b40:1a3f:c330::/60",
            "2606:7b40:1a4c:330::/60",
            "2606:7b40:1a4f:c200::/60",
            "2606:7b40:1a4f:c240::/60",
            "2606:7b40:1a4f:c310::/60",
            "2606:7b40:1a4f:c320::/60",
            "2606:7b40:1a4f:c330::/60",
            "2606:7b40:1b00:500::/56",
            "2606:7b40:1b00:600::/56",
            "2606:7b40:1b00:700::/56",
            "2606:7b40:1b05:4000::/56",
            "2606:7b40:1b05::/56",
            "2606:7b40:1b05:c000::/56",
            "2606:7b40:1b05:c100::/56",
            "2606:7b40:1b06:8000::/56",
            "2606:7b40:1b06:8100::/56",
            "2606:7b40:1b06::/56",
            "2606:7b40:1b06:c000::/56",
            "2606:7b40:1b07:100::/56",
            "2606:7b40:1b07:4000::/56",
            "2606:7b40:1b07:4100::/56",
            "2606:7b40:1b07:4200::/56",
            "2606:7b40:1b07:8000::/56",
            "2606:7b40:1b07::/56",
            "2606:7b40:1b07:c000::/56",
            "2606:7b40:1b08:100::/56",
            "2606:7b40:1b08::/56",
            "2606:7b40:1b09:100::/56",
            "2606:7b40:1b09:200::/56",
            "2606:7b40:1b09:300::/56",
            "2606:7b40:1b09::/56",
            "2606:7b40:1b0c:100::/56",
            "2606:7b40:1b0c:200::/56",
            "2606:7b40:1b0c:4000::/56",
            "2606:7b40:1b0c::/56",
            "2606:7b40:1b0c:c000::/56",
            "2606:7b40:1b0c:c100::/56",
            "2606:7b40:1b0d:100::/56",
            "2606:7b40:1b0d:4000::/56",
            "2606:7b40:1b0d:4100::/56",
            "2606:7b40:1b0d:8000::/56",
            "2606:7b40:1b0d:8100::/56",
            "2606:7b40:1b0d:8200::/56",
            "2606:7b40:1b0d:8300::/56",
            "2606:7b40:1b0d::/56",
            "2606:7b40:1b0d:c000::/56",
            "2606:7b40:1b0d:c100::/56",
            "2606:7b40:1b0e:100::/56",
            "2606:7b40:1b0e:200::/56",
            "2606:7b40:1b0e:4000::/56",
            "2606:7b40:1b0e::/56",
            "2606:7b40:1b0f:100::/56",
            "2606:7b40:1b0f:200::/56",
            "2606:7b40:1b0f:300::/56",
            "2606:7b40:1b0f:4000::/56",
            "2606:7b40:1b0f:400::/56",
            "2606:7b40:1b0f:4100::/56",
            "2606:7b40:1b0f:4200::/56",
            "2606:7b40:1b0f:4300::/56",
            "2606:7b40:1b0f:500::/56",
            "2606:7b40:1b0f:600::/56",
            "2606:7b40:1b0f:8000::/56",
            "2606:7b40:1b0f:8100::/56",
            "2606:7b40:1b0f::/56",
            "2606:7b40:1b0f:c000::/56",
            "2606:7b40:1b0f:c100::/56",
            "2606:7b40:1b0f:c200::/56",
            "2606:7b40:1b0f:c300::/56",
            "2606:7b40:1b0f:ef00::/56",
            "2606:7b40:1b0f:f000::/56",
            "2606:7b40:1b0f:f100::/56",
            "2606:7b40:1b0f:f200::/56",
            "2606:7b40:1b0f:f300::/56",
            "2606:7b40:1b0f:f400::/56",
            "2606:7b40:1b0f:f800::/56",
            "2606:7b40:1b0f:f900::/56",
            "2606:7b40:1b0f:fa00::/56",
            "2606:7b40:1b0f:fd00::/56",
            "2606:7b40:1f00::/40",
            "2606:7b40:901::/48",
            "2606:7b40:903::/48",
            "2606:7b40:9fc::/48",
            "2606:7b40:9fd::/48",
            "2606:7b40:a3e:200::/60",
            "2606:7b40:a3e:270::/60",
            "2606:7b40:a3e:280::/60",
            "2606:7b40:a3e:3000::/54",
            "2606:7b40:a3e:3400::/54",
            "2606:7b40:a3e:3800::/54",
            "2606:7b40:a3e:3c00::/54",
            "2606:7b40:a3e:c00::/54",
            "2606:7b40:f000:1500::/56",
            "2606:7b40:f000:1600::/56",
            "2606:7b40:f000:1700::/56",
            "2606:8140:100::/40",
            "2606:8140:200::/40",
            "2606:8140:400::/40",
            "2606:8140:500::/40",
            "2606:8140:900::/40",
            "2606:f40:1000::/39",
            "2606:f40:1400::/40",
            "2606:f40:1800::/40",
            "2606:f40:2100::/40",
            "2606:f40:2200::/40",
            "2606:f40:2400::/40",
            "2606:f40:2800::/40",
            "2606:f40:2a00::/40",
            "2606:f40:3200::/40",
            "2606:f40:3e00::/40",
            "2606:f40:400::/39",
            "2606:f40:4400::/39",
            "2606:f40:5800::/40",
            "2606:f40:6100::/40",
            "2606:f40:8000::/39",
            "2606:f40:800::/40",
            "2606:f40:8400::/39",
            "2606:f40:8800::/40",
            "2606:f40:8a00::/40",
            "2606:f40:9000::/39",
            "2606:f40:9400::/40",
            "2606:f40:9800::/40",
            "2606:f40::/39",
            "2606:f40:a00::/40",
            "2606:f40:a100::/40",
            "2606:f40:a200::/40",
            "2606:f40:a400::/40",
            "2606:f40:a800::/40",
            "2606:f40:aa00::/40",
            "2606:f40:b200::/40",
            "2606:f40:be00::/40",
            "2606:f40:c400::/39",
            "2606:f40:d800::/40",
            "2606:f40:e100::/40",
            "2606:f40:ffd2::/48",
            "2606:f40:ffd4::/48",
            "2606:f40:ffe0::/48",
            "2606:f40:ffe2::/48",
            "2606:f40:ffe4::/48",
            "2606:f40:ffe6::/48",
            "2606:f40:ffe8::/48",
            "2606:f40:ffeb::/48",
            "2606:f40:ffed::/48",
            "2606:f40:ffef::/48",
            "2606:f40:fff0::/48",
            "2606:f40:fff2::/48",
            "2606:f40:fff5::/48",
            "2606:f40:fff6::/48",
            "2606:f40:fff7::/48",
            "2606:f40:fff8::/48",
            "2606:f40:fff9::/48",
            "2606:f40:fffa::/48",
            "2606:f40:fffb::/48",
            "2606:f40:fffc::/48",
            "2606:f40:fffd::/48",
            "2606:f40:fffe::/48",
            "2606:f40:ffff::/48",
            "2620:107:3002::/64",
            "2620:107:300f::/48",
            "2620:107:4002::/48",
            "2620:107:4003::/48",
            "2620:107:4004::/48",
            "2620:107:4005::/48",
            "2620:107:4007::/64",
            "2620:108:700f::/64",
            "2620:108:d00f::/64",
            "2631:0:1::/48",
            "2631:0:a::/48",
            "2631:1:101::/48",
            "2631:1:105::/48",
            "2631::/48",
            "2804:800:ff00::/48",
            "2a01:578:13::/48",
            "2a01:578:3::/48",
            "2a05:d000:1000::/40",
            "2a05:d000:2000::/40",
            "2a05:d000:4000::/40",
            "2a05:d000:5000::/40",
            "2a05:d000:6000::/40",
            "2a05:d000:8000::/40",
            "2a05:d000:800::/40",
            "2a05:d000:9000::/40",
            "2a05:d000:a000::/40",
            "2a05:d000:c000::/40",
            "2a05:d000:e000::/40",
            "2a05:d010:8000::/36",
            "2a05:d011::/36",
            "2a05:d012::/36",
            "2a05:d014::/35",
            "2a05:d015::/36",
            "2a05:d016::/36",
            "2a05:d017::/36",
            "2a05:d018:8000::/36",
            "2a05:d018::/35",
            "2a05:d019::/36",
            "2a05:d01a::/36",
            "2a05:d01b::/36",
            "2a05:d01c::/36",
            "2a05:d01d::/36",
            "2a05:d01e::/36",
            "2a05:d01f::/36",
            "2a05:d020:8000::/36",
            "2a05:d021::/36",
            "2a05:d022::/36",
            "2a05:d024::/36",
            "2a05:d025:1000::/36",
            "2a05:d025::/36",
            "2a05:d026::/36",
            "2a05:d027::/36",
            "2a05:d028:8000::/36",
            "2a05:d028::/36",
            "2a05:d029::/36",
            "2a05:d02a::/36",
            "2a05:d02b::/36",
            "2a05:d02c::/36",
            "2a05:d02d::/36",
            "2a05:d02e::/36",
            "2a05:d02f::/36",
            "2a05:d030:1000::/40",
            "2a05:d030:2000::/40",
            "2a05:d030:4000::/40",
            "2a05:d030:5000::/40",
            "2a05:d030:6000::/40",
            "2a05:d030:8000::/40",
            "2a05:d030:800::/40",
            "2a05:d030:9000::/40",
            "2a05:d030:a000::/40",
            "2a05:d030:b000::/40",
            "2a05:d030:c000::/40",
            "2a05:d030:e000::/40",
            "2a05:d031:1000::/40",
            "2a05:d031:2000::/40",
            "2a05:d031:4000::/40",
            "2a05:d031:5000::/40",
            "2a05:d031:6000::/40",
            "2a05:d031:8000::/40",
            "2a05:d031:800::/40",
            "2a05:d031:9000::/40",
            "2a05:d031:a000::/40",
            "2a05:d031:b000::/40",
            "2a05:d031:c000::/40",
            "2a05:d031:e000::/40",
            "2a05:d032:1000::/40",
            "2a05:d032:2000::/40",
            "2a05:d032:4000::/40",
            "2a05:d032:5000::/40",
            "2a05:d032:6000::/40",
            "2a05:d032:8000::/40",
            "2a05:d032:800::/40",
            "2a05:d032:9000::/40",
            "2a05:d032:a000::/40",
            "2a05:d032:b000::/40",
            "2a05:d032:c000::/40",
            "2a05:d032:e000::/40",
            "2a05:d033:1000::/40",
            "2a05:d033:2000::/40",
            "2a05:d033:4000::/40",
            "2a05:d033:5000::/40",
            "2a05:d033:6000::/40",
            "2a05:d033:8000::/40",
            "2a05:d033:800::/40",
            "2a05:d033:9000::/40",
            "2a05:d033:a000::/40",
            "2a05:d033:b000::/40",
            "2a05:d033:c000::/40",
            "2a05:d033:e000::/40",
            "2a05:d036:1000::/40",
            "2a05:d036:2000::/40",
            "2a05:d036:4000::/40",
            "2a05:d036:5000::/40",
            "2a05:d036:6000::/40",
            "2a05:d036:8000::/40",
            "2a05:d036:800::/40",
            "2a05:d036:9000::/40",
            "2a05:d036:a000::/40",
            "2a05:d036:b000::/40",
            "2a05:d036:c000::/40",
            "2a05:d036:e000::/40",
            "2a05:d038:1000::/40",
            "2a05:d038:2000::/40",
            "2a05:d038:4000::/40",
            "2a05:d038:5000::/40",
            "2a05:d038:6000::/40",
            "2a05:d038:8000::/40",
            "2a05:d038:800::/40",
            "2a05:d038:9000::/40",
            "2a05:d038:a000::/40",
            "2a05:d038:b000::/40",
            "2a05:d038:c000::/40",
            "2a05:d038:e000::/40",
            "2a05:d03a:1000::/40",
            "2a05:d03a:2000::/40",
            "2a05:d03a:4000::/40",
            "2a05:d03a:5000::/40",
            "2a05:d03a:6000::/40",
            "2a05:d03a:8000::/40",
            "2a05:d03a:800::/40",
            "2a05:d03a:9000::/40",
            "2a05:d03a:a000::/40",
            "2a05:d03a:b000::/40",
            "2a05:d03a:c000::/40",
            "2a05:d03a:e000::/40",
            "2a05:d040:1000::/40",
            "2a05:d040:2000::/40",
            "2a05:d040:4000::/40",
            "2a05:d040:5000::/40",
            "2a05:d040:6000::/40",
            "2a05:d040:8000::/40",
            "2a05:d040:800::/40",
            "2a05:d040:9000::/40",
            "2a05:d040:a000::/40",
            "2a05:d040:b000::/40",
            "2a05:d040:c000::/40",
            "2a05:d040:e000::/40",
            "2a05:d059:1000::/40",
            "2a05:d059:2000::/40",
            "2a05:d059:4000::/40",
            "2a05:d059:5000::/40",
            "2a05:d059:6000::/40",
            "2a05:d059:8000::/40",
            "2a05:d059:800::/40",
            "2a05:d059:9000::/40",
            "2a05:d059:a000::/40",
            "2a05:d059:b000::/40",
            "2a05:d059:c000::/40",
            "2a05:d059:e000::/40",
            "2a05:d05a:1000::/40",
            "2a05:d05a:2000::/40",
            "2a05:d05a:4000::/40",
            "2a05:d05a:5000::/40",
            "2a05:d05a:6000::/40",
            "2a05:d05a:8000::/40",
            "2a05:d05a:800::/40",
            "2a05:d05a:9000::/40",
            "2a05:d05a:a000::/40",
            "2a05:d05a:b000::/40",
            "2a05:d05a:c000::/40",
            "2a05:d05a:e000::/40",
            "2a05:d05b:1000::/40",
            "2a05:d05b:2000::/40",
            "2a05:d05b:4000::/40",
            "2a05:d05b:5000::/40",
            "2a05:d05b:6000::/40",
            "2a05:d05b:8000::/40",
            "2a05:d05b:800::/40",
            "2a05:d05b:9000::/40",
            "2a05:d05b:a000::/40",
            "2a05:d05b:b000::/40",
            "2a05:d05b:c000::/40",
            "2a05:d05b:e000::/40",
            "2a05:d06a:1000::/40",
            "2a05:d06a:2000::/40",
            "2a05:d06a:4000::/40",
            "2a05:d06a:5000::/40",
            "2a05:d06a:6000::/40",
            "2a05:d06a:8000::/40",
            "2a05:d06a:800::/40",
            "2a05:d06a:9000::/40",
            "2a05:d06a:a000::/40",
            "2a05:d06a:b000::/40",
            "2a05:d06a:c000::/40",
            "2a05:d06a:e000::/40",
            "2a05:d06b:1000::/40",
            "2a05:d06b:2000::/40",
            "2a05:d06b:4000::/40",
            "2a05:d06b:5000::/40",
            "2a05:d06b:6000::/40",
            "2a05:d06b:8000::/40",
            "2a05:d06b:800::/40",
            "2a05:d06b:9000::/40",
            "2a05:d06b:a000::/40",
            "2a05:d06b:b000::/40",
            "2a05:d06b:c000::/40",
            "2a05:d06b:e000::/40",
            "2a05:d06f:1000::/40",
            "2a05:d06f:2000::/40",
            "2a05:d06f:4000::/40",
            "2a05:d06f:5000::/40",
            "2a05:d06f:6000::/40",
            "2a05:d06f:8000::/40",
            "2a05:d06f:800::/40",
            "2a05:d06f:9000::/40",
            "2a05:d06f:a000::/40",
            "2a05:d06f:b000::/40",
            "2a05:d06f:c000::/40",
            "2a05:d06f:e000::/40",
            "2a05:d070:1000::/40",
            "2a05:d070:2000::/40",
            "2a05:d070:4000::/40",
            "2a05:d070:5000::/40",
            "2a05:d070:6000::/40",
            "2a05:d070:8000::/40",
            "2a05:d070:800::/40",
            "2a05:d070:9000::/40",
            "2a05:d070:a000::/40",
            "2a05:d070:b000::/40",
            "2a05:d070:c000::/40",
            "2a05:d070:e000::/40",
            "2a05:d072:1000::/40",
            "2a05:d072:2000::/40",
            "2a05:d072:4000::/40",
            "2a05:d072:5000::/40",
            "2a05:d072:6000::/40",
            "2a05:d072:8000::/40",
            "2a05:d072:800::/40",
            "2a05:d072:9000::/40",
            "2a05:d072:a000::/40",
            "2a05:d072:b000::/40",
            "2a05:d072:c000::/40",
            "2a05:d072:e000::/40",
            "2a05:d073:1000::/40",
            "2a05:d073:2000::/40",
            "2a05:d073:4000::/40",
            "2a05:d073:5000::/40",
            "2a05:d073:6000::/40",
            "2a05:d073:8000::/40",
            "2a05:d073:800::/40",
            "2a05:d073:9000::/40",
            "2a05:d073:a000::/40",
            "2a05:d073:b000::/40",
            "2a05:d073:c000::/40",
            "2a05:d073:e000::/40",
            "2a05:d074:1000::/40",
            "2a05:d074:2000::/40",
            "2a05:d074:4000::/40",
            "2a05:d074:5000::/40",
            "2a05:d074:6000::/40",
            "2a05:d074:8000::/40",
            "2a05:d074:800::/40",
            "2a05:d074:9000::/40",
            "2a05:d074:a000::/40",
            "2a05:d074:b000::/40",
            "2a05:d074:c000::/40",
            "2a05:d074:e000::/40",
            "2a05:d076:1000::/40",
            "2a05:d076:2000::/40",
            "2a05:d076:4000::/40",
            "2a05:d076:5000::/40",
            "2a05:d076:6000::/40",
            "2a05:d076:8000::/40",
            "2a05:d076:800::/40",
            "2a05:d076:9000::/40",
            "2a05:d076:a000::/40",
            "2a05:d076:b000::/40",
            "2a05:d076:c000::/40",
            "2a05:d076:e000::/40",
            "2a05:d07d:1000::/40",
            "2a05:d07d:2000::/40",
            "2a05:d07d:4000::/40",
            "2a05:d07d:5000::/40",
            "2a05:d07d:6000::/40",
            "2a05:d07d:8000::/40",
            "2a05:d07d:800::/40",
            "2a05:d07d:9000::/40",
            "2a05:d07d:a000::/40",
            "2a05:d07d:b000::/40",
            "2a05:d07d:c000::/40",
            "2a05:d07d:e000::/40",
            "2a05:d07f:1000::/40",
            "2a05:d07f:2000::/40",
            "2a05:d07f:4000::/40",
            "2a05:d07f:5000::/40",
            "2a05:d07f:6000::/40",
            "2a05:d07f:8000::/40",
            "2a05:d07f:800::/40",
            "2a05:d07f:9000::/40",
            "2a05:d07f:a000::/40",
            "2a05:d07f:b000::/40",
            "2a05:d07f:c000::/40",
            "2a05:d07f:e000::/40",
            "2a05:d07f:f000::/40"
          ],
          "regions": null,
          "services": [
            "ec2"
          ],
          "sync_token": 1775045885,
          "url": "https://ip-ranges.amazonaws.com/ip-ranges.json"
        }
      },
      "type": [
        "object",
        {
          "create_date": "string",
          "id": "string",
          "regions": [
            "set",
            "string"
          ],
          "services": [
            "set",
            "string"
          ],
          "sync_token": "number",
          "url": "string",
          "us_east_ip_range2": [
            "object",
            {
              "cidr_blocks": [
                "list",
                "string"
              ],
              "create_date": "string",
              "id": "string",
              "ipv6_cidr_blocks": [
                "list",
                "string"
              ],
              "regions": [
                "set",
                "string"
              ],
              "services": [
                "set",
                "string"
              ],
              "sync_token": "number",
              "url": "string"
            }
          ]
        }
      ]
    },
    "____________________aws_security_group____________________": {
      "value": {
        "description": "Allow HTTPS from AWS EC2 IP ranges in us-east-1 and us-east-2",
        "egress_rules": [],
        "ingress_rules": [
          {
            "cidr_blocks": [
              "1.178.4.0/24",
              "1.178.5.0/24",
              "1.178.6.0/24",
              "100.24.0.0/13",
              "100.48.0.0/12",
              "107.20.0.0/14",
              "13.128.0.0/16",
              "13.130.0.0/16",
              "13.216.0.0/13",
              "136.18.128.0/23",
              "136.18.130.0/23",
              "136.18.132.0/23",
              "136.18.136.0/23",
              "136.18.138.0/23",
              "136.18.160.0/23",
              "136.18.254.0/23",
              "136.18.50.0/23",
              "139.56.18.0/23",
              "139.56.20.0/23",
              "139.56.22.0/23",
              "139.56.24.0/23",
              "139.56.26.0/23",
              "139.56.28.0/23",
              "139.56.30.0/23",
              "139.56.34.0/24",
              "142.4.178.0/24",
              "15.129.32.0/23",
              "15.177.64.0/23",
              "15.181.112.0/22",
              "15.181.120.0/21",
              "15.181.144.0/20",
              "15.181.160.0/20",
              "15.181.176.0/20",
              "15.181.192.0/19",
              "15.181.224.0/21",
              "15.181.232.0/21",
              "15.181.240.0/24",
              "15.181.241.0/24",
              "15.181.242.0/24",
              "15.181.243.0/24",
              "15.181.244.0/24",
              "15.181.246.0/24",
              "15.181.247.0/24",
              "15.181.249.0/24",
              "15.181.254.0/24",
              "15.181.32.0/21",
              "15.181.40.0/21",
              "15.181.48.0/20",
              "15.181.80.0/20",
              "15.181.96.0/20"
            ],
            "description": "",
            "from_port": 443,
            "ipv6_cidr_blocks": [],
            "prefix_list_ids": [],
            "protocol": "tcp",
            "security_groups": [],
            "self": false,
            "to_port": 443
          }
        ],
        "region": "us-east-1",
        "security_group_arn": "arn:aws:ec2:us-east-1:799168221060:security-group/sg-084d1b5ad96cdbca2",
        "security_group_id": "sg-084d1b5ad96cdbca2",
        "security_group_name": "custom_us_east",
        "tags": {
          "CreateDate": "2026-04-01-12-18-05",
          "SyncToken": "1775045885"
        }
      },
      "type": [
        "object",
        {
          "description": "string",
          "egress_rules": [
            "set",
            [
              "object",
              {
                "cidr_blocks": [
                  "list",
                  "string"
                ],
                "description": "string",
                "from_port": "number",
                "ipv6_cidr_blocks": [
                  "list",
                  "string"
                ],
                "prefix_list_ids": [
                  "list",
                  "string"
                ],
                "protocol": "string",
                "security_groups": [
                  "set",
                  "string"
                ],
                "self": "bool",
                "to_port": "number"
              }
            ]
          ],
          "ingress_rules": [
            "set",
            [
              "object",
              {
                "cidr_blocks": [
                  "list",
                  "string"
                ],
                "description": "string",
                "from_port": "number",
                "ipv6_cidr_blocks": [
                  "list",
                  "string"
                ],
                "prefix_list_ids": [
                  "list",
                  "string"
                ],
                "protocol": "string",
                "security_groups": [
                  "set",
                  "string"
                ],
                "self": "bool",
                "to_port": "number"
              }
            ]
          ],
          "region": "string",
          "security_group_arn": "string",
          "security_group_id": "string",
          "security_group_name": "string",
          "tags": [
            "map",
            "string"
          ]
        }
      ]
    }
  },
  "resources": [
    {
      "mode": "data",
      "type": "aws_ami",
      "name": "latest-ubuntu",
      "provider": "provider[\"registry.terraform.io/hashicorp/aws\"]",
      "instances": [
        {
          "schema_version": 0,
          "attributes": {
            "allow_unsafe_filter": null,
            "architecture": "x86_64",
            "arn": "arn:aws:ec2:us-east-1::image/ami-00de3875b03809ec5",
            "block_device_mappings": [
              {
                "device_name": "/dev/sda1",
                "ebs": {
                  "delete_on_termination": "true",
                  "encrypted": "false",
                  "iops": "0",
                  "snapshot_id": "snap-0986d8cd7a99c0752",
                  "throughput": "0",
                  "volume_initialization_rate": "0",
                  "volume_size": "8",
                  "volume_type": "gp2"
                },
                "no_device": "",
                "virtual_name": ""
              },
              {
                "device_name": "/dev/sdb",
                "ebs": {},
                "no_device": "",
                "virtual_name": "ephemeral0"
              },
              {
                "device_name": "/dev/sdc",
                "ebs": {},
                "no_device": "",
                "virtual_name": "ephemeral1"
              }
            ],
            "boot_mode": "uefi-preferred",
            "creation_date": "2026-03-20T06:59:01.000Z",
            "deprecation_time": "2028-03-20T06:59:01.000Z",
            "description": "Canonical, Ubuntu, 22.04, amd64 jammy image",
            "ena_support": true,
            "executable_users": null,
            "filter": [
              {
                "name": "name",
                "values": [
                  "ubuntu/images/hvm-ssd/*"
                ]
              },
              {
                "name": "virtualization-type",
                "values": [
                  "hvm"
                ]
              }
            ],
            "hypervisor": "xen",
            "id": "ami-00de3875b03809ec5",
            "image_id": "ami-00de3875b03809ec5",
            "image_location": "amazon/ubuntu/images/hvm-ssd/ubuntu-jammy-22.04-amd64-server-20260320",
            "image_owner_alias": "amazon",
            "image_type": "machine",
            "imds_support": "",
            "include_deprecated": false,
            "kernel_id": "",
            "last_launched_time": "",
            "most_recent": true,
            "name": "ubuntu/images/hvm-ssd/ubuntu-jammy-22.04-amd64-server-20260320",
            "name_regex": null,
            "owner_id": "099720109477",
            "owners": [
              "099720109477"
            ],
            "platform": "",
            "platform_details": "Linux/UNIX",
            "product_codes": [],
            "public": true,
            "ramdisk_id": "",
            "region": "us-east-1",
            "root_device_name": "/dev/sda1",
            "root_device_type": "ebs",
            "root_snapshot_id": "snap-0986d8cd7a99c0752",
            "sriov_net_support": "simple",
            "state": "available",
            "state_reason": {
              "code": "UNSET",
              "message": "UNSET"
            },
            "tags": {},
            "timeouts": null,
            "tpm_support": "",
            "uefi_data": null,
            "usage_operation": "RunInstances",
            "virtualization_type": "hvm"
          },
          "sensitive_attributes": [],
          "identity_schema_version": 0
        }
      ]
    },
    {
      "mode": "data",
      "type": "aws_availability_zones",
      "name": "avilable",
      "provider": "provider[\"registry.terraform.io/hashicorp/aws\"]",
      "instances": [
        {
          "schema_version": 0,
          "attributes": {
            "all_availability_zones": null,
            "exclude_names": null,
            "exclude_zone_ids": null,
            "filter": null,
            "group_names": [
              "us-east-1-zg-1"
            ],
            "id": "us-east-1",
            "names": [
              "us-east-1a",
              "us-east-1b",
              "us-east-1c",
              "us-east-1d",
              "us-east-1e",
              "us-east-1f"
            ],
            "region": "us-east-1",
            "state": null,
            "timeouts": null,
            "zone_ids": [
              "use1-az2",
              "use1-az4",
              "use1-az6",
              "use1-az1",
              "use1-az3",
              "use1-az5"
            ]
          },
          "sensitive_attributes": [],
          "identity_schema_version": 0
        }
      ]
    },
    {
      "mode": "data",
      "type": "aws_ip_ranges",
      "name": "us_east_ip_range",
      "provider": "provider[\"registry.terraform.io/hashicorp/aws\"]",
      "instances": [
        {
          "schema_version": 0,
          "attributes": {
            "cidr_blocks": [
              "1.178.4.0/24",
              "1.178.5.0/24",
              "1.178.6.0/24",
              "100.24.0.0/13",
              "100.48.0.0/12",
              "107.20.0.0/14",
              "13.128.0.0/16",
              "13.130.0.0/16",
              "13.216.0.0/13",
              "136.18.128.0/23",
              "136.18.130.0/23",
              "136.18.132.0/23",
              "136.18.136.0/23",
              "136.18.138.0/23",
              "136.18.160.0/23",
              "136.18.254.0/23",
              "136.18.50.0/23",
              "139.56.18.0/23",
              "139.56.20.0/23",
              "139.56.22.0/23",
              "139.56.24.0/23",
              "139.56.26.0/23",
              "139.56.28.0/23",
              "139.56.30.0/23",
              "139.56.34.0/24",
              "142.4.178.0/24",
              "15.129.32.0/23",
              "15.177.64.0/23",
              "15.181.112.0/22",
              "15.181.120.0/21",
              "15.181.144.0/20",
              "15.181.160.0/20",
              "15.181.176.0/20",
              "15.181.192.0/19",
              "15.181.224.0/21",
              "15.181.232.0/21",
              "15.181.240.0/24",
              "15.181.241.0/24",
              "15.181.242.0/24",
              "15.181.243.0/24",
              "15.181.244.0/24",
              "15.181.246.0/24",
              "15.181.247.0/24",
              "15.181.249.0/24",
              "15.181.254.0/24",
              "15.181.32.0/21",
              "15.181.40.0/21",
              "15.181.48.0/20",
              "15.181.80.0/20",
              "15.181.96.0/20",
              "15.193.128.0/22",
              "15.193.6.0/24",
              "15.220.120.0/21",
              "15.220.176.0/21",
              "15.220.184.0/21",
              "15.220.196.0/22",
              "15.220.220.0/23",
              "15.220.222.0/23",
              "15.220.233.0/24",
              "15.220.234.0/23",
              "15.220.236.0/22",
              "15.220.248.0/23",
              "15.220.250.0/23",
              "151.148.36.0/24",
              "155.146.0.0/20",
              "155.146.176.0/20",
              "155.146.192.0/20",
              "155.146.208.0/20",
              "155.146.224.0/20",
              "155.146.240.0/20",
              "155.146.32.0/20",
              "155.146.48.0/20",
              "155.146.64.0/20",
              "155.146.80.0/20",
              "155.146.96.0/20",
              "16.15.176.0/20",
              "16.15.192.0/18",
              "16.214.0.0/22",
              "16.56.0.0/18",
              "16.56.128.0/18",
              "16.56.192.0/18",
              "16.56.64.0/18",
              "161.178.0.0/18",
              "161.178.128.0/18",
              "161.188.0.0/20",
              "161.188.112.0/22",
              "161.188.116.0/22",
              "161.188.120.0/22",
              "161.188.127.0/24",
              "161.188.16.0/20",
              "161.188.48.0/20",
              "161.188.64.0/20",
              "161.188.80.0/20",
              "161.193.0.0/18",
              "162.250.236.0/24",
              "162.250.237.0/24",
              "162.250.238.0/23",
              "168.185.5.0/24",
              "173.83.200.0/22",
              "174.129.0.0/16",
              "18.204.0.0/14",
              "18.208.0.0/13",
              "18.232.0.0/14",
              "18.34.0.0/19",
              "18.34.232.0/21",
              "18.88.0.0/18",
              "18.88.64.0/18",
              "18.89.128.0/18",
              "18.96.0.0/24",
              "18.96.1.0/24",
              "18.96.2.0/24",
              "18.96.3.0/24",
              "18.96.4.0/22",
              "18.97.0.0/18",
              "184.72.128.0/17",
              "184.72.64.0/18",
              "184.73.0.0/16",
              "192.157.36.0/24",
              "192.43.175.0/24",
              "198.41.100.0/24",
              "198.41.101.0/24",
              "198.41.102.0/24",
              "198.41.96.0/24",
              "198.41.97.0/24",
              "198.41.98.0/24",
              "198.41.99.0/24",
              "204.236.192.0/18",
              "204.87.185.0/24",
              "206.72.209.0/24",
              "208.110.48.0/20",
              "208.86.88.0/23",
              "216.182.224.0/21",
              "216.182.232.0/22",
              "216.182.238.0/23",
              "216.198.193.0/24",
              "216.198.224.0/22",
              "216.198.240.0/22",
              "216.198.252.0/22",
              "216.244.40.0/21",
              "216.244.7.0/24",
              "23.20.0.0/14",
              "23.228.228.0/22",
              "24.110.16.0/20",
              "3.2.0.0/24",
              "3.2.2.0/24",
              "3.2.3.0/24",
              "3.2.64.0/24",
              "3.2.65.0/24",
              "3.2.74.0/24",
              "3.208.0.0/12",
              "3.224.0.0/12",
              "3.3.2.0/24",
              "3.3.32.0/23",
              "3.3.5.0/24",
              "3.4.0.0/24",
              "3.4.1.0/24",
              "3.4.10.0/24",
              "3.4.2.0/24",
              "3.4.9.0/24",
              "3.41.128.0/17",
              "3.5.0.0/19",
              "3.80.0.0/12",
              "31.220.220.0/22",
              "31.220.236.0/24",
              "32.192.0.0/13",
              "34.192.0.0/12",
              "34.224.0.0/12",
              "35.111.255.0/24",
              "35.153.0.0/16",
              "35.168.0.0/13",
              "35.50.137.0/24",
              "35.50.139.0/24",
              "35.50.141.0/24",
              "35.54.32.0/21",
              "35.55.29.0/24",
              "35.55.30.0/24",
              "35.55.32.0/24",
              "35.71.68.0/22",
              "35.71.76.0/22",
              "35.96.144.0/20",
              "35.96.253.0/24",
              "35.96.28.0/23",
              "35.96.32.0/24",
              "40.235.64.0/18",
              "44.192.0.0/11",
              "46.51.208.0/22",
              "5.179.96.0/20",
              "5.60.64.0/19",
              "50.16.0.0/15",
              "50.19.0.0/16",
              "52.0.0.0/15",
              "52.2.0.0/15",
              "52.20.0.0/14",
              "52.200.0.0/13",
              "52.4.0.0/14",
              "52.44.0.0/15",
              "52.54.0.0/15",
              "52.70.0.0/15",
              "52.72.0.0/15",
              "52.86.0.0/15",
              "52.90.0.0/15",
              "52.94.201.0/26",
              "52.94.248.0/28",
              "52.95.245.0/24",
              "52.95.255.80/28",
              "54.112.0.0/18",
              "54.144.0.0/14",
              "54.152.0.0/16",
              "54.156.0.0/14",
              "54.160.0.0/13",
              "54.172.0.0/15",
              "54.174.0.0/15",
              "54.196.0.0/15",
              "54.198.0.0/16",
              "54.204.0.0/15",
              "54.208.0.0/15",
              "54.210.0.0/15",
              "54.221.0.0/16",
              "54.224.0.0/15",
              "54.226.0.0/15",
              "54.234.0.0/15",
              "54.236.0.0/15",
              "54.239.103.128/26",
              "54.242.0.0/15",
              "54.25.14.0/24",
              "54.25.15.0/24",
              "54.25.20.0/24",
              "54.25.82.0/24",
              "54.26.166.0/24",
              "54.80.0.0/13",
              "54.88.0.0/14",
              "54.92.128.0/17",
              "63.246.119.0/24",
              "64.187.128.0/20",
              "64.252.125.0/24",
              "64.252.64.0/24",
              "64.252.66.0/24",
              "64.252.67.0/24",
              "64.252.68.0/24",
              "64.252.69.0/24",
              "64.73.192.0/24",
              "64.73.193.0/24",
              "64.73.194.0/24",
              "64.73.195.0/24",
              "64.73.196.0/24",
              "64.73.197.0/24",
              "64.73.198.0/24",
              "64.73.199.0/24",
              "64.73.200.0/24",
              "64.73.201.0/24",
              "64.73.202.0/24",
              "67.202.0.0/18",
              "68.66.112.0/20",
              "70.232.92.0/22",
              "72.41.0.0/20",
              "72.44.32.0/19",
              "75.101.128.0/17",
              "75.2.128.0/18",
              "75.22.192.0/18",
              "75.47.0.0/18",
              "96.0.100.0/23",
              "96.0.102.0/23",
              "96.0.104.0/22",
              "96.0.12.0/22",
              "96.0.131.0/24",
              "96.0.152.0/21",
              "96.0.16.0/21",
              "96.0.48.0/21",
              "96.0.56.0/22",
              "96.0.84.0/22",
              "96.0.88.0/22",
              "96.0.92.0/23",
              "96.0.96.0/22",
              "98.80.0.0/13",
              "98.88.0.0/13",
              "99.150.8.0/21",
              "99.151.184.0/23",
              "99.151.190.0/23",
              "99.77.128.0/24",
              "99.77.129.0/24",
              "99.77.151.0/24",
              "99.77.187.0/24",
              "99.77.191.0/24",
              "99.77.254.0/24"
            ],
            "create_date": "2026-04-01-12-18-05",
            "id": "1775045885",
            "ipv6_cidr_blocks": [
              "2406:da00:ff00::/48",
              "2600:1f00:8000::/40",
              "2600:1f10:4000::/36",
              "2600:1f10:8000::/36",
              "2600:1f10:c000::/36",
              "2600:1f11:4000::/36",
              "2600:1f11:8000::/36",
              "2600:1f12:4000::/36",
              "2600:1f12:c000::/36",
              "2600:1f13:8000::/36",
              "2600:1f14:4000::/36",
              "2600:1f15:4000::/36",
              "2600:1f15:8000::/36",
              "2600:1f15:c000::/36",
              "2600:1f17:8000::/36",
              "2600:1f17:c000::/36",
              "2600:1f18:8000::/36",
              "2600:1f18::/33",
              "2600:1f19:4000::/36",
              "2600:1f19:8000::/36",
              "2600:1f19:c000::/36",
              "2600:1f1a:8000::/36",
              "2600:1f1a:c000::/36",
              "2600:1f1b:4000::/36",
              "2600:1f1c:8000::/36",
              "2600:1f1c:c000::/36",
              "2600:1f1d:4000::/36",
              "2600:1f1f:4000::/36",
              "2600:1f1f:8000::/36",
              "2600:1f20:8000::/36",
              "2600:1f21:4000::/36",
              "2600:1f21:8000::/36",
              "2600:1f22:c000::/36",
              "2600:1f23:8000::/36",
              "2600:1f24:4000::/36",
              "2600:1f25:4000::/36",
              "2600:1f25:8000::/36",
              "2600:1f25:c000::/36",
              "2600:1f27:8000::/36",
              "2600:1f27:c000::/36",
              "2600:1f28:8000::/36",
              "2600:1f28::/36",
              "2600:1f29:4000::/36",
              "2600:1f29:8000::/36",
              "2600:1f29:c000::/36",
              "2600:1f2a:8000::/36",
              "2600:1f2a:c000::/36",
              "2600:1f2b:4000::/36",
              "2600:1f2c:8000::/36",
              "2600:1f2c:c000::/36",
              "2600:1f2d:4000::/36",
              "2600:1f2f:4000::/36",
              "2600:1f2f:8000::/36",
              "2600:1f30:8000::/39",
              "2600:1f32:8000::/39",
              "2600:1f33:8000::/39",
              "2600:1f36:8000::/39",
              "2600:1f38:8000::/39",
              "2600:1f60:8000::/39",
              "2600:1f61:8000::/39",
              "2600:1f70:8000::/39",
              "2600:1fb9:8000::/39",
              "2600:1fba:8000::/39",
              "2600:1fbb:8000::/38",
              "2600:1fe9:8000::/39",
              "2600:1fea:8000::/39",
              "2600:1feb:8000::/39",
              "2600:1fef:8000::/39",
              "2600:1ff0:8000::/39",
              "2600:1ff2:8000::/39",
              "2600:1ff3:8000::/39",
              "2600:1ff4:8000::/39",
              "2600:1ff6:8000::/39",
              "2600:1ffd:803f::/48",
              "2600:1ffd:8066::/48",
              "2600:1ffd:807b::/48",
              "2600:1ffd:807f::/48",
              "2600:1fff:2c00::/40",
              "2600:1fff:8000::/39",
              "2600:9000:5201::/48",
              "2600:9000:5203::/48",
              "2600:9000:5210::/48",
              "2600:f000::/39",
              "2600:f00c::/39",
              "2600:f0f0:0:100::/56",
              "2600:f0f0:0:200::/62",
              "2600:f0f0:0:204::/62",
              "2600:f0f0:0:208::/62",
              "2600:f0f0:0:20c::/62",
              "2600:f0f0:0:210::/62",
              "2600:f0f0:0:214::/62",
              "2600:f0f0:0:218::/62",
              "2600:f0f0:0:21c::/62",
              "2600:f0f0:1000::/44",
              "2600:f0f0:111c::/48",
              "2600:f0f0:111d::/48",
              "2600:f0f0:111f::/48",
              "2600:f0f0:11::/48",
              "2600:f0f0:1:1f00::/56",
              "2600:f0f0:1:fd00::/56",
              "2600:f0f0:2::/48",
              "2600:f0f0:4100::/48",
              "2600:f0f0:500::/48",
              "2600:f0f0:5503::/48",
              "2600:f0f0:5518::/48",
              "2600:f0f0:5519::/48",
              "2600:f0f0:551a::/48",
              "2600:f0f0:551b::/48",
              "2600:f0f0:551c::/48",
              "2600:f0f0:551d::/48",
              "2600:f0f0:6000::/44",
              "2600:f0f0:600:200::/55",
              "2600:f0f0:600::/55",
              "2600:f0f0:6010::/44",
              "2600:f0f0:6100::/48",
              "2600:f0f0:6101::/48",
              "2600:f0f0:610a::/48",
              "2600:f0f0:700::/44",
              "2600:f0f0:80::/48",
              "2600:f0f0:8101::/48",
              "2600:f0f0:8180::/48",
              "2600:f0f0:90:1400::/56",
              "2600:f0f0:91::/48",
              "2600:f0f0:a0::/48",
              "2600:f0f0:c000::/48",
              "2600:f0f0:c002::/48",
              "2600:f0f0:c040::/48",
              "2600:f0f0:e0d::/48",
              "2600:f0f0:e0f::/48",
              "2600:f0f0:e11::/48",
              "2600:f0f0:f00:100::/56",
              "2600:f0f0:f00:200::/56",
              "2600:f0f0:f00:300::/56",
              "2600:f0f0:f00:400::/56",
              "2600:f0f0:f00:500::/56",
              "2600:f0f0:f00::/56",
              "2600:f0f1:10::/47",
              "2600:f0f1:12::/47",
              "2600:f0f1:42c0::/42",
              "2600:f0f1:8801::/48",
              "2600:f0f1:8a00::/44",
              "2600:f0f1:8a10::/48",
              "2600:f0f1:8b00::/48",
              "2600:f0f2:7010::/48",
              "2600:f0f2:7011::/48",
              "2600:f0f2:7012::/48",
              "2600:f0f2:7101::/48",
              "2600:f0fb:e000::/40",
              "2600:f0fb:e100::/40",
              "2600:f0fb:e300::/40",
              "2600:f0fb:e500::/40",
              "2600:f0fb:e600::/40",
              "2600:f0fb:e800::/40",
              "2600:f0fb:e900::/40",
              "2600:f0fb:ea00::/40",
              "2600:f0fb:eb00::/40",
              "2600:f0fb:ec00::/40",
              "2600:f0fb:f024::/48",
              "2600:f0fb:f100::/48",
              "2602:f7db::/44",
              "2605:9cc0:1ff0:3c00::/56",
              "2605:9cc0:1ff0:400::/56",
              "2605:9cc0:1ff0:500::/56",
              "2605:9cc0:1ff0:600::/56",
              "2605:9cc0:1ff0:700::/56",
              "2605:9cc0:1ff0:8000::/56",
              "2605:9cc0:1ff0:800::/56",
              "2605:9cc0:1ff0:900::/56",
              "2605:9cc0:1ff0::/56",
              "2605:9cc0:1ff0:f800::/56",
              "2605:9cc0:1fff:fc00::/54",
              "2606:7b40:1b0f:100::/56",
              "2606:7b40:1b0f:200::/56",
              "2606:7b40:1b0f:300::/56",
              "2606:7b40:1b0f:400::/56",
              "2606:7b40:1b0f:500::/56",
              "2606:7b40:1b0f:600::/56",
              "2606:7b40:1b0f::/56",
              "2606:8140:500::/40",
              "2606:f40:8000::/39",
              "2606:f40::/39",
              "2606:f40:fffc::/48",
              "2606:f40:fffe::/48",
              "2620:107:3002::/64",
              "2620:107:4007::/64"
            ],
            "regions": [
              "us-east-1"
            ],
            "services": [
              "ec2"
            ],
            "sync_token": 1775045885,
            "url": "https://ip-ranges.amazonaws.com/ip-ranges.json"
          },
          "sensitive_attributes": [],
          "identity_schema_version": 0
        }
      ]
    },
    {
      "mode": "data",
      "type": "aws_ip_ranges",
      "name": "us_east_ip_range2",
      "provider": "provider[\"registry.terraform.io/hashicorp/aws\"]",
      "instances": [
        {
          "schema_version": 0,
          "attributes": {
            "cidr_blocks": [
              "1.178.1.0/24",
              "1.178.10.0/24",
              "1.178.100.0/24",
              "1.178.101.0/24",
              "1.178.102.0/24",
              "1.178.103.0/24",
              "1.178.11.0/24",
              "1.178.16.0/24",
              "1.178.17.0/24",
              "1.178.174.0/24",
              "1.178.18.0/24",
              "1.178.19.0/24",
              "1.178.20.0/24",
              "1.178.21.0/24",
              "1.178.22.0/24",
              "1.178.23.0/24",
              "1.178.24.0/24",
              "1.178.25.0/24",
              "1.178.26.0/24",
              "1.178.27.0/24",
              "1.178.28.0/24",
              "1.178.29.0/24",
              "1.178.30.0/24",
              "1.178.31.0/24",
              "1.178.4.0/24",
              "1.178.5.0/24",
              "1.178.6.0/24",
              "1.178.64.0/24",
              "1.178.65.0/24",
              "1.178.7.0/24",
              "1.178.8.0/24",
              "1.178.86.0/23",
              "1.178.88.0/24",
              "1.178.89.0/24",
              "1.178.9.0/24",
              "1.178.90.0/24",
              "1.178.91.0/24",
              "1.178.92.0/24",
              "1.178.93.0/24",
              "1.178.94.0/24",
              "1.178.95.0/24",
              "100.20.0.0/14",
              "100.24.0.0/13",
              "100.48.0.0/12",
              "103.13.188.0/24",
              "103.13.189.0/24",
              "103.4.8.0/21",
              "107.176.0.0/15",
              "107.20.0.0/14",
              "108.128.0.0/13",
              "108.136.0.0/15",
              "108.175.56.0/22",
              "108.175.60.0/22",
              "110.238.2.0/23",
              "122.200.61.0/24",
              "122.248.192.0/18",
              "13.112.0.0/14",
              "13.124.0.0/16",
              "13.125.0.0/16",
              "13.126.0.0/15",
              "13.128.0.0/16",
              "13.130.0.0/16",
              "13.134.0.0/15",
              "13.144.0.0/16",
              "13.146.0.0/16",
              "13.152.0.0/16",
              "13.154.0.0/16",
              "13.158.0.0/15",
              "13.160.0.0/16",
              "13.162.0.0/16",
              "13.192.0.0/16",
              "13.193.0.0/16",
              "13.200.0.0/15",
              "13.202.0.0/15",
              "13.204.0.0/14",
              "13.208.0.0/16",
              "13.209.0.0/16",
              "13.210.0.0/15",
              "13.212.0.0/15",
              "13.214.0.0/15",
              "13.216.0.0/13",
              "13.228.0.0/15",
              "13.230.0.0/15",
              "13.232.0.0/14",
              "13.236.0.0/14",
              "13.244.0.0/15",
              "13.246.0.0/16",
              "13.247.0.0/16",
              "13.250.0.0/15",
              "13.36.0.0/14",
              "13.40.0.0/14",
              "13.48.0.0/15",
              "13.50.0.0/16",
              "13.51.0.0/16",
              "13.52.0.0/16",
              "13.53.0.0/16",
              "13.54.0.0/15",
              "13.56.0.0/16",
              "13.57.0.0/16",
              "13.58.0.0/15",
              "13.60.0.0/15",
              "13.62.0.0/15",
              "136.18.0.0/23",
              "136.18.128.0/23",
              "136.18.130.0/23",
              "136.18.132.0/23",
              "136.18.134.0/23",
              "136.18.136.0/23",
              "136.18.138.0/23",
              "136.18.140.0/23",
              "136.18.142.0/23",
              "136.18.144.0/21",
              "136.18.152.0/21",
              "136.18.160.0/23",
              "136.18.254.0/23",
              "136.18.50.0/23",
              "136.18.56.0/21",
              "139.56.16.0/23",
              "139.56.18.0/23",
              "139.56.20.0/23",
              "139.56.22.0/23",
              "139.56.24.0/23",
              "139.56.26.0/23",
              "139.56.28.0/23",
              "139.56.30.0/23",
              "139.56.32.0/23",
              "139.56.34.0/24",
              "140.179.0.0/16",
              "142.4.177.0/24",
              "142.4.178.0/24",
              "142.4.179.0/24",
              "142.4.180.0/24",
              "149.128.64.0/18",
              "15.103.0.0/16",
              "15.128.0.0/16",
              "15.129.0.0/22",
              "15.129.16.0/21",
              "15.129.24.0/22",
              "15.129.28.0/24",
              "15.129.29.0/24",
              "15.129.30.0/24",
              "15.129.31.0/24",
              "15.129.32.0/23",
              "15.129.34.0/23",
              "15.129.36.0/23",
              "15.129.38.0/23",
              "15.129.4.0/22",
              "15.129.40.0/23",
              "15.129.42.0/23",
              "15.129.44.0/23",
              "15.129.46.0/23",
              "15.129.8.0/21",
              "15.134.0.0/16",
              "15.135.0.0/16",
              "15.145.0.0/23",
              "15.145.12.0/22",
              "15.145.16.0/22",
              "15.145.2.0/23",
              "15.145.20.0/22",
              "15.145.24.0/23",
              "15.145.4.0/23",
              "15.145.8.0/22",
              "15.152.0.0/16",
              "15.156.0.0/15",
              "15.160.0.0/16",
              "15.161.0.0/16",
              "15.164.0.0/15",
              "15.168.0.0/16",
              "15.177.0.0/18",
              "15.177.100.0/24",
              "15.177.102.0/24",
              "15.177.103.0/24",
              "15.177.104.0/24",
              "15.177.105.0/24",
              "15.177.106.0/24",
              "15.177.107.0/24",
              "15.177.64.0/23",
              "15.177.66.0/23",
              "15.177.68.0/23",
              "15.177.70.0/23",
              "15.177.72.0/24",
              "15.177.73.0/24",
              "15.177.74.0/24",
              "15.177.75.0/24",
              "15.177.76.0/24",
              "15.177.77.0/24",
              "15.177.78.0/24",
              "15.177.79.0/24",
              "15.177.80.0/24",
              "15.177.81.0/24",
              "15.177.82.0/24",
              "15.177.83.0/24",
              "15.177.84.0/24",
              "15.177.85.0/24",
              "15.177.86.0/24",
              "15.177.87.0/24",
              "15.177.88.0/24",
              "15.177.89.0/24",
              "15.177.90.0/24",
              "15.177.91.0/24",
              "15.177.92.0/24",
              "15.177.93.0/24",
              "15.177.94.0/24",
              "15.177.95.0/24",
              "15.177.96.0/24",
              "15.177.97.0/24",
              "15.177.98.0/24",
              "15.177.99.0/24",
              "15.181.0.0/20",
              "15.181.112.0/22",
              "15.181.116.0/22",
              "15.181.120.0/21",
              "15.181.128.0/20",
              "15.181.144.0/20",
              "15.181.16.0/20",
              "15.181.160.0/20",
              "15.181.176.0/20",
              "15.181.192.0/19",
              "15.181.224.0/21",
              "15.181.232.0/21",
              "15.181.240.0/24",
              "15.181.241.0/24",
              "15.181.242.0/24",
              "15.181.243.0/24",
              "15.181.244.0/24",
              "15.181.245.0/24",
              "15.181.246.0/24",
              "15.181.247.0/24",
              "15.181.248.0/24",
              "15.181.249.0/24",
              "15.181.250.0/24",
              "15.181.251.0/24",
              "15.181.252.0/24",
              "15.181.253.0/24",
              "15.181.254.0/24",
              "15.181.32.0/21",
              "15.181.40.0/21",
              "15.181.48.0/20",
              "15.181.64.0/20",
              "15.181.80.0/20",
              "15.181.96.0/20",
              "15.184.0.0/16",
              "15.185.0.0/16",
              "15.188.0.0/16",
              "15.193.0.0/24",
              "15.193.1.0/24",
              "15.193.10.0/24",
              "15.193.11.0/24",
              "15.193.128.0/22",
              "15.193.132.0/22",
              "15.193.136.0/22",
              "15.193.140.0/22",
              "15.193.144.0/22",
              "15.193.148.0/22",
              "15.193.152.0/22",
              "15.193.156.0/22",
              "15.193.160.0/22",
              "15.193.164.0/22",
              "15.193.168.0/22",
              "15.193.172.0/22",
              "15.193.176.0/22",
              "15.193.2.0/24",
              "15.193.3.0/24",
              "15.193.32.0/19",
              "15.193.4.0/24",
              "15.193.5.0/24",
              "15.193.6.0/24",
              "15.193.7.0/24",
              "15.193.8.0/24",
              "15.193.9.0/24",
              "15.200.0.0/16",
              "15.205.0.0/16",
              "15.206.0.0/15",
              "15.216.0.0/16",
              "15.217.0.0/16",
              "15.220.0.0/20",
              "15.220.112.0/21",
              "15.220.120.0/21",
              "15.220.128.0/21",
              "15.220.136.0/21",
              "15.220.144.0/23",
              "15.220.146.0/23",
              "15.220.148.0/22",
              "15.220.152.0/21",
              "15.220.16.0/20",
              "15.220.160.0/21",
              "15.220.168.0/21",
              "15.220.176.0/21",
              "15.220.184.0/21",
              "15.220.192.0/22",
              "15.220.196.0/22",
              "15.220.200.0/23",
              "15.220.202.0/23",
              "15.220.204.0/24",
              "15.220.205.0/24",
              "15.220.206.0/24",
              "15.220.207.0/24",
              "15.220.208.128/26",
              "15.220.216.0/22",
              "15.220.220.0/23",
              "15.220.222.0/23",
              "15.220.224.0/23",
              "15.220.226.0/24",
              "15.220.227.0/24",
              "15.220.228.0/22",
              "15.220.232.0/24",
              "15.220.233.0/24",
              "15.220.234.0/23",
              "15.220.236.0/22",
              "15.220.240.0/21",
              "15.220.248.0/23",
              "15.220.250.0/23",
              "15.220.252.0/22",
              "15.220.32.0/21",
              "15.220.40.0/22",
              "15.220.48.0/21",
              "15.220.56.0/21",
              "15.220.64.0/20",
              "15.220.80.0/20",
              "15.222.0.0/15",
              "15.224.0.0/16",
              "15.228.0.0/15",
              "15.232.0.0/16",
              "15.233.0.0/16",
              "15.236.0.0/15",
              "15.240.0.0/16",
              "15.253.0.0/16",
              "15.254.0.0/16",
              "151.148.32.0/24",
              "151.148.33.0/24",
              "151.148.34.0/24",
              "151.148.35.0/24",
              "151.148.36.0/24",
              "151.148.37.0/24",
              "151.148.38.0/24",
              "151.148.39.0/24",
              "151.148.40.0/24",
              "151.148.41.0/24",
              "155.146.0.0/20",
              "155.146.112.0/20",
              "155.146.128.0/20",
              "155.146.144.0/20",
              "155.146.16.0/20",
              "155.146.160.0/20",
              "155.146.176.0/20",
              "155.146.192.0/20",
              "155.146.208.0/20",
              "155.146.224.0/20",
              "155.146.240.0/20",
              "155.146.32.0/20",
              "155.146.48.0/20",
              "155.146.64.0/20",
              "155.146.80.0/20",
              "155.146.96.0/20",
              "157.175.0.0/16",
              "157.241.0.0/16",
              "158.252.0.0/15",
              "159.248.200.0/21",
              "159.248.216.0/21",
              "159.248.224.0/21",
              "159.248.232.0/21",
              "159.248.240.0/21",
              "16.112.0.0/16",
              "16.113.0.0/16",
              "16.140.0.0/16",
              "16.144.0.0/16",
              "16.145.0.0/16",
              "16.146.0.0/16",
              "16.147.0.0/16",
              "16.148.0.0/16",
              "16.15.0.0/21",
              "16.15.12.0/22",
              "16.15.16.0/22",
              "16.15.176.0/20",
              "16.15.192.0/18",
              "16.15.20.0/22",
              "16.15.24.0/22",
              "16.15.32.0/20",
              "16.15.8.0/22",
              "16.156.0.0/15",
              "16.16.0.0/16",
              "16.162.0.0/15",
              "16.164.0.0/16",
              "16.168.0.0/15",
              "16.170.0.0/15",
              "16.174.0.0/16",
              "16.176.0.0/16",
              "16.18.0.0/16",
              "16.180.0.0/16",
              "16.184.0.0/18",
              "16.19.0.0/16",
              "16.192.0.0/16",
              "16.208.0.0/16",
              "16.209.0.0/16",
              "16.214.0.0/22",
              "16.214.16.0/22",
              "16.214.20.0/22",
              "16.214.24.0/22",
              "16.214.28.0/22",
              "16.214.32.0/22",
              "16.214.36.0/22",
              "16.214.4.0/22",
              "16.214.40.0/22",
              "16.214.44.0/22",
              "16.214.48.0/22",
              "16.214.52.0/22",
              "16.214.56.0/22",
              "16.214.8.0/22",
              "16.22.0.0/16",
              "16.24.0.0/16",
              "16.25.0.0/16",
              "16.26.0.0/16",
              "16.27.0.0/16",
              "16.28.0.0/16",
              "16.50.0.0/15",
              "16.52.0.0/16",
              "16.54.0.0/15",
              "16.56.0.0/18",
              "16.56.128.0/18",
              "16.56.192.0/18",
              "16.56.64.0/18",
              "16.57.0.0/18",
              "16.58.0.0/16",
              "16.59.0.0/16",
              "16.60.0.0/16",
              "16.61.0.0/16",
              "16.62.0.0/15",
              "16.64.0.0/17",
              "16.65.0.0/16",
              "16.71.0.0/18",
              "16.71.64.0/18",
              "16.76.0.0/16",
              "16.78.0.0/16",
              "16.79.0.0/16",
              "160.1.0.0/16",
              "161.178.0.0/18",
              "161.178.128.0/18",
              "161.188.0.0/20",
              "161.188.112.0/22",
              "161.188.116.0/22",
              "161.188.120.0/22",
              "161.188.127.0/24",
              "161.188.16.0/20",
              "161.188.32.0/20",
              "161.188.48.0/20",
              "161.188.64.0/20",
              "161.188.80.0/20",
              "161.189.0.0/16",
              "161.193.0.0/18",
              "161.193.128.0/18",
              "162.213.232.0/24",
              "162.213.233.0/24",
              "162.213.234.0/23",
              "162.222.148.0/22",
              "162.250.236.0/24",
              "162.250.237.0/24",
              "162.250.238.0/23",
              "168.185.4.0/24",
              "168.185.5.0/24",
              "168.185.6.0/24",
              "168.185.7.0/24",
              "173.83.192.0/22",
              "173.83.196.0/23",
              "173.83.198.0/24",
              "173.83.200.0/22",
              "173.83.204.0/23",
              "173.83.206.0/23",
              "173.83.208.0/24",
              "173.83.209.0/24",
              "173.83.210.0/24",
              "173.83.211.0/24",
              "173.83.212.0/24",
              "173.83.213.0/24",
              "173.83.214.0/24",
              "173.83.216.0/24",
              "173.83.217.0/24",
              "173.83.218.0/24",
              "173.83.219.0/24",
              "173.83.220.0/24",
              "173.83.224.0/22",
              "173.83.228.0/22",
              "174.129.0.0/16",
              "175.41.128.0/18",
              "175.41.192.0/18",
              "176.32.64.0/19",
              "176.34.0.0/19",
              "176.34.128.0/17",
              "176.34.32.0/19",
              "176.34.64.0/18",
              "177.71.128.0/17",
              "18.100.0.0/15",
              "18.102.0.0/16",
              "18.116.0.0/14",
              "18.130.0.0/16",
              "18.132.0.0/14",
              "18.136.0.0/16",
              "18.138.0.0/15",
              "18.140.0.0/15",
              "18.142.0.0/15",
              "18.144.0.0/15",
              "18.153.0.0/16",
              "18.156.0.0/14",
              "18.162.0.0/16",
              "18.163.0.0/16",
              "18.166.0.0/15",
              "18.168.0.0/14",
              "18.175.0.0/16",
              "18.176.0.0/15",
              "18.178.0.0/16",
              "18.179.0.0/16",
              "18.180.0.0/15",
              "18.182.0.0/16",
              "18.183.0.0/16",
              "18.184.0.0/15",
              "18.188.0.0/16",
              "18.189.0.0/16",
              "18.190.0.0/16",
              "18.191.0.0/16",
              "18.192.0.0/15",
              "18.194.0.0/15",
              "18.196.0.0/15",
              "18.198.0.0/15",
              "18.200.0.0/16",
              "18.201.0.0/16",
              "18.202.0.0/15",
              "18.204.0.0/14",
              "18.208.0.0/13",
              "18.216.0.0/14",
              "18.220.0.0/14",
              "18.224.0.0/14",
              "18.228.0.0/16",
              "18.229.0.0/16",
              "18.230.0.0/16",
              "18.231.0.0/16",
              "18.232.0.0/14",
              "18.236.0.0/15",
              "18.246.0.0/16",
              "18.252.0.0/16",
              "18.253.0.0/16",
              "18.254.0.0/16",
              "18.34.0.0/19",
              "18.34.232.0/21",
              "18.34.244.0/22",
              "18.34.252.0/22",
              "18.34.48.0/20",
              "18.34.72.0/21",
              "18.60.0.0/15",
              "18.88.0.0/18",
              "18.88.128.0/18",
              "18.88.64.0/18",
              "18.89.0.0/18",
              "18.89.128.0/18",
              "18.96.0.0/24",
              "18.96.1.0/24",
              "18.96.128.0/19",
              "18.96.16.0/20",
              "18.96.160.0/19",
              "18.96.192.0/19",
              "18.96.2.0/24",
              "18.96.224.0/19",
              "18.96.3.0/24",
              "18.96.32.0/19",
              "18.96.4.0/22",
              "18.96.64.0/19",
              "18.96.8.0/21",
              "18.96.96.0/19",
              "18.97.0.0/18",
              "18.97.112.0/20",
              "18.97.128.0/18",
              "18.97.192.0/18",
              "18.97.64.0/20",
              "18.97.80.0/20",
              "18.97.96.0/20",
              "18.98.0.0/18",
              "18.98.128.0/19",
              "18.98.160.0/19",
              "18.98.192.0/19",
              "18.98.224.0/19",
              "18.98.64.0/19",
              "18.98.96.0/19",
              "18.99.0.0/19",
              "18.99.112.0/20",
              "18.99.128.0/20",
              "18.99.144.0/20",
              "18.99.160.0/20",
              "18.99.176.0/20",
              "18.99.192.0/20",
              "18.99.208.0/20",
              "18.99.224.0/20",
              "18.99.240.0/20",
              "18.99.32.0/19",
              "18.99.64.0/19",
              "18.99.96.0/20",
              "182.24.0.0/14",
              "182.30.0.0/16",
              "184.169.128.0/17",
              "184.32.0.0/14",
              "184.36.0.0/14",
              "184.72.0.0/18",
              "184.72.128.0/17",
              "184.72.64.0/18",
              "184.73.0.0/16",
              "185.48.120.0/22",
              "192.157.36.0/24",
              "192.189.197.0/24",
              "192.31.212.0/24",
              "192.31.213.0/24",
              "192.43.175.0/24",
              "192.43.184.0/24",
              "195.17.0.0/24",
              "198.41.100.0/24",
              "198.41.101.0/24",
              "198.41.102.0/24",
              "198.41.103.0/24",
              "198.41.104.0/24",
              "198.41.105.0/24",
              "198.41.106.0/24",
              "198.41.107.0/24",
              "198.41.96.0/24",
              "198.41.97.0/24",
              "198.41.98.0/24",
              "198.41.99.0/24",
              "198.99.2.0/24",
              "202.174.132.0/22",
              "204.236.128.0/18",
              "204.236.192.0/18",
              "204.87.185.0/24",
              "206.72.209.0/24",
              "208.110.48.0/20",
              "208.78.128.0/23",
              "208.78.130.0/23",
              "208.78.132.0/23",
              "208.78.134.0/24",
              "208.78.135.0/24",
              "208.86.88.0/23",
              "208.86.90.0/23",
              "216.182.224.0/21",
              "216.182.232.0/22",
              "216.182.236.0/23",
              "216.182.238.0/23",
              "216.198.192.0/24",
              "216.198.193.0/24",
              "216.198.194.0/24",
              "216.198.196.0/22",
              "216.198.200.0/21",
              "216.198.208.0/22",
              "216.198.212.0/23",
              "216.198.214.0/24",
              "216.198.215.0/24",
              "216.198.216.0/21",
              "216.198.224.0/22",
              "216.198.228.0/23",
              "216.198.230.0/24",
              "216.198.231.0/24",
              "216.198.232.0/24",
              "216.198.233.0/24",
              "216.198.234.0/24",
              "216.198.235.0/24",
              "216.198.236.0/24",
              "216.198.237.0/24",
              "216.198.238.0/23",
              "216.198.240.0/22",
              "216.198.244.0/22",
              "216.198.248.0/23",
              "216.198.250.0/23",
              "216.198.252.0/22",
              "216.244.0.0/24",
              "216.244.1.0/24",
              "216.244.10.0/24",
              "216.244.11.0/24",
              "216.244.12.0/23",
              "216.244.14.0/23",
              "216.244.16.0/21",
              "216.244.2.0/24",
              "216.244.24.0/21",
              "216.244.3.0/24",
              "216.244.32.0/22",
              "216.244.36.0/23",
              "216.244.38.0/23",
              "216.244.4.0/24",
              "216.244.40.0/21",
              "216.244.48.0/20",
              "216.244.5.0/24",
              "216.244.6.0/24",
              "216.244.7.0/24",
              "216.244.8.0/24",
              "216.244.9.0/24",
              "216.39.136.0/21",
              "216.39.152.0/21",
              "216.39.160.0/21",
              "216.39.168.0/21",
              "23.20.0.0/14",
              "23.228.196.0/24",
              "23.228.197.0/24",
              "23.228.198.0/24",
              "23.228.219.0/24",
              "23.228.228.0/22",
              "23.254.0.0/21",
              "23.254.120.0/21",
              "23.254.16.0/21",
              "23.254.24.0/23",
              "23.254.8.0/21",
              "24.110.16.0/20",
              "24.110.8.0/23",
              "3.0.0.0/15",
              "3.101.0.0/16",
              "3.102.0.0/15",
              "3.104.0.0/14",
              "3.108.0.0/14",
              "3.112.0.0/14",
              "3.12.0.0/16",
              "3.120.0.0/14",
              "3.124.0.0/14",
              "3.128.0.0/15",
              "3.13.0.0/16",
              "3.130.0.0/16",
              "3.131.0.0/16",
              "3.132.0.0/14",
              "3.136.0.0/13",
              "3.14.0.0/15",
              "3.144.0.0/13",
              "3.16.0.0/14",
              "3.2.0.0/24",
              "3.2.100.0/24",
              "3.2.101.0/24",
              "3.2.102.0/24",
              "3.2.2.0/24",
              "3.2.3.0/24",
              "3.2.64.0/24",
              "3.2.65.0/24",
              "3.2.66.0/24",
              "3.2.67.0/24",
              "3.2.68.0/24",
              "3.2.69.0/24",
              "3.2.70.0/24",
              "3.2.71.0/24",
              "3.2.72.0/24",
              "3.2.73.0/24",
              "3.2.74.0/24",
              "3.2.75.0/24",
              "3.2.76.0/24",
              "3.2.77.0/24",
              "3.2.78.0/24",
              "3.2.79.0/24",
              "3.2.80.0/24",
              "3.2.81.0/24",
              "3.2.82.0/24",
              "3.2.83.0/24",
              "3.2.84.0/24",
              "3.2.85.0/24",
              "3.2.86.0/24",
              "3.2.87.0/24",
              "3.2.88.0/24",
              "3.2.89.0/24",
              "3.2.90.0/24",
              "3.2.91.0/24",
              "3.2.92.0/24",
              "3.2.93.0/24",
              "3.2.94.0/24",
              "3.2.95.0/24",
              "3.2.96.0/24",
              "3.2.97.0/24",
              "3.2.98.0/24",
              "3.2.99.0/24",
              "3.20.0.0/14",
              "3.208.0.0/12",
              "3.224.0.0/12",
              "3.24.0.0/14",
              "3.248.0.0/13",
              "3.28.0.0/15",
              "3.3.2.0/24",
              "3.3.32.0/23",
              "3.3.5.0/24",
              "3.30.0.0/15",
              "3.32.0.0/16",
              "3.34.0.0/15",
              "3.36.0.0/14",
              "3.4.0.0/24",
              "3.4.1.0/24",
              "3.4.10.0/24",
              "3.4.16.0/21",
              "3.4.2.0/24",
              "3.4.24.0/21",
              "3.4.3.0/24",
              "3.4.4.0/24",
              "3.4.6.0/24",
              "3.4.8.0/24",
              "3.4.9.0/24",
              "3.40.0.0/17",
              "3.40.128.0/17",
              "3.41.0.0/17",
              "3.41.128.0/17",
              "3.42.0.0/17",
              "3.42.128.0/17",
              "3.43.0.0/18",
              "3.43.128.0/18",
              "3.43.192.0/18",
              "3.43.64.0/18",
              "3.44.0.0/18",
              "3.44.128.0/18",
              "3.44.192.0/18",
              "3.44.64.0/18",
              "3.45.0.0/18",
              "3.45.64.0/18",
              "3.5.0.0/19",
              "3.5.120.0/22",
              "3.5.126.0/23",
              "3.5.128.0/22",
              "3.5.132.0/23",
              "3.5.134.0/23",
              "3.5.136.0/22",
              "3.5.140.0/22",
              "3.5.144.0/23",
              "3.5.146.0/23",
              "3.5.148.0/22",
              "3.5.152.0/21",
              "3.5.160.0/22",
              "3.5.164.0/22",
              "3.5.168.0/23",
              "3.5.172.0/22",
              "3.5.180.0/22",
              "3.5.184.0/21",
              "3.5.192.0/22",
              "3.5.196.0/22",
              "3.5.202.0/23",
              "3.5.204.0/22",
              "3.5.208.0/22",
              "3.5.212.0/23",
              "3.5.214.0/23",
              "3.5.216.0/22",
              "3.5.220.0/22",
              "3.5.224.0/22",
              "3.5.228.0/22",
              "3.5.232.0/22",
              "3.5.236.0/22",
              "3.5.240.0/22",
              "3.5.244.0/22",
              "3.5.248.0/22",
              "3.5.252.0/22",
              "3.5.32.0/22",
              "3.5.36.0/22",
              "3.5.40.0/22",
              "3.5.44.0/22",
              "3.5.48.0/22",
              "3.5.52.0/22",
              "3.5.56.0/22",
              "3.5.60.0/22",
              "3.5.64.0/21",
              "3.5.72.0/23",
              "3.5.74.0/23",
              "3.5.76.0/22",
              "3.5.80.0/21",
              "3.5.88.0/22",
              "3.5.92.0/23",
              "3.6.0.0/15",
              "3.64.0.0/12",
              "3.8.0.0/14",
              "3.80.0.0/12",
              "3.96.0.0/15",
              "3.98.0.0/15",
              "31.220.220.0/22",
              "31.220.236.0/24",
              "31.220.247.0/24",
              "31.220.252.0/24",
              "32.192.0.0/13",
              "32.236.0.0/15",
              "34.192.0.0/12",
              "34.208.0.0/12",
              "34.224.0.0/12",
              "34.240.0.0/13",
              "34.248.0.0/13",
              "35.111.128.0/22",
              "35.111.132.0/22",
              "35.111.136.0/22",
              "35.111.252.0/24",
              "35.111.253.0/24",
              "35.111.254.0/24",
              "35.111.255.0/24",
              "35.152.0.0/16",
              "35.153.0.0/16",
              "35.154.0.0/16",
              "35.155.0.0/16",
              "35.156.0.0/14",
              "35.160.0.0/13",
              "35.168.0.0/13",
              "35.176.0.0/15",
              "35.178.0.0/15",
              "35.180.0.0/16",
              "35.181.0.0/16",
              "35.182.0.0/15",
              "35.42.0.0/16",
              "35.44.0.0/15",
              "35.50.128.0/24",
              "35.50.129.0/24",
              "35.50.130.0/24",
              "35.50.131.0/24",
              "35.50.132.0/24",
              "35.50.133.0/24",
              "35.50.134.0/24",
              "35.50.135.0/24",
              "35.50.137.0/24",
              "35.50.139.0/24",
              "35.50.141.0/24",
              "35.50.142.0/24",
              "35.50.143.0/24",
              "35.50.144.0/24",
              "35.50.176.0/24",
              "35.50.177.0/24",
              "35.50.178.0/24",
              "35.50.192.0/24",
              "35.50.193.0/24",
              "35.50.194.0/24",
              "35.50.195.0/24",
              "35.50.196.0/24",
              "35.50.197.0/24",
              "35.50.208.0/24",
              "35.50.209.0/24",
              "35.50.210.0/24",
              "35.50.211.0/24",
              "35.50.212.0/24",
              "35.50.213.0/24",
              "35.50.214.0/24",
              "35.50.224.0/24",
              "35.50.226.0/24",
              "35.50.227.0/24",
              "35.50.228.0/24",
              "35.50.229.0/24",
              "35.50.230.0/24",
              "35.50.231.0/24",
              "35.50.232.0/24",
              "35.50.233.0/24",
              "35.50.234.0/24",
              "35.50.235.0/24",
              "35.50.236.0/24",
              "35.50.237.0/24",
              "35.50.238.0/24",
              "35.50.239.0/24",
              "35.54.32.0/21",
              "35.54.40.0/22",
              "35.54.44.0/23",
              "35.54.46.0/23",
              "35.54.48.0/23",
              "35.54.50.0/24",
              "35.54.51.0/24",
              "35.54.52.0/24",
              "35.54.53.0/24",
              "35.54.54.0/24",
              "35.54.55.0/24",
              "35.54.56.0/24",
              "35.54.57.0/24",
              "35.54.58.0/24",
              "35.54.59.0/24",
              "35.54.60.0/24",
              "35.54.61.0/24",
              "35.54.62.0/24",
              "35.55.1.0/24",
              "35.55.10.0/24",
              "35.55.11.0/24",
              "35.55.12.0/24",
              "35.55.126.0/24",
              "35.55.127.0/24",
              "35.55.13.0/24",
              "35.55.14.0/24",
              "35.55.15.0/24",
              "35.55.16.0/24",
              "35.55.17.0/24",
              "35.55.18.0/24",
              "35.55.19.0/24",
              "35.55.2.0/24",
              "35.55.20.0/24",
              "35.55.21.0/24",
              "35.55.22.0/24",
              "35.55.23.0/24",
              "35.55.24.0/24",
              "35.55.25.0/24",
              "35.55.26.0/24",
              "35.55.27.0/24",
              "35.55.29.0/24",
              "35.55.3.0/24",
              "35.55.30.0/24",
              "35.55.32.0/24",
              "35.55.33.0/24",
              "35.55.34.0/24",
              "35.55.35.0/24",
              "35.55.36.0/24",
              "35.55.37.0/24",
              "35.55.38.0/24",
              "35.55.39.0/24",
              "35.55.4.0/24",
              "35.55.40.0/24",
              "35.55.41.0/24",
              "35.55.42.0/24",
              "35.55.5.0/24",
              "35.55.6.0/24",
              "35.55.7.0/24",
              "35.55.8.0/24",
              "35.55.9.0/24",
              "35.71.100.0/24",
              "35.71.101.0/24",
              "35.71.102.0/24",
              "35.71.103.0/24",
              "35.71.104.0/24",
              "35.71.105.0/24",
              "35.71.106.0/24",
              "35.71.107.0/24",
              "35.71.108.0/24",
              "35.71.109.0/24",
              "35.71.110.0/24",
              "35.71.111.0/24",
              "35.71.112.0/24",
              "35.71.113.0/24",
              "35.71.114.0/24",
              "35.71.115.0/24",
              "35.71.116.0/24",
              "35.71.117.0/24",
              "35.71.118.0/24",
              "35.71.119.0/24",
              "35.71.120.0/24",
              "35.71.121.0/24",
              "35.71.122.0/24",
              "35.71.123.0/24",
              "35.71.124.0/24",
              "35.71.125.0/24",
              "35.71.126.0/24",
              "35.71.127.0/24",
              "35.71.64.0/22",
              "35.71.68.0/22",
              "35.71.72.0/22",
              "35.71.76.0/22",
              "35.71.93.0/24",
              "35.71.94.0/24",
              "35.71.96.0/24",
              "35.71.97.0/24",
              "35.71.98.0/24",
              "35.71.99.0/24",
              "35.72.0.0/13",
              "35.80.0.0/12",
              "35.96.0.0/24",
              "35.96.1.0/24",
              "35.96.10.0/24",
              "35.96.11.0/24",
              "35.96.112.0/20",
              "35.96.12.0/24",
              "35.96.128.0/20",
              "35.96.14.0/24",
              "35.96.144.0/20",
              "35.96.15.0/24",
              "35.96.16.0/23",
              "35.96.2.0/24",
              "35.96.22.0/23",
              "35.96.24.0/23",
              "35.96.240.0/24",
              "35.96.241.0/24",
              "35.96.242.0/24",
              "35.96.243.0/24",
              "35.96.244.0/24",
              "35.96.245.0/24",
              "35.96.246.0/24",
              "35.96.248.0/24",
              "35.96.249.0/24",
              "35.96.250.0/24",
              "35.96.251.0/24",
              "35.96.252.0/24",
              "35.96.253.0/24",
              "35.96.254.0/24",
              "35.96.255.0/24",
              "35.96.26.0/23",
              "35.96.28.0/23",
              "35.96.3.0/24",
              "35.96.32.0/24",
              "35.96.33.0/24",
              "35.96.34.0/24",
              "35.96.35.0/24",
              "35.96.36.0/24",
              "35.96.37.0/24",
              "35.96.38.0/24",
              "35.96.39.0/24",
              "35.96.4.0/24",
              "35.96.40.0/24",
              "35.96.41.0/24",
              "35.96.42.0/24",
              "35.96.43.0/24",
              "35.96.44.0/24",
              "35.96.45.0/24",
              "35.96.46.0/24",
              "35.96.47.0/24",
              "35.96.48.0/21",
              "35.96.5.0/24",
              "35.96.56.0/24",
              "35.96.58.0/23",
              "35.96.6.0/24",
              "35.96.60.0/23",
              "35.96.64.0/20",
              "35.96.7.0/24",
              "35.96.8.0/24",
              "35.96.80.0/20",
              "35.96.9.0/24",
              "35.96.96.0/20",
              "35.97.0.0/20",
              "35.97.16.0/20",
              "37.203.157.0/24",
              "40.138.216.0/22",
              "40.168.224.0/24",
              "40.168.225.0/24",
              "40.168.226.0/24",
              "40.168.227.0/24",
              "40.168.228.0/24",
              "40.168.229.0/24",
              "40.168.230.0/24",
              "40.168.231.0/24",
              "40.172.0.0/16",
              "40.176.0.0/15",
              "40.192.0.0/17",
              "40.235.192.0/18",
              "40.235.64.0/18",
              "40.38.0.0/16",
              "43.192.0.0/16",
              "43.193.0.0/18",
              "43.193.64.0/24",
              "43.193.65.0/24",
              "43.194.0.0/20",
              "43.194.16.0/24",
              "43.195.0.0/20",
              "43.196.0.0/16",
              "43.198.0.0/15",
              "43.200.0.0/14",
              "43.204.0.0/15",
              "43.206.0.0/15",
              "43.208.0.0/15",
              "43.210.0.0/15",
              "43.212.0.0/15",
              "43.216.0.0/15",
              "43.218.0.0/16",
              "43.220.0.0/16",
              "43.226.27.0/24",
              "44.192.0.0/11",
              "44.224.0.0/11",
              "45.57.128.0/18",
              "46.137.0.0/17",
              "46.137.128.0/18",
              "46.137.192.0/19",
              "46.137.224.0/19",
              "46.51.128.0/18",
              "46.51.192.0/20",
              "46.51.208.0/22",
              "46.51.216.0/21",
              "46.51.224.0/19",
              "47.128.0.0/14",
              "5.174.0.0/16",
              "5.179.96.0/20",
              "5.60.0.0/20",
              "5.60.128.0/17",
              "5.60.32.0/20",
              "5.60.64.0/19",
              "5.60.96.0/19",
              "50.112.0.0/16",
              "50.16.0.0/15",
              "50.18.0.0/16",
              "50.19.0.0/16",
              "51.0.104.0/21",
              "51.0.112.0/21",
              "51.0.128.0/21",
              "51.0.136.0/23",
              "51.0.138.0/23",
              "51.0.140.0/23",
              "51.0.142.0/23",
              "51.0.251.0/24",
              "51.0.252.0/24",
              "51.0.29.128/28",
              "51.0.31.0/24",
              "51.0.80.0/21",
              "51.0.88.0/21",
              "51.0.96.0/21",
              "51.102.0.0/16",
              "51.112.0.0/16",
              "51.118.0.0/16",
              "51.16.0.0/15",
              "51.168.0.0/15",
              "51.20.0.0/16",
              "51.21.0.0/16",
              "51.224.0.0/15",
              "51.24.0.0/16",
              "51.34.0.0/16",
              "51.44.0.0/16",
              "51.45.0.0/16",
              "51.48.0.0/15",
              "51.72.0.0/15",
              "51.74.0.0/20",
              "51.74.16.0/24",
              "51.74.17.0/24",
              "51.84.0.0/16",
              "51.85.0.0/16",
              "51.92.0.0/16",
              "51.94.0.0/15",
              "51.96.0.0/16",
              "52.0.0.0/15",
              "52.10.0.0/15",
              "52.119.205.0/24",
              "52.12.0.0/15",
              "52.129.224.0/22",
              "52.14.0.0/16",
              "52.15.0.0/16",
              "52.16.0.0/15",
              "52.18.0.0/15",
              "52.192.0.0/15",
              "52.194.0.0/15",
              "52.196.0.0/14",
              "52.2.0.0/15",
              "52.20.0.0/14",
              "52.200.0.0/13",
              "52.208.0.0/13",
              "52.220.0.0/15",
              "52.222.0.0/17",
              "52.24.0.0/14",
              "52.28.0.0/16",
              "52.29.0.0/16",
              "52.30.0.0/15",
              "52.32.0.0/14",
              "52.36.0.0/14",
              "52.4.0.0/14",
              "52.40.0.0/14",
              "52.44.0.0/15",
              "52.46.180.0/22",
              "52.46.184.0/22",
              "52.47.0.0/16",
              "52.48.0.0/14",
              "52.52.0.0/15",
              "52.54.0.0/15",
              "52.56.0.0/16",
              "52.57.0.0/16",
              "52.58.0.0/15",
              "52.60.0.0/16",
              "52.61.0.0/16",
              "52.62.0.0/15",
              "52.64.0.0/17",
              "52.64.128.0/17",
              "52.65.0.0/16",
              "52.66.0.0/16",
              "52.67.0.0/16",
              "52.68.0.0/15",
              "52.70.0.0/15",
              "52.72.0.0/15",
              "52.74.0.0/16",
              "52.75.0.0/16",
              "52.76.0.0/17",
              "52.76.128.0/17",
              "52.77.0.0/16",
              "52.78.0.0/16",
              "52.79.0.0/16",
              "52.8.0.0/16",
              "52.80.0.0/16",
              "52.81.0.0/16",
              "52.82.0.0/17",
              "52.82.164.0/22",
              "52.82.168.0/24",
              "52.82.169.0/28",
              "52.82.170.0/24",
              "52.82.176.0/22",
              "52.82.180.0/22",
              "52.82.184.0/23",
              "52.83.0.0/16",
              "52.86.0.0/15",
              "52.88.0.0/15",
              "52.9.0.0/16",
              "52.90.0.0/15",
              "52.94.116.0/22",
              "52.94.144.0/23",
              "52.94.146.0/24",
              "52.94.201.0/26",
              "52.94.248.0/28",
              "52.94.248.112/28",
              "52.94.248.128/28",
              "52.94.248.144/28",
              "52.94.248.16/28",
              "52.94.248.160/28",
              "52.94.248.176/28",
              "52.94.248.192/28",
              "52.94.248.208/28",
              "52.94.248.224/28",
              "52.94.248.32/28",
              "52.94.248.48/28",
              "52.94.248.64/28",
              "52.94.248.80/28",
              "52.94.248.96/28",
              "52.94.249.112/28",
              "52.94.249.128/28",
              "52.94.249.144/28",
              "52.94.249.160/28",
              "52.94.249.176/28",
              "52.94.249.192/28",
              "52.94.249.208/28",
              "52.94.249.224/28",
              "52.94.249.240/28",
              "52.94.249.32/28",
              "52.94.249.48/28",
              "52.94.249.64/28",
              "52.94.249.80/28",
              "52.94.249.96/28",
              "52.94.250.0/28",
              "52.94.250.112/28",
              "52.94.250.128/28",
              "52.94.250.144/28",
              "52.94.250.16/28",
              "52.94.250.160/28",
              "52.94.250.176/28",
              "52.94.250.32/28",
              "52.94.250.48/28",
              "52.94.250.80/28",
              "52.94.250.96/28",
              "52.95.224.0/24",
              "52.95.225.0/24",
              "52.95.226.0/24",
              "52.95.227.0/24",
              "52.95.228.0/24",
              "52.95.229.0/24",
              "52.95.230.0/24",
              "52.95.235.0/24",
              "52.95.239.0/24",
              "52.95.240.0/24",
              "52.95.241.0/24",
              "52.95.242.0/24",
              "52.95.243.0/24",
              "52.95.244.0/24",
              "52.95.245.0/24",
              "52.95.246.0/24",
              "52.95.247.0/24",
              "52.95.248.0/24",
              "52.95.249.0/24",
              "52.95.250.0/24",
              "52.95.251.0/24",
              "52.95.252.0/24",
              "52.95.253.0/24",
              "52.95.254.0/24",
              "52.95.255.0/28",
              "52.95.255.112/28",
              "52.95.255.128/28",
              "52.95.255.16/28",
              "52.95.255.32/28",
              "52.95.255.48/28",
              "52.95.255.64/28",
              "52.95.255.80/28",
              "52.95.255.96/28",
              "54.112.0.0/18",
              "54.116.0.0/15",
              "54.144.0.0/14",
              "54.148.0.0/15",
              "54.150.0.0/16",
              "54.151.0.0/17",
              "54.151.128.0/17",
              "54.152.0.0/16",
              "54.153.0.0/17",
              "54.153.128.0/17",
              "54.154.0.0/16",
              "54.155.0.0/16",
              "54.156.0.0/14",
              "54.160.0.0/13",
              "54.168.0.0/16",
              "54.169.0.0/16",
              "54.170.0.0/15",
              "54.172.0.0/15",
              "54.174.0.0/15",
              "54.176.0.0/15",
              "54.178.0.0/16",
              "54.179.0.0/16",
              "54.180.0.0/15",
              "54.183.0.0/16",
              "54.184.0.0/13",
              "54.193.0.0/16",
              "54.194.0.0/15",
              "54.196.0.0/15",
              "54.198.0.0/16",
              "54.199.0.0/16",
              "54.20.0.0/15",
              "54.200.0.0/15",
              "54.202.0.0/15",
              "54.204.0.0/15",
              "54.206.0.0/16",
              "54.207.0.0/16",
              "54.208.0.0/15",
              "54.210.0.0/15",
              "54.212.0.0/15",
              "54.214.0.0/16",
              "54.215.0.0/16",
              "54.216.0.0/15",
              "54.218.0.0/16",
              "54.219.0.0/16",
              "54.220.0.0/16",
              "54.221.0.0/16",
              "54.222.100.0/22",
              "54.222.128.0/17",
              "54.222.32.0/22",
              "54.222.36.0/22",
              "54.222.52.0/22",
              "54.222.58.32/28",
              "54.222.64.0/24",
              "54.222.65.0/24",
              "54.222.88.0/24",
              "54.222.89.0/24",
              "54.223.0.0/16",
              "54.224.0.0/15",
              "54.226.0.0/15",
              "54.228.0.0/16",
              "54.229.0.0/16",
              "54.232.0.0/16",
              "54.233.0.0/18",
              "54.233.128.0/17",
              "54.233.64.0/18",
              "54.234.0.0/15",
              "54.236.0.0/15",
              "54.238.0.0/16",
              "54.239.103.128/26",
              "54.241.0.0/16",
              "54.242.0.0/15",
              "54.244.0.0/16",
              "54.245.0.0/16",
              "54.246.0.0/16",
              "54.247.0.0/16",
              "54.248.0.0/15",
              "54.25.14.0/24",
              "54.25.15.0/24",
              "54.25.20.0/24",
              "54.25.32.0/19",
              "54.25.82.0/24",
              "54.250.0.0/16",
              "54.251.0.0/16",
              "54.252.0.0/16",
              "54.253.0.0/16",
              "54.254.0.0/16",
              "54.255.0.0/16",
              "54.26.166.0/24",
              "54.46.0.0/17",
              "54.54.0.0/16",
              "54.55.0.0/16",
              "54.64.0.0/15",
              "54.66.0.0/16",
              "54.67.0.0/16",
              "54.68.0.0/14",
              "54.72.0.0/15",
              "54.74.0.0/15",
              "54.76.0.0/15",
              "54.78.0.0/16",
              "54.79.0.0/16",
              "54.80.0.0/13",
              "54.88.0.0/14",
              "54.92.0.0/17",
              "54.92.128.0/17",
              "54.93.0.0/16",
              "54.94.0.0/16",
              "54.95.0.0/16",
              "56.10.0.0/16",
              "56.11.0.0/16",
              "56.112.0.0/16",
              "56.124.0.0/17",
              "56.125.0.0/16",
              "56.126.0.0/16",
              "56.127.0.0/16",
              "56.136.0.0/16",
              "56.137.0.0/16",
              "56.155.0.0/17",
              "56.155.128.0/17",
              "56.228.0.0/16",
              "56.68.0.0/17",
              "56.69.0.0/16",
              "56.70.0.0/16",
              "57.180.0.0/14",
              "63.176.0.0/14",
              "63.180.0.0/14",
              "63.184.0.0/13",
              "63.246.112.0/24",
              "63.246.113.0/24",
              "63.246.119.0/24",
              "63.32.0.0/14",
              "64.187.128.0/20",
              "64.252.100.0/24",
              "64.252.101.0/24",
              "64.252.102.0/24",
              "64.252.103.0/24",
              "64.252.104.0/24",
              "64.252.105.0/24",
              "64.252.106.0/24",
              "64.252.107.0/24",
              "64.252.108.0/24",
              "64.252.109.0/24",
              "64.252.110.0/24",
              "64.252.111.0/24",
              "64.252.112.0/24",
              "64.252.113.0/24",
              "64.252.114.0/24",
              "64.252.115.0/24",
              "64.252.116.0/24",
              "64.252.117.0/24",
              "64.252.118.0/24",
              "64.252.119.0/24",
              "64.252.120.0/24",
              "64.252.121.0/24",
              "64.252.122.0/24",
              "64.252.123.0/24",
              "64.252.124.0/24",
              "64.252.125.0/24",
              "64.252.126.0/24",
              "64.252.64.0/24",
              "64.252.65.0/24",
              "64.252.66.0/24",
              "64.252.67.0/24",
              "64.252.68.0/24",
              "64.252.69.0/24",
              "64.252.70.0/24",
              "64.252.71.0/24",
              "64.252.72.0/24",
              "64.252.73.0/24",
              "64.252.74.0/24",
              "64.252.75.0/24",
              "64.252.76.0/24",
              "64.252.77.0/24",
              "64.252.78.0/24",
              "64.252.79.0/24",
              "64.252.80.0/24",
              "64.252.81.0/24",
              "64.252.82.0/24",
              "64.252.83.0/24",
              "64.252.84.0/24",
              "64.252.85.0/24",
              "64.252.86.0/24",
              "64.252.87.0/24",
              "64.252.88.0/24",
              "64.252.89.0/24",
              "64.252.97.0/24",
              "64.252.98.0/24",
              "64.252.99.0/24",
              "64.73.192.0/24",
              "64.73.193.0/24",
              "64.73.194.0/24",
              "64.73.195.0/24",
              "64.73.196.0/24",
              "64.73.197.0/24",
              "64.73.198.0/24",
              "64.73.199.0/24",
              "64.73.200.0/24",
              "64.73.201.0/24",
              "64.73.202.0/24",
              "64.73.203.0/24",
              "64.73.204.0/24",
              "64.73.205.0/24",
              "64.73.206.0/24",
              "64.73.207.0/24",
              "64.73.208.0/24",
              "64.73.209.0/24",
              "64.73.213.0/24",
              "65.0.0.0/14",
              "66.7.0.0/21",
              "67.202.0.0/18",
              "68.66.112.0/20",
              "68.79.0.0/18",
              "69.230.192.0/18",
              "69.231.128.0/18",
              "69.234.192.0/18",
              "69.235.128.0/18",
              "70.224.192.0/18",
              "70.232.124.0/22",
              "70.232.86.124/32",
              "70.232.86.125/32",
              "70.232.86.126/32",
              "70.232.92.0/22",
              "71.131.192.0/18",
              "71.132.0.0/18",
              "71.136.64.0/18",
              "71.137.0.0/18",
              "72.41.0.0/20",
              "72.44.32.0/19",
              "75.101.128.0/17",
              "75.2.128.0/18",
              "75.22.192.0/18",
              "75.3.0.0/18",
              "75.3.128.0/18",
              "75.45.128.0/18",
              "75.47.0.0/18",
              "78.12.0.0/15",
              "78.14.0.0/15",
              "79.125.0.0/17",
              "83.118.240.0/22",
              "83.119.128.0/18",
              "83.119.64.0/18",
              "83.160.0.0/15",
              "95.40.0.0/15",
              "96.0.0.0/21",
              "96.0.100.0/23",
              "96.0.102.0/23",
              "96.0.104.0/22",
              "96.0.108.0/24",
              "96.0.110.0/23",
              "96.0.112.0/21",
              "96.0.12.0/22",
              "96.0.120.0/21",
              "96.0.128.0/23",
              "96.0.130.0/24",
              "96.0.131.0/24",
              "96.0.132.0/22",
              "96.0.136.0/21",
              "96.0.144.0/21",
              "96.0.152.0/21",
              "96.0.16.0/21",
              "96.0.160.0/20",
              "96.0.176.0/22",
              "96.0.180.0/22",
              "96.0.184.0/22",
              "96.0.24.0/21",
              "96.0.32.0/22",
              "96.0.36.0/22",
              "96.0.40.0/21",
              "96.0.48.0/21",
              "96.0.56.0/22",
              "96.0.60.0/22",
              "96.0.64.0/21",
              "96.0.72.0/21",
              "96.0.8.0/22",
              "96.0.80.0/22",
              "96.0.84.0/22",
              "96.0.88.0/22",
              "96.0.92.0/23",
              "96.0.94.0/23",
              "96.0.96.0/22",
              "96.127.0.0/17",
              "98.130.0.0/16",
              "98.80.0.0/13",
              "98.88.0.0/13",
              "99.10.0.0/18",
              "99.150.0.0/21",
              "99.150.104.0/21",
              "99.150.112.0/21",
              "99.150.120.0/21",
              "99.150.16.0/21",
              "99.150.24.0/21",
              "99.150.32.0/21",
              "99.150.40.0/21",
              "99.150.48.0/21",
              "99.150.56.0/21",
              "99.150.64.0/21",
              "99.150.72.0/21",
              "99.150.8.0/21",
              "99.150.80.0/21",
              "99.150.88.0/21",
              "99.150.96.0/21",
              "99.151.104.0/21",
              "99.151.112.0/21",
              "99.151.120.0/21",
              "99.151.128.0/21",
              "99.151.136.0/21",
              "99.151.144.0/21",
              "99.151.152.0/21",
              "99.151.160.0/21",
              "99.151.168.0/21",
              "99.151.184.0/23",
              "99.151.186.0/23",
              "99.151.188.0/23",
              "99.151.190.0/23",
              "99.151.64.0/21",
              "99.151.72.0/21",
              "99.151.80.0/21",
              "99.151.88.0/21",
              "99.151.96.0/21",
              "99.77.128.0/24",
              "99.77.129.0/24",
              "99.77.130.0/24",
              "99.77.131.0/24",
              "99.77.132.0/24",
              "99.77.133.0/24",
              "99.77.134.0/24",
              "99.77.135.0/24",
              "99.77.136.0/24",
              "99.77.137.0/24",
              "99.77.138.0/24",
              "99.77.139.0/24",
              "99.77.140.0/24",
              "99.77.141.0/24",
              "99.77.142.0/24",
              "99.77.143.0/24",
              "99.77.144.0/24",
              "99.77.145.0/24",
              "99.77.147.0/24",
              "99.77.148.0/24",
              "99.77.149.0/24",
              "99.77.150.0/24",
              "99.77.151.0/24",
              "99.77.152.0/24",
              "99.77.153.0/24",
              "99.77.154.0/24",
              "99.77.155.0/24",
              "99.77.156.0/24",
              "99.77.157.0/24",
              "99.77.158.0/24",
              "99.77.159.0/24",
              "99.77.160.0/24",
              "99.77.161.0/24",
              "99.77.162.0/24",
              "99.77.163.0/24",
              "99.77.183.0/24",
              "99.77.184.0/24",
              "99.77.186.0/24",
              "99.77.187.0/24",
              "99.77.191.0/24",
              "99.77.232.0/24",
              "99.77.233.0/24",
              "99.77.234.0/24",
              "99.77.235.0/24",
              "99.77.236.0/24",
              "99.77.237.0/24",
              "99.77.238.0/24",
              "99.77.239.0/24",
              "99.77.240.0/24",
              "99.77.241.0/24",
              "99.77.242.0/24",
              "99.77.243.0/24",
              "99.77.244.0/24",
              "99.77.245.0/24",
              "99.77.246.0/24",
              "99.77.247.0/24",
              "99.77.248.0/24",
              "99.77.249.0/24",
              "99.77.250.0/24",
              "99.77.251.0/24",
              "99.77.252.0/24",
              "99.77.253.0/24",
              "99.77.254.0/24",
              "99.77.55.0/32",
              "99.77.55.1/32",
              "99.77.55.12/32",
              "99.77.55.13/32",
              "99.77.55.14/32",
              "99.77.55.15/32",
              "99.77.55.2/32",
              "99.77.55.24/32",
              "99.77.55.25/32",
              "99.77.55.253/32",
              "99.77.55.254/32",
              "99.77.55.255/32",
              "99.77.55.26/32",
              "99.77.55.27/32",
              "99.77.55.3/32",
              "99.77.55.32/32",
              "99.77.55.33/32",
              "99.77.55.34/32",
              "99.77.55.35/32",
              "99.77.55.36/32",
              "99.77.55.37/32",
              "99.77.55.38/32",
              "99.77.55.39/32",
              "99.77.55.40/32",
              "99.77.55.41/32",
              "99.77.55.42/32",
              "99.77.55.43/32",
              "99.77.55.44/32",
              "99.77.55.45/32",
              "99.77.55.46/32",
              "99.77.55.47/32",
              "99.77.55.49/32",
              "99.77.55.50/32",
              "99.77.55.51/32",
              "99.77.55.52/32",
              "99.77.55.53/32",
              "99.77.55.54/32",
              "99.77.55.55/32",
              "99.77.55.56/32",
              "99.78.238.251/32",
              "99.78.238.253/32",
              "99.78.238.255/32",
              "99.79.0.0/16",
              "99.80.0.0/15"
            ],
            "create_date": "2026-04-01-12-18-05",
            "id": "1775045885",
            "ipv6_cidr_blocks": [
              "2001:3fc0:800::/40",
              "2001:3fc1:8000::/36",
              "2001:3fc2:8000::/36",
              "2001:3fc3:2800::/40",
              "2001:3fc3:6800::/40",
              "2001:3fc3:800::/40",
              "2001:3fc3:8800::/40",
              "2001:3fc3:a800::/40",
              "2001:3fc4:800::/40",
              "2001:3fc5:8800::/40",
              "2001:3fc6:100::/48",
              "2001:3fc6:1::/48",
              "2001:3fc6:2::/48",
              "2001:3fc6:8::/45",
              "2001:3fc7:1800::/40",
              "2001:3fc7:2800::/40",
              "2001:3fc7:3000::/40",
              "2001:3fc7:4800::/40",
              "2001:3fc7:5800::/40",
              "2001:3fc7:6800::/40",
              "2001:3fc7:800::/40",
              "2001:3fc7:f800::/40",
              "2400:6500:ff00::/48",
              "2400:6700:ff00::/48",
              "2400:7fc0:110::/48",
              "2400:7fc0:2100::/40",
              "2400:7fc0:2200::/40",
              "2400:7fc0:2f00::/40",
              "2400:7fc0:3000::/40",
              "2400:7fc0:4000::/40",
              "2400:7fc0:4100::/48",
              "2400:7fc0:6000::/40",
              "2400:7fc0:8000::/36",
              "2400:7fc0::/40",
              "2400:7fc0:a000::/36",
              "2400:7fc0:bb00::/40",
              "2400:7fc0:c000::/36",
              "2400:7fc0:ea00::/40",
              "2400:7fc0:eb00::/40",
              "2400:7fc0:ef00::/40",
              "2400:7fc0:f300::/40",
              "2403:b300:ff00::/48",
              "2404:c2c0:110::/48",
              "2404:c2c0:2100::/40",
              "2404:c2c0:2200::/40",
              "2404:c2c0:2f00::/40",
              "2404:c2c0:3000::/40",
              "2404:c2c0:3100::/40",
              "2404:c2c0:4000::/40",
              "2404:c2c0:4100::/48",
              "2404:c2c0:6000::/40",
              "2404:c2c0:8000::/36",
              "2404:c2c0::/40",
              "2404:c2c0:bb00::/40",
              "2404:c2c0:c000::/36",
              "2404:c2c0:ea00::/40",
              "2404:c2c0:eb00::/40",
              "2404:c2c0:ef00::/40",
              "2404:c2c0:f300::/40",
              "2406:da00:1000::/40",
              "2406:da00:2000::/40",
              "2406:da00:2800::/40",
              "2406:da00:4000::/40",
              "2406:da00:4800::/40",
              "2406:da00:6000::/40",
              "2406:da00:7000::/40",
              "2406:da00:8000::/40",
              "2406:da00:800::/40",
              "2406:da00:9000::/40",
              "2406:da00:a000::/40",
              "2406:da00:b000::/40",
              "2406:da00:c000::/40",
              "2406:da00:c800::/40",
              "2406:da00:e000::/40",
              "2406:da00:f000::/40",
              "2406:da00:ff00::/48",
              "2406:da10:8000::/36",
              "2406:da11::/36",
              "2406:da12:8000::/36",
              "2406:da12::/36",
              "2406:da13::/36",
              "2406:da14:8000::/36",
              "2406:da14::/35",
              "2406:da15::/36",
              "2406:da16::/36",
              "2406:da17::/36",
              "2406:da18:8000::/36",
              "2406:da18::/35",
              "2406:da19::/36",
              "2406:da1a:8000::/36",
              "2406:da1a::/35",
              "2406:da1b::/36",
              "2406:da1c:8000::/36",
              "2406:da1c::/35",
              "2406:da1d::/36",
              "2406:da1e::/32",
              "2406:da1f::/36",
              "2406:da20:8000::/36",
              "2406:da21::/36",
              "2406:da22:8000::/36",
              "2406:da22::/36",
              "2406:da23::/36",
              "2406:da24:8000::/36",
              "2406:da24::/36",
              "2406:da25::/36",
              "2406:da26::/36",
              "2406:da27::/36",
              "2406:da28:8000::/36",
              "2406:da28::/36",
              "2406:da29::/36",
              "2406:da2a:8000::/36",
              "2406:da2a::/36",
              "2406:da2b::/36",
              "2406:da2c:8000::/36",
              "2406:da2c::/36",
              "2406:da2d::/36",
              "2406:da2e::/36",
              "2406:da2f::/36",
              "2406:da30:1000::/40",
              "2406:da30:2000::/40",
              "2406:da30:2800::/40",
              "2406:da30:4000::/40",
              "2406:da30:4800::/40",
              "2406:da30:6000::/40",
              "2406:da30:7000::/40",
              "2406:da30:8000::/40",
              "2406:da30:800::/40",
              "2406:da30:8800::/40",
              "2406:da30:9000::/40",
              "2406:da30:a000::/40",
              "2406:da30:b000::/40",
              "2406:da30:c000::/40",
              "2406:da30:c800::/40",
              "2406:da30:e000::/40",
              "2406:da30:f000::/40",
              "2406:da32:1000::/40",
              "2406:da32:2000::/40",
              "2406:da32:2800::/40",
              "2406:da32:4000::/40",
              "2406:da32:4800::/40",
              "2406:da32:6000::/40",
              "2406:da32:7000::/40",
              "2406:da32:8000::/40",
              "2406:da32:800::/40",
              "2406:da32:8800::/40",
              "2406:da32:9000::/40",
              "2406:da32:a000::/40",
              "2406:da32:b000::/40",
              "2406:da32:c000::/40",
              "2406:da32:c800::/40",
              "2406:da32:e000::/40",
              "2406:da32:f000::/40",
              "2406:da33:1000::/40",
              "2406:da33:2000::/40",
              "2406:da33:2800::/40",
              "2406:da33:4000::/40",
              "2406:da33:4800::/40",
              "2406:da33:6000::/40",
              "2406:da33:7000::/40",
              "2406:da33:8000::/40",
              "2406:da33:800::/40",
              "2406:da33:8800::/40",
              "2406:da33:9000::/40",
              "2406:da33:a000::/40",
              "2406:da33:b000::/40",
              "2406:da33:c000::/40",
              "2406:da33:c800::/40",
              "2406:da33:e000::/40",
              "2406:da33:f000::/40",
              "2406:da36:1000::/40",
              "2406:da36:2000::/40",
              "2406:da36:2800::/40",
              "2406:da36:4000::/40",
              "2406:da36:4800::/40",
              "2406:da36:6000::/40",
              "2406:da36:7000::/40",
              "2406:da36:8000::/40",
              "2406:da36:800::/40",
              "2406:da36:8800::/40",
              "2406:da36:9000::/40",
              "2406:da36:a000::/40",
              "2406:da36:b000::/40",
              "2406:da36:c000::/40",
              "2406:da36:c800::/40",
              "2406:da36:e000::/40",
              "2406:da36:f000::/40",
              "2406:da38:1000::/40",
              "2406:da38:2000::/40",
              "2406:da38:2800::/40",
              "2406:da38:4000::/40",
              "2406:da38:4800::/40",
              "2406:da38:6000::/40",
              "2406:da38:7000::/40",
              "2406:da38:8000::/40",
              "2406:da38:800::/40",
              "2406:da38:8800::/40",
              "2406:da38:9000::/40",
              "2406:da38:a000::/40",
              "2406:da38:b000::/40",
              "2406:da38:c000::/40",
              "2406:da38:c800::/40",
              "2406:da38:e000::/40",
              "2406:da38:f000::/40",
              "2406:da60:1000::/40",
              "2406:da60:2000::/40",
              "2406:da60:2800::/40",
              "2406:da60:4000::/40",
              "2406:da60:4800::/40",
              "2406:da60:6000::/40",
              "2406:da60:7000::/40",
              "2406:da60:8000::/40",
              "2406:da60:800::/40",
              "2406:da60:8800::/40",
              "2406:da60:9000::/40",
              "2406:da60:a000::/40",
              "2406:da60:b000::/40",
              "2406:da60:c000::/40",
              "2406:da60:c800::/40",
              "2406:da60:e000::/40",
              "2406:da60:f000::/40",
              "2406:da61:1000::/40",
              "2406:da61:2000::/40",
              "2406:da61:2800::/40",
              "2406:da61:4000::/40",
              "2406:da61:4800::/40",
              "2406:da61:6000::/40",
              "2406:da61:7000::/40",
              "2406:da61:8000::/40",
              "2406:da61:800::/40",
              "2406:da61:8800::/40",
              "2406:da61:9000::/40",
              "2406:da61:a000::/40",
              "2406:da61:b000::/40",
              "2406:da61:c000::/40",
              "2406:da61:c800::/40",
              "2406:da61:e000::/40",
              "2406:da61:f000::/40",
              "2406:da70:1000::/40",
              "2406:da70:2000::/40",
              "2406:da70:2800::/40",
              "2406:da70:4000::/40",
              "2406:da70:4800::/40",
              "2406:da70:6000::/40",
              "2406:da70:7000::/40",
              "2406:da70:8000::/40",
              "2406:da70:800::/40",
              "2406:da70:8800::/40",
              "2406:da70:9000::/40",
              "2406:da70:a000::/40",
              "2406:da70:b000::/40",
              "2406:da70:c000::/40",
              "2406:da70:c800::/40",
              "2406:da70:e000::/40",
              "2406:da70:f000::/40",
              "2406:dab9:1000::/40",
              "2406:dab9:2000::/40",
              "2406:dab9:2800::/40",
              "2406:dab9:4000::/40",
              "2406:dab9:4800::/40",
              "2406:dab9:6000::/40",
              "2406:dab9:7000::/40",
              "2406:dab9:8000::/40",
              "2406:dab9:800::/40",
              "2406:dab9:8800::/40",
              "2406:dab9:9000::/40",
              "2406:dab9:a000::/40",
              "2406:dab9:b000::/40",
              "2406:dab9:c000::/40",
              "2406:dab9:c800::/40",
              "2406:dab9:e000::/40",
              "2406:dab9:f000::/40",
              "2406:daba:1000::/40",
              "2406:daba:2000::/40",
              "2406:daba:2800::/40",
              "2406:daba:4000::/40",
              "2406:daba:4800::/40",
              "2406:daba:6000::/40",
              "2406:daba:7000::/40",
              "2406:daba:8000::/40",
              "2406:daba:800::/40",
              "2406:daba:8800::/40",
              "2406:daba:9000::/40",
              "2406:daba:a000::/40",
              "2406:daba:b000::/40",
              "2406:daba:c000::/40",
              "2406:daba:c800::/40",
              "2406:daba:e000::/40",
              "2406:daba:f000::/40",
              "2406:dabb:1000::/40",
              "2406:dabb:2000::/40",
              "2406:dabb:2800::/40",
              "2406:dabb:4000::/40",
              "2406:dabb:4800::/40",
              "2406:dabb:6000::/40",
              "2406:dabb:7000::/40",
              "2406:dabb:8000::/40",
              "2406:dabb:800::/40",
              "2406:dabb:8800::/40",
              "2406:dabb:9000::/40",
              "2406:dabb:a000::/40",
              "2406:dabb:b000::/40",
              "2406:dabb:c000::/40",
              "2406:dabb:c800::/40",
              "2406:dabb:e000::/40",
              "2406:dabb:f000::/40",
              "2406:dae9:1000::/40",
              "2406:dae9:2000::/40",
              "2406:dae9:2800::/40",
              "2406:dae9:4000::/40",
              "2406:dae9:4800::/40",
              "2406:dae9:6000::/40",
              "2406:dae9:7000::/40",
              "2406:dae9:8000::/40",
              "2406:dae9:800::/40",
              "2406:dae9:8800::/40",
              "2406:dae9:9000::/40",
              "2406:dae9:a000::/40",
              "2406:dae9:b000::/40",
              "2406:dae9:c000::/40",
              "2406:dae9:c800::/40",
              "2406:dae9:e000::/40",
              "2406:dae9:f000::/40",
              "2406:daea:1000::/40",
              "2406:daea:2000::/40",
              "2406:daea:2800::/40",
              "2406:daea:4000::/40",
              "2406:daea:4800::/40",
              "2406:daea:6000::/40",
              "2406:daea:7000::/40",
              "2406:daea:8000::/40",
              "2406:daea:800::/40",
              "2406:daea:8800::/40",
              "2406:daea:9000::/40",
              "2406:daea:a000::/40",
              "2406:daea:b000::/40",
              "2406:daea:c000::/40",
              "2406:daea:c800::/40",
              "2406:daea:e000::/40",
              "2406:daea:f000::/40",
              "2406:daeb:1000::/40",
              "2406:daeb:2000::/40",
              "2406:daeb:2800::/40",
              "2406:daeb:4000::/40",
              "2406:daeb:4800::/40",
              "2406:daeb:6000::/40",
              "2406:daeb:7000::/40",
              "2406:daeb:8000::/40",
              "2406:daeb:800::/40",
              "2406:daeb:8800::/40",
              "2406:daeb:9000::/40",
              "2406:daeb:a000::/40",
              "2406:daeb:b000::/40",
              "2406:daeb:c000::/40",
              "2406:daeb:c800::/40",
              "2406:daeb:e000::/40",
              "2406:daeb:f000::/40",
              "2406:daef:1000::/40",
              "2406:daef:2000::/40",
              "2406:daef:2800::/40",
              "2406:daef:4000::/40",
              "2406:daef:4800::/40",
              "2406:daef:6000::/40",
              "2406:daef:7000::/40",
              "2406:daef:8000::/40",
              "2406:daef:800::/40",
              "2406:daef:8800::/40",
              "2406:daef:9000::/40",
              "2406:daef:a000::/40",
              "2406:daef:b000::/40",
              "2406:daef:c000::/40",
              "2406:daef:c800::/40",
              "2406:daef:e000::/40",
              "2406:daef:f000::/40",
              "2406:daf0:1000::/40",
              "2406:daf0:2000::/40",
              "2406:daf0:2800::/40",
              "2406:daf0:4000::/40",
              "2406:daf0:4800::/40",
              "2406:daf0:6000::/40",
              "2406:daf0:7000::/40",
              "2406:daf0:8000::/40",
              "2406:daf0:800::/40",
              "2406:daf0:8800::/40",
              "2406:daf0:9000::/40",
              "2406:daf0:a000::/40",
              "2406:daf0:b000::/40",
              "2406:daf0:c000::/40",
              "2406:daf0:c800::/40",
              "2406:daf0:e000::/40",
              "2406:daf0:f000::/40",
              "2406:daf2:1000::/40",
              "2406:daf2:2000::/40",
              "2406:daf2:2800::/40",
              "2406:daf2:4000::/40",
              "2406:daf2:4800::/40",
              "2406:daf2:6000::/40",
              "2406:daf2:7000::/40",
              "2406:daf2:8000::/40",
              "2406:daf2:800::/40",
              "2406:daf2:8800::/40",
              "2406:daf2:9000::/40",
              "2406:daf2:a000::/40",
              "2406:daf2:b000::/40",
              "2406:daf2:c000::/40",
              "2406:daf2:c800::/40",
              "2406:daf2:e000::/40",
              "2406:daf2:f000::/40",
              "2406:daf3:1000::/40",
              "2406:daf3:2000::/40",
              "2406:daf3:2800::/40",
              "2406:daf3:4000::/40",
              "2406:daf3:4800::/40",
              "2406:daf3:6000::/40",
              "2406:daf3:7000::/40",
              "2406:daf3:8000::/40",
              "2406:daf3:800::/40",
              "2406:daf3:8800::/40",
              "2406:daf3:9000::/40",
              "2406:daf3:a000::/40",
              "2406:daf3:b000::/40",
              "2406:daf3:c000::/40",
              "2406:daf3:c800::/40",
              "2406:daf3:e000::/40",
              "2406:daf3:f000::/40",
              "2406:daf4:1000::/40",
              "2406:daf4:2000::/40",
              "2406:daf4:2800::/40",
              "2406:daf4:4000::/40",
              "2406:daf4:4800::/40",
              "2406:daf4:6000::/40",
              "2406:daf4:7000::/40",
              "2406:daf4:8000::/40",
              "2406:daf4:800::/40",
              "2406:daf4:8800::/40",
              "2406:daf4:9000::/40",
              "2406:daf4:a000::/40",
              "2406:daf4:b000::/40",
              "2406:daf4:c000::/40",
              "2406:daf4:c800::/40",
              "2406:daf4:e000::/40",
              "2406:daf4:f000::/40",
              "2406:daf6:1000::/40",
              "2406:daf6:2000::/40",
              "2406:daf6:2800::/40",
              "2406:daf6:4000::/40",
              "2406:daf6:4800::/40",
              "2406:daf6:6000::/40",
              "2406:daf6:7000::/40",
              "2406:daf6:8000::/40",
              "2406:daf6:800::/40",
              "2406:daf6:8800::/40",
              "2406:daf6:9000::/40",
              "2406:daf6:a000::/40",
              "2406:daf6:b000::/40",
              "2406:daf6:c000::/40",
              "2406:daf6:c800::/40",
              "2406:daf6:e000::/40",
              "2406:daf6:f000::/40",
              "2406:daff:1000::/40",
              "2406:daff:2000::/40",
              "2406:daff:2800::/40",
              "2406:daff:4000::/40",
              "2406:daff:4800::/40",
              "2406:daff:6000::/40",
              "2406:daff:7000::/40",
              "2406:daff:8000::/40",
              "2406:daff:800::/40",
              "2406:daff:8800::/40",
              "2406:daff:9000::/40",
              "2406:daff:a000::/40",
              "2406:daff:a800::/40",
              "2406:daff:b000::/40",
              "2406:daff:c000::/40",
              "2406:daff:c800::/40",
              "2406:daff:e000::/40",
              "2406:daff:f000::/40",
              "240f:8000:4000::/40",
              "240f:8000:8000::/40",
              "240f:8014::/36",
              "240f:8018::/36",
              "240f:80ff:4000::/40",
              "240f:80ff:8000::/40",
              "2600:1f00:1000::/40",
              "2600:1f00:2000::/40",
              "2600:1f00:4000::/40",
              "2600:1f00:5000::/40",
              "2600:1f00:6000::/40",
              "2600:1f00:7400::/40",
              "2600:1f00:8000::/40",
              "2600:1f00:a400::/40",
              "2600:1f00:c000::/40",
              "2600:1f00:e000::/40",
              "2600:1f00:ec00::/64",
              "2600:1f10:4000::/36",
              "2600:1f10:8000::/36",
              "2600:1f10:c000::/36",
              "2600:1f11:4000::/36",
              "2600:1f11:8000::/36",
              "2600:1f11::/36",
              "2600:1f11:c000::/36",
              "2600:1f12:4000::/36",
              "2600:1f12:8000::/36",
              "2600:1f12::/36",
              "2600:1f12:c000::/36",
              "2600:1f13:8000::/36",
              "2600:1f13::/36",
              "2600:1f13:c000::/36",
              "2600:1f14:4000::/36",
              "2600:1f14:8000::/36",
              "2600:1f14::/34",
              "2600:1f14:c000::/36",
              "2600:1f15:4000::/36",
              "2600:1f15:8000::/36",
              "2600:1f15::/36",
              "2600:1f15:c000::/36",
              "2600:1f16:8000::/36",
              "2600:1f16::/34",
              "2600:1f16:c000::/36",
              "2600:1f17:4000::/36",
              "2600:1f17:8000::/36",
              "2600:1f17:c000::/36",
              "2600:1f18:8000::/36",
              "2600:1f18::/33",
              "2600:1f18:c000::/36",
              "2600:1f19:4000::/36",
              "2600:1f19:8000::/36",
              "2600:1f19:c000::/36",
              "2600:1f1a:4000::/36",
              "2600:1f1a:8000::/36",
              "2600:1f1a:c000::/36",
              "2600:1f1b:4000::/36",
              "2600:1f1b:8000::/36",
              "2600:1f1b:c000::/36",
              "2600:1f1c:4000::/36",
              "2600:1f1c:8000::/36",
              "2600:1f1c::/36",
              "2600:1f1c:c000::/36",
              "2600:1f1d:4000::/36",
              "2600:1f1d:8000::/36",
              "2600:1f1d:c000::/36",
              "2600:1f1e:4000::/36",
              "2600:1f1e:8000::/36",
              "2600:1f1e::/36",
              "2600:1f1e:c000::/36",
              "2600:1f1f:4000::/36",
              "2600:1f1f:8000::/36",
              "2600:1f1f::/36",
              "2600:1f1f:c000::/36",
              "2600:1f20:8000::/36",
              "2600:1f20:c000::/36",
              "2600:1f21:4000::/36",
              "2600:1f21:8000::/36",
              "2600:1f21::/36",
              "2600:1f21:c000::/36",
              "2600:1f22:8000::/36",
              "2600:1f22::/36",
              "2600:1f22:c000::/36",
              "2600:1f23:8000::/36",
              "2600:1f23::/36",
              "2600:1f23:c000::/36",
              "2600:1f24:4000::/36",
              "2600:1f24:8000::/36",
              "2600:1f24::/36",
              "2600:1f24:c000::/36",
              "2600:1f25:4000::/36",
              "2600:1f25:8000::/36",
              "2600:1f25::/36",
              "2600:1f25:c000::/36",
              "2600:1f26:8000::/36",
              "2600:1f26::/36",
              "2600:1f26:c000::/36",
              "2600:1f27:4000::/36",
              "2600:1f27:8000::/36",
              "2600:1f27:c000::/36",
              "2600:1f28:8000::/36",
              "2600:1f28::/36",
              "2600:1f28:c000::/36",
              "2600:1f29:4000::/36",
              "2600:1f29:8000::/36",
              "2600:1f29:c000::/36",
              "2600:1f2a:4000::/36",
              "2600:1f2a:8000::/36",
              "2600:1f2a:c000::/36",
              "2600:1f2b:4000::/36",
              "2600:1f2b:8000::/36",
              "2600:1f2b:c000::/36",
              "2600:1f2c:4000::/36",
              "2600:1f2c:8000::/36",
              "2600:1f2c::/36",
              "2600:1f2c:c000::/36",
              "2600:1f2d:4000::/36",
              "2600:1f2d:8000::/36",
              "2600:1f2d:c000::/36",
              "2600:1f2e:4000::/36",
              "2600:1f2e:8000::/36",
              "2600:1f2e::/36",
              "2600:1f2e:c000::/36",
              "2600:1f2f:4000::/36",
              "2600:1f2f:8000::/36",
              "2600:1f2f:c000::/36",
              "2600:1f30:1000::/40",
              "2600:1f30:2000::/40",
              "2600:1f30:4000::/39",
              "2600:1f30:5000::/40",
              "2600:1f30:6000::/40",
              "2600:1f30:7400::/40",
              "2600:1f30:8000::/39",
              "2600:1f30:a400::/40",
              "2600:1f30:c000::/40",
              "2600:1f30:e000::/40",
              "2600:1f30:ec00::/40",
              "2600:1f32:1000::/40",
              "2600:1f32:2000::/40",
              "2600:1f32:4000::/39",
              "2600:1f32:5000::/40",
              "2600:1f32:6000::/40",
              "2600:1f32:7400::/40",
              "2600:1f32:8000::/39",
              "2600:1f32:a400::/40",
              "2600:1f32:c000::/40",
              "2600:1f32:e000::/40",
              "2600:1f32:ec00::/40",
              "2600:1f33:1000::/40",
              "2600:1f33:2000::/40",
              "2600:1f33:4000::/39",
              "2600:1f33:5000::/40",
              "2600:1f33:6000::/40",
              "2600:1f33:7400::/40",
              "2600:1f33:8000::/39",
              "2600:1f33:a400::/40",
              "2600:1f33:c000::/40",
              "2600:1f33:e000::/40",
              "2600:1f33:ec00::/40",
              "2600:1f36:1000::/40",
              "2600:1f36:2000::/40",
              "2600:1f36:4000::/39",
              "2600:1f36:5000::/40",
              "2600:1f36:6000::/40",
              "2600:1f36:7400::/40",
              "2600:1f36:8000::/39",
              "2600:1f36:a400::/40",
              "2600:1f36:c000::/40",
              "2600:1f36:e000::/40",
              "2600:1f36:ec00::/40",
              "2600:1f38:1000::/40",
              "2600:1f38:2000::/40",
              "2600:1f38:4000::/39",
              "2600:1f38:5000::/40",
              "2600:1f38:6000::/40",
              "2600:1f38:7400::/40",
              "2600:1f38:8000::/39",
              "2600:1f38:a400::/40",
              "2600:1f38:c000::/40",
              "2600:1f38:e000::/40",
              "2600:1f38:ec00::/40",
              "2600:1f60:1000::/40",
              "2600:1f60:2000::/40",
              "2600:1f60:4000::/39",
              "2600:1f60:5000::/40",
              "2600:1f60:6000::/40",
              "2600:1f60:7400::/40",
              "2600:1f60:8000::/39",
              "2600:1f60:a400::/40",
              "2600:1f60:c000::/40",
              "2600:1f60:e000::/40",
              "2600:1f60:ec00::/40",
              "2600:1f61:1000::/40",
              "2600:1f61:2000::/40",
              "2600:1f61:4000::/39",
              "2600:1f61:5000::/40",
              "2600:1f61:6000::/40",
              "2600:1f61:7400::/40",
              "2600:1f61:8000::/39",
              "2600:1f61:a400::/40",
              "2600:1f61:c000::/40",
              "2600:1f61:e000::/40",
              "2600:1f61:ec00::/40",
              "2600:1f70:1000::/40",
              "2600:1f70:2000::/40",
              "2600:1f70:4000::/39",
              "2600:1f70:5000::/40",
              "2600:1f70:6000::/40",
              "2600:1f70:7400::/40",
              "2600:1f70:8000::/39",
              "2600:1f70:a400::/40",
              "2600:1f70:c000::/40",
              "2600:1f70:e000::/40",
              "2600:1f70:ec00::/40",
              "2600:1fb9:1000::/40",
              "2600:1fb9:2000::/40",
              "2600:1fb9:4000::/39",
              "2600:1fb9:5000::/40",
              "2600:1fb9:6000::/40",
              "2600:1fb9:7400::/40",
              "2600:1fb9:8000::/39",
              "2600:1fb9:a400::/40",
              "2600:1fb9:c000::/40",
              "2600:1fb9:e000::/40",
              "2600:1fb9:ec00::/40",
              "2600:1fba:1000::/40",
              "2600:1fba:2000::/40",
              "2600:1fba:4000::/39",
              "2600:1fba:5000::/40",
              "2600:1fba:6000::/40",
              "2600:1fba:7400::/40",
              "2600:1fba:8000::/39",
              "2600:1fba:a400::/40",
              "2600:1fba:c000::/40",
              "2600:1fba:e000::/40",
              "2600:1fba:ec00::/40",
              "2600:1fbb:1000::/40",
              "2600:1fbb:2000::/40",
              "2600:1fbb:4000::/39",
              "2600:1fbb:5000::/40",
              "2600:1fbb:6000::/40",
              "2600:1fbb:7400::/40",
              "2600:1fbb:8000::/38",
              "2600:1fbb:a400::/40",
              "2600:1fbb:c000::/40",
              "2600:1fbb:e000::/40",
              "2600:1fbb:ec00::/40",
              "2600:1fe9:1000::/40",
              "2600:1fe9:2000::/40",
              "2600:1fe9:4000::/39",
              "2600:1fe9:5000::/40",
              "2600:1fe9:6000::/40",
              "2600:1fe9:7400::/40",
              "2600:1fe9:8000::/39",
              "2600:1fe9:a400::/40",
              "2600:1fe9:c000::/40",
              "2600:1fe9:e000::/40",
              "2600:1fe9:ec00::/40",
              "2600:1fea:1000::/40",
              "2600:1fea:2000::/40",
              "2600:1fea:4000::/39",
              "2600:1fea:5000::/40",
              "2600:1fea:6000::/40",
              "2600:1fea:7400::/40",
              "2600:1fea:8000::/39",
              "2600:1fea:a400::/40",
              "2600:1fea:c000::/40",
              "2600:1fea:e000::/40",
              "2600:1fea:ec00::/40",
              "2600:1feb:1000::/40",
              "2600:1feb:2000::/40",
              "2600:1feb:4000::/39",
              "2600:1feb:5000::/40",
              "2600:1feb:6000::/40",
              "2600:1feb:7400::/40",
              "2600:1feb:8000::/39",
              "2600:1feb:a400::/40",
              "2600:1feb:c000::/40",
              "2600:1feb:e000::/40",
              "2600:1feb:ec00::/40",
              "2600:1fef:1000::/40",
              "2600:1fef:2000::/40",
              "2600:1fef:4000::/39",
              "2600:1fef:5000::/40",
              "2600:1fef:6000::/40",
              "2600:1fef:7400::/40",
              "2600:1fef:8000::/39",
              "2600:1fef:a400::/40",
              "2600:1fef:c000::/40",
              "2600:1fef:e000::/40",
              "2600:1fef:ec00::/40",
              "2600:1ff0:1000::/40",
              "2600:1ff0:2000::/40",
              "2600:1ff0:4000::/39",
              "2600:1ff0:5000::/40",
              "2600:1ff0:6000::/40",
              "2600:1ff0:7400::/40",
              "2600:1ff0:8000::/39",
              "2600:1ff0:a400::/40",
              "2600:1ff0:c000::/40",
              "2600:1ff0:e000::/40",
              "2600:1ff0:ec00::/40",
              "2600:1ff2:1000::/40",
              "2600:1ff2:2000::/40",
              "2600:1ff2:4000::/39",
              "2600:1ff2:5000::/40",
              "2600:1ff2:6000::/40",
              "2600:1ff2:7400::/40",
              "2600:1ff2:8000::/39",
              "2600:1ff2:a400::/40",
              "2600:1ff2:c000::/40",
              "2600:1ff2:e000::/40",
              "2600:1ff2:ec00::/40",
              "2600:1ff3:1000::/40",
              "2600:1ff3:2000::/40",
              "2600:1ff3:4000::/39",
              "2600:1ff3:5000::/40",
              "2600:1ff3:6000::/40",
              "2600:1ff3:7400::/40",
              "2600:1ff3:8000::/39",
              "2600:1ff3:a400::/40",
              "2600:1ff3:c000::/40",
              "2600:1ff3:e000::/40",
              "2600:1ff3:ec00::/40",
              "2600:1ff4:1000::/40",
              "2600:1ff4:2000::/40",
              "2600:1ff4:4000::/39",
              "2600:1ff4:5000::/40",
              "2600:1ff4:6000::/40",
              "2600:1ff4:7400::/40",
              "2600:1ff4:8000::/39",
              "2600:1ff4:a400::/40",
              "2600:1ff4:c000::/40",
              "2600:1ff4:e000::/40",
              "2600:1ff4:ec00::/40",
              "2600:1ff6:1000::/40",
              "2600:1ff6:2000::/40",
              "2600:1ff6:4000::/39",
              "2600:1ff6:5000::/40",
              "2600:1ff6:6000::/40",
              "2600:1ff6:7400::/40",
              "2600:1ff6:8000::/39",
              "2600:1ff6:a400::/40",
              "2600:1ff6:c000::/40",
              "2600:1ff6:e000::/40",
              "2600:1ff6:ec00::/40",
              "2600:1ffd:803f::/48",
              "2600:1ffd:8066::/48",
              "2600:1ffd:807b::/48",
              "2600:1ffd:807f::/48",
              "2600:1ffd:80a7::/48",
              "2600:1ffd:80c8::/48",
              "2600:1ffd:80cb::/48",
              "2600:1ffd:80d0::/48",
              "2600:1ffd:80e1::/48",
              "2600:1ffd:80f0::/48",
              "2600:1ffd:812f::/48",
              "2600:1ffd:8143::/48",
              "2600:1ffd:8149::/48",
              "2600:1ffd:8165::/48",
              "2600:1ffd:816c::/48",
              "2600:1ffd:8188::/48",
              "2600:1ffd:818f::/48",
              "2600:1ffd:8190::/48",
              "2600:1ffd:819f::/48",
              "2600:1ffd:81a7::/48",
              "2600:1ffd:81c2::/48",
              "2600:1ffd:8285::/48",
              "2600:1ffd:82be::/48",
              "2600:1ffd:831b::/48",
              "2600:1ffd:833b::/48",
              "2600:1ffd:838e::/48",
              "2600:1ffd:83ad::/48",
              "2600:1ffd:83d2::/48",
              "2600:1ffd:8422::/48",
              "2600:1ffd:8492::/48",
              "2600:1ffd:84af::/48",
              "2600:1ffd:84bd::/48",
              "2600:1ffd:8508::/48",
              "2600:1ffd:85b2::/48",
              "2600:1ffd:85c0::/48",
              "2600:1ffd:85e8::/48",
              "2600:1fff:1000::/40",
              "2600:1fff:2000::/40",
              "2600:1fff:2c00::/40",
              "2600:1fff:3000::/40",
              "2600:1fff:4000::/39",
              "2600:1fff:5000::/40",
              "2600:1fff:6000::/40",
              "2600:1fff:7400::/40",
              "2600:1fff:8000::/39",
              "2600:1fff:a400::/40",
              "2600:1fff:c000::/40",
              "2600:1fff:e000::/40",
              "2600:1fff:ec00::/40",
              "2600:9000:5200::/48",
              "2600:9000:5201::/48",
              "2600:9000:5202::/48",
              "2600:9000:5203::/48",
              "2600:9000:5204::/48",
              "2600:9000:5205::/48",
              "2600:9000:5206::/48",
              "2600:9000:5207::/48",
              "2600:9000:5208::/48",
              "2600:9000:5209::/48",
              "2600:9000:520a::/48",
              "2600:9000:520b::/48",
              "2600:9000:520c::/48",
              "2600:9000:520d::/48",
              "2600:9000:520e::/48",
              "2600:9000:520f::/48",
              "2600:9000:5210::/48",
              "2600:9000:5211::/48",
              "2600:9000:5212::/48",
              "2600:9000:5213::/48",
              "2600:f000:8000::/39",
              "2600:f000::/39",
              "2600:f001:4000::/40",
              "2600:f001::/40",
              "2600:f002:8000::/40",
              "2600:f002::/39",
              "2600:f002:c000::/40",
              "2600:f003:a200::/40",
              "2600:f004:4000::/40",
              "2600:f004:8000::/40",
              "2600:f004::/40",
              "2600:f004:a000::/40",
              "2600:f005:8000::/40",
              "2600:f007::/40",
              "2600:f00c:8000::/39",
              "2600:f00c::/39",
              "2600:f00d:8000::/40",
              "2600:f00d::/40",
              "2600:f00e:400::/40",
              "2600:f00e:600::/40",
              "2600:f00e::/39",
              "2600:f00f:4000::/40",
              "2600:f00f:6000::/40",
              "2600:f00f::/40",
              "2600:f00f:c000::/40",
              "2600:f0f0:0:100::/56",
              "2600:f0f0:0:200::/62",
              "2600:f0f0:0:204::/62",
              "2600:f0f0:0:208::/62",
              "2600:f0f0:0:20c::/62",
              "2600:f0f0:0:210::/62",
              "2600:f0f0:0:214::/62",
              "2600:f0f0:0:218::/62",
              "2600:f0f0:0:21c::/62",
              "2600:f0f0:0:300::/56",
              "2600:f0f0:0:d00::/56",
              "2600:f0f0:1000::/44",
              "2600:f0f0:10::/48",
              "2600:f0f0:1100::/48",
              "2600:f0f0:1101::/48",
              "2600:f0f0:1102::/48",
              "2600:f0f0:1103::/48",
              "2600:f0f0:1104::/48",
              "2600:f0f0:1105::/48",
              "2600:f0f0:1106::/48",
              "2600:f0f0:1107::/48",
              "2600:f0f0:1108::/48",
              "2600:f0f0:1109::/48",
              "2600:f0f0:110a::/48",
              "2600:f0f0:110b::/48",
              "2600:f0f0:110c::/48",
              "2600:f0f0:110d::/48",
              "2600:f0f0:110e::/48",
              "2600:f0f0:110f::/48",
              "2600:f0f0:1110::/48",
              "2600:f0f0:1111::/48",
              "2600:f0f0:1112::/48",
              "2600:f0f0:1113::/48",
              "2600:f0f0:1114::/48",
              "2600:f0f0:1115::/48",
              "2600:f0f0:1116::/48",
              "2600:f0f0:1117::/48",
              "2600:f0f0:1118::/48",
              "2600:f0f0:1119::/48",
              "2600:f0f0:111a::/48",
              "2600:f0f0:111c::/48",
              "2600:f0f0:111d::/48",
              "2600:f0f0:111f::/48",
              "2600:f0f0:1120::/48",
              "2600:f0f0:1121::/48",
              "2600:f0f0:1122::/48",
              "2600:f0f0:1123::/48",
              "2600:f0f0:1124::/48",
              "2600:f0f0:1125::/48",
              "2600:f0f0:1126::/48",
              "2600:f0f0:1127::/48",
              "2600:f0f0:1128::/48",
              "2600:f0f0:1129::/48",
              "2600:f0f0:11::/48",
              "2600:f0f0:11fe::/48",
              "2600:f0f0:11ff::/48",
              "2600:f0f0:1:1000::/56",
              "2600:f0f0:1:1100::/56",
              "2600:f0f0:1:1300::/56",
              "2600:f0f0:1:1400::/56",
              "2600:f0f0:1:1600::/56",
              "2600:f0f0:1:1700::/56",
              "2600:f0f0:1:1800::/56",
              "2600:f0f0:1:1a00::/56",
              "2600:f0f0:1:1b00::/56",
              "2600:f0f0:1:1c00::/56",
              "2600:f0f0:1:1e00::/56",
              "2600:f0f0:1:1f00::/56",
              "2600:f0f0:1:2000::/56",
              "2600:f0f0:1:2100::/56",
              "2600:f0f0:1:2200::/56",
              "2600:f0f0:1:a00::/56",
              "2600:f0f0:1:f00::/56",
              "2600:f0f0:1:fd00::/56",
              "2600:f0f0:1:fe00::/56",
              "2600:f0f0:1:ff00::/56",
              "2600:f0f0:2::/48",
              "2600:f0f0:300:100::/56",
              "2600:f0f0:30::/44",
              "2600:f0f0:30e::/48",
              "2600:f0f0:30f::/48",
              "2600:f0f0:310::/48",
              "2600:f0f0:4000::/48",
              "2600:f0f0:400::/44",
              "2600:f0f0:40::/48",
              "2600:f0f0:4100::/48",
              "2600:f0f0:4101::/48",
              "2600:f0f0:4102::/48",
              "2600:f0f0:4103::/48",
              "2600:f0f0:4104::/48",
              "2600:f0f0:4105::/48",
              "2600:f0f0:4106::/48",
              "2600:f0f0:4107::/48",
              "2600:f0f0:4108::/48",
              "2600:f0f0:4109::/48",
              "2600:f0f0:410a::/48",
              "2600:f0f0:410b::/48",
              "2600:f0f0:410c::/48",
              "2600:f0f0:410d::/48",
              "2600:f0f0:410e::/48",
              "2600:f0f0:410f::/48",
              "2600:f0f0:4110::/48",
              "2600:f0f0:4140::/48",
              "2600:f0f0:4141::/48",
              "2600:f0f0:4144::/48",
              "2600:f0f0:4145::/48",
              "2600:f0f0:4::/48",
              "2600:f0f0:500::/48",
              "2600:f0f0:5400::/48",
              "2600:f0f0:5401::/48",
              "2600:f0f0:5402::/48",
              "2600:f0f0:5403::/48",
              "2600:f0f0:5500::/48",
              "2600:f0f0:5502::/48",
              "2600:f0f0:5503::/48",
              "2600:f0f0:5510::/48",
              "2600:f0f0:5511::/48",
              "2600:f0f0:5512::/48",
              "2600:f0f0:5513::/48",
              "2600:f0f0:5514::/48",
              "2600:f0f0:5515::/48",
              "2600:f0f0:5516::/48",
              "2600:f0f0:5517::/48",
              "2600:f0f0:5518::/48",
              "2600:f0f0:5519::/48",
              "2600:f0f0:551a::/48",
              "2600:f0f0:551b::/48",
              "2600:f0f0:551c::/48",
              "2600:f0f0:551d::/48",
              "2600:f0f0:551e::/48",
              "2600:f0f0:551f::/48",
              "2600:f0f0:5520::/48",
              "2600:f0f0:5521::/48",
              "2600:f0f0:5522::/48",
              "2600:f0f0:5523::/48",
              "2600:f0f0:5524::/48",
              "2600:f0f0:5525::/48",
              "2600:f0f0:5526::/48",
              "2600:f0f0:5527::/48",
              "2600:f0f0:5528::/48",
              "2600:f0f0:5529::/48",
              "2600:f0f0:552a::/48",
              "2600:f0f0:552b::/48",
              "2600:f0f0:552c::/48",
              "2600:f0f0:552d::/48",
              "2600:f0f0:552e::/48",
              "2600:f0f0:552f::/48",
              "2600:f0f0:5530::/48",
              "2600:f0f0:5531::/48",
              "2600:f0f0:5532::/48",
              "2600:f0f0:5533::/48",
              "2600:f0f0:5534::/48",
              "2600:f0f0:5535::/48",
              "2600:f0f0:5536::/48",
              "2600:f0f0:5537::/48",
              "2600:f0f0:5538::/48",
              "2600:f0f0:5539::/48",
              "2600:f0f0:553a::/48",
              "2600:f0f0:553b::/48",
              "2600:f0f0:553c::/48",
              "2600:f0f0:553d::/48",
              "2600:f0f0:553e::/48",
              "2600:f0f0:553f::/48",
              "2600:f0f0:5::/48",
              "2600:f0f0:6000::/44",
              "2600:f0f0:600:200::/55",
              "2600:f0f0:600::/55",
              "2600:f0f0:6010::/44",
              "2600:f0f0:60::/44",
              "2600:f0f0:6100::/48",
              "2600:f0f0:6101::/48",
              "2600:f0f0:6102::/48",
              "2600:f0f0:6103::/48",
              "2600:f0f0:6104::/48",
              "2600:f0f0:6105::/48",
              "2600:f0f0:6106::/48",
              "2600:f0f0:6107::/48",
              "2600:f0f0:6108::/48",
              "2600:f0f0:6109::/48",
              "2600:f0f0:610a::/48",
              "2600:f0f0:610b::/48",
              "2600:f0f0:610c::/48",
              "2600:f0f0:610d::/48",
              "2600:f0f0:610e::/48",
              "2600:f0f0:610f::/48",
              "2600:f0f0:6110::/48",
              "2600:f0f0:6111::/48",
              "2600:f0f0:6112::/48",
              "2600:f0f0:6113::/48",
              "2600:f0f0:6114::/48",
              "2600:f0f0:6115::/48",
              "2600:f0f0:6116::/48",
              "2600:f0f0:6117::/48",
              "2600:f0f0:6118::/48",
              "2600:f0f0:6119::/48",
              "2600:f0f0:611a::/48",
              "2600:f0f0:611b::/48",
              "2600:f0f0:611c::/48",
              "2600:f0f0:611d::/48",
              "2600:f0f0:611e::/48",
              "2600:f0f0:611f::/48",
              "2600:f0f0:6120::/48",
              "2600:f0f0:6121::/48",
              "2600:f0f0:6122::/48",
              "2600:f0f0:6123::/48",
              "2600:f0f0:6124::/48",
              "2600:f0f0:6125::/48",
              "2600:f0f0:6126::/48",
              "2600:f0f0:700::/44",
              "2600:f0f0:70::/45",
              "2600:f0f0:720::/48",
              "2600:f0f0:721::/48",
              "2600:f0f0:730::/48",
              "2600:f0f0:731::/48",
              "2600:f0f0:78::/45",
              "2600:f0f0:80::/48",
              "2600:f0f0:8100::/48",
              "2600:f0f0:8101::/48",
              "2600:f0f0:8102::/48",
              "2600:f0f0:8103::/48",
              "2600:f0f0:8104::/48",
              "2600:f0f0:8105::/48",
              "2600:f0f0:8106::/48",
              "2600:f0f0:8107::/48",
              "2600:f0f0:8108::/48",
              "2600:f0f0:8109::/48",
              "2600:f0f0:810a::/48",
              "2600:f0f0:810b::/48",
              "2600:f0f0:810c::/48",
              "2600:f0f0:810d::/48",
              "2600:f0f0:810e::/48",
              "2600:f0f0:810f::/48",
              "2600:f0f0:8110::/48",
              "2600:f0f0:8120::/48",
              "2600:f0f0:8130::/48",
              "2600:f0f0:8140::/48",
              "2600:f0f0:8150::/48",
              "2600:f0f0:8160::/48",
              "2600:f0f0:8170::/48",
              "2600:f0f0:8180::/48",
              "2600:f0f0:8181::/48",
              "2600:f0f0:8182::/48",
              "2600:f0f0:8183::/48",
              "2600:f0f0:8184::/48",
              "2600:f0f0:8185::/48",
              "2600:f0f0:8186::/48",
              "2600:f0f0:81::/48",
              "2600:f0f0:82::/48",
              "2600:f0f0:83::/48",
              "2600:f0f0:84::/48",
              "2600:f0f0:85::/48",
              "2600:f0f0:86::/48",
              "2600:f0f0:87::/48",
              "2600:f0f0:8::/48",
              "2600:f0f0:90:1400::/56",
              "2600:f0f0:91::/48",
              "2600:f0f0:a0::/48",
              "2600:f0f0:a::/47",
              "2600:f0f0:c000::/48",
              "2600:f0f0:c001::/48",
              "2600:f0f0:c002::/48",
              "2600:f0f0:c003::/48",
              "2600:f0f0:c004::/48",
              "2600:f0f0:c005::/48",
              "2600:f0f0:c040::/48",
              "2600:f0f0:c041::/48",
              "2600:f0f0:c042::/48",
              "2600:f0f0:c043::/48",
              "2600:f0f0:c044::/48",
              "2600:f0f0:c045::/48",
              "2600:f0f0:c046::/48",
              "2600:f0f0:c047::/48",
              "2600:f0f0:c048::/48",
              "2600:f0f0:c049::/48",
              "2600:f0f0:cfb::/48",
              "2600:f0f0:cfc::/48",
              "2600:f0f0:cfd::/48",
              "2600:f0f0:cfe::/48",
              "2600:f0f0:cff::/48",
              "2600:f0f0:e00::/48",
              "2600:f0f0:e01::/48",
              "2600:f0f0:e02::/48",
              "2600:f0f0:e03::/48",
              "2600:f0f0:e04::/48",
              "2600:f0f0:e05::/48",
              "2600:f0f0:e06::/48",
              "2600:f0f0:e07::/48",
              "2600:f0f0:e08::/48",
              "2600:f0f0:e09::/48",
              "2600:f0f0:e0a::/48",
              "2600:f0f0:e0d::/48",
              "2600:f0f0:e0f::/48",
              "2600:f0f0:e11::/48",
              "2600:f0f0:e12::/48",
              "2600:f0f0:e13::/48",
              "2600:f0f0:e14::/48",
              "2600:f0f0:e15::/48",
              "2600:f0f0:e16::/48",
              "2600:f0f0:e17::/48",
              "2600:f0f0:e18::/48",
              "2600:f0f0:e19::/48",
              "2600:f0f0:e1a::/48",
              "2600:f0f0:e1b::/48",
              "2600:f0f0:e1c::/48",
              "2600:f0f0:e1d::/48",
              "2600:f0f0:e1e::/48",
              "2600:f0f0:e1f::/48",
              "2600:f0f0:e20::/48",
              "2600:f0f0:e24::/48",
              "2600:f0f0:e26::/48",
              "2600:f0f0:e27::/48",
              "2600:f0f0:e28::/48",
              "2600:f0f0:e29::/48",
              "2600:f0f0:e2a::/48",
              "2600:f0f0:e2b::/48",
              "2600:f0f0:e2c::/48",
              "2600:f0f0:e2d::/48",
              "2600:f0f0:e2e::/48",
              "2600:f0f0:e2f::/48",
              "2600:f0f0:e30::/48",
              "2600:f0f0:e31::/48",
              "2600:f0f0:e32::/48",
              "2600:f0f0:e33::/48",
              "2600:f0f0:f00:100::/56",
              "2600:f0f0:f00:200::/56",
              "2600:f0f0:f00:300::/56",
              "2600:f0f0:f00:400::/56",
              "2600:f0f0:f00:500::/56",
              "2600:f0f0:f00::/56",
              "2600:f0f1:10::/47",
              "2600:f0f1:12::/47",
              "2600:f0f1:4000::/42",
              "2600:f0f1:4040::/42",
              "2600:f0f1:40c0::/42",
              "2600:f0f1:4100::/42",
              "2600:f0f1:4140::/42",
              "2600:f0f1:4180::/42",
              "2600:f0f1:41c0::/42",
              "2600:f0f1:4200::/42",
              "2600:f0f1:4240::/42",
              "2600:f0f1:4280::/42",
              "2600:f0f1:42c0::/42",
              "2600:f0f1:4300::/42",
              "2600:f0f1:4340::/42",
              "2600:f0f1:4380::/42",
              "2600:f0f1:43c0::/42",
              "2600:f0f1:4400::/42",
              "2600:f0f1:4440::/42",
              "2600:f0f1:4480::/42",
              "2600:f0f1:44c0::/42",
              "2600:f0f1:4500::/42",
              "2600:f0f1:4540::/42",
              "2600:f0f1:4580::/42",
              "2600:f0f1:4840::/42",
              "2600:f0f1:80::/48",
              "2600:f0f1:81::/48",
              "2600:f0f1:82::/48",
              "2600:f0f1:83::/48",
              "2600:f0f1:84::/48",
              "2600:f0f1:85::/48",
              "2600:f0f1:86::/48",
              "2600:f0f1:87::/48",
              "2600:f0f1:8801::/48",
              "2600:f0f1:8802::/48",
              "2600:f0f1:88::/48",
              "2600:f0f1:89::/48",
              "2600:f0f1:8a00::/44",
              "2600:f0f1:8a10::/48",
              "2600:f0f1:8a::/48",
              "2600:f0f1:8b00::/48",
              "2600:f0f1:8b01::/48",
              "2600:f0f1:8b02::/48",
              "2600:f0f1:8b03::/48",
              "2600:f0f1:8b::/48",
              "2600:f0f1:8c::/48",
              "2600:f0f1:8d::/48",
              "2600:f0f1:8e::/48",
              "2600:f0f1:8f::/48",
              "2600:f0f2:7000::/44",
              "2600:f0f2:7010::/48",
              "2600:f0f2:7011::/48",
              "2600:f0f2:7012::/48",
              "2600:f0f2:7013::/48",
              "2600:f0f2:7014::/48",
              "2600:f0f2:7015::/48",
              "2600:f0f2:7016::/48",
              "2600:f0f2:7017::/48",
              "2600:f0f2:7018::/48",
              "2600:f0f2:7019::/48",
              "2600:f0f2:701a::/48",
              "2600:f0f2:701b::/48",
              "2600:f0f2:701c::/48",
              "2600:f0f2:701d::/48",
              "2600:f0f2:701e::/48",
              "2600:f0f2:701f::/48",
              "2600:f0f2:7020::/48",
              "2600:f0f2:7021::/48",
              "2600:f0f2:7022::/48",
              "2600:f0f2:7023::/48",
              "2600:f0f2:7025::/48",
              "2600:f0f2:7028::/48",
              "2600:f0f2:7029::/48",
              "2600:f0f2:7100::/48",
              "2600:f0f2:7101::/48",
              "2600:f0f2:7102::/48",
              "2600:f0f2:7103::/48",
              "2600:f0f2:7104::/48",
              "2600:f0f2:7105::/48",
              "2600:f0f2:7106::/48",
              "2600:f0f2:7107::/48",
              "2600:f0f2:7108::/48",
              "2600:f0f2:7109::/48",
              "2600:f0f2:710a::/48",
              "2600:f0f2:710b::/48",
              "2600:f0f2:7140::/48",
              "2600:f0f2:7148::/48",
              "2600:f0f3:f000::/44",
              "2600:f0fb:8000::/40",
              "2600:f0fb:e000::/40",
              "2600:f0fb:e100::/40",
              "2600:f0fb:e200::/40",
              "2600:f0fb:e300::/40",
              "2600:f0fb:e400::/40",
              "2600:f0fb:e500::/40",
              "2600:f0fb:e600::/40",
              "2600:f0fb:e700::/40",
              "2600:f0fb:e800::/40",
              "2600:f0fb:e900::/40",
              "2600:f0fb:ea00::/40",
              "2600:f0fb:eb00::/40",
              "2600:f0fb:ec00::/40",
              "2600:f0fb:ed00::/40",
              "2600:f0fb:ee00::/40",
              "2600:f0fb:ef00::/40",
              "2600:f0fb:f000::/44",
              "2600:f0fb:f020::/48",
              "2600:f0fb:f021::/48",
              "2600:f0fb:f022::/48",
              "2600:f0fb:f023::/48",
              "2600:f0fb:f024::/48",
              "2600:f0fb:f025::/48",
              "2600:f0fb:f026::/48",
              "2600:f0fb:f027::/48",
              "2600:f0fb:f028::/48",
              "2600:f0fb:f029::/48",
              "2600:f0fb:f100::/48",
              "2600:f0fb:f101::/48",
              "2600:f0fb:f102::/48",
              "2600:f0fb:f103::/48",
              "2600:f0fb:f104::/48",
              "2600:f0fb:f105::/48",
              "2600:f0fb:f106::/48",
              "2600:f0fb:f107::/48",
              "2600:f0fb:f108::/48",
              "2600:f0fb:f109::/48",
              "2600:f0fb:f10a::/48",
              "2600:f0fb:f10b::/48",
              "2600:f0fb:f10c::/48",
              "2600:f0fb:f10d::/48",
              "2600:f0fb:f10e::/48",
              "2600:f0fb:f10f::/48",
              "2600:f0fb:f110::/48",
              "2600:f0fb:f111::/48",
              "2602:f7db::/44",
              "2605:9cc0:1ff0:1000::/52",
              "2605:9cc0:1ff0:2300::/56",
              "2605:9cc0:1ff0:2800::/56",
              "2605:9cc0:1ff0:2d00::/56",
              "2605:9cc0:1ff0:3c00::/56",
              "2605:9cc0:1ff0:4000::/54",
              "2605:9cc0:1ff0:400::/56",
              "2605:9cc0:1ff0:500::/56",
              "2605:9cc0:1ff0:600::/56",
              "2605:9cc0:1ff0:700::/56",
              "2605:9cc0:1ff0:7200::/56",
              "2605:9cc0:1ff0:8000::/56",
              "2605:9cc0:1ff0:800::/56",
              "2605:9cc0:1ff0:8200::/56",
              "2605:9cc0:1ff0:900::/56",
              "2605:9cc0:1ff0::/56",
              "2605:9cc0:1ff0:f800::/56",
              "2605:9cc0:1fff:fc00::/54",
              "2605:b140:1000::/48",
              "2606:7b40:1000:2000::/56",
              "2606:7b40:1000:2100::/56",
              "2606:7b40:1000:2270::/60",
              "2606:7b40:1000:3000::/56",
              "2606:7b40:1000:7000::/56",
              "2606:7b40:1000:7200::/60",
              "2606:7b40:1000:7210::/60",
              "2606:7b40:1000:7220::/60",
              "2606:7b40:1000:7240::/60",
              "2606:7b40:1000:7270::/60",
              "2606:7b40:1000:7280::/60",
              "2606:7b40:1000:72a0::/60",
              "2606:7b40:1000:72d0::/60",
              "2606:7b40:1000:72e0::/60",
              "2606:7b40:1000:8000::/56",
              "2606:7b40:1042:3200::/60",
              "2606:7b40:1042::/56",
              "2606:7b40:10f8::/46",
              "2606:7b40:10ff:20::/59",
              "2606:7b40:10ff:40::/59",
              "2606:7b40:10ff:60::/59",
              "2606:7b40:10ff:7000::/56",
              "2606:7b40:10ff:7270::/60",
              "2606:7b40:10ff:8000::/56",
              "2606:7b40:10ff:80::/59",
              "2606:7b40:10ff:9000::/56",
              "2606:7b40:10ff::/59",
              "2606:7b40:10ff:a000::/56",
              "2606:7b40:10ff:a0::/59",
              "2606:7b40:10ff:a200::/60",
              "2606:7b40:10ff:a210::/60",
              "2606:7b40:10ff:a220::/60",
              "2606:7b40:10ff:a230::/60",
              "2606:7b40:10ff:a240::/60",
              "2606:7b40:10ff:a250::/60",
              "2606:7b40:10ff:a270::/60",
              "2606:7b40:10ff:a280::/60",
              "2606:7b40:10ff:a290::/60",
              "2606:7b40:10ff:a2d0::/60",
              "2606:7b40:10ff:a2e0::/60",
              "2606:7b40:10ff:b000::/56",
              "2606:7b40:10ff:c000::/56",
              "2606:7b40:10ff:c0::/59",
              "2606:7b40:10ff:d000::/56",
              "2606:7b40:10ff:d200::/60",
              "2606:7b40:10ff:d210::/60",
              "2606:7b40:10ff:d220::/60",
              "2606:7b40:10ff:d230::/60",
              "2606:7b40:10ff:d240::/60",
              "2606:7b40:10ff:d250::/60",
              "2606:7b40:10ff:d270::/60",
              "2606:7b40:10ff:d280::/60",
              "2606:7b40:10ff:d290::/60",
              "2606:7b40:10ff:d2d0::/60",
              "2606:7b40:10ff:d2f0::/60",
              "2606:7b40:10ff:e000::/56",
              "2606:7b40:10ff:e0::/59",
              "2606:7b40:10ff:e270::/60",
              "2606:7b40:10ff:f000::/56",
              "2606:7b40:10ff:f270::/60",
              "2606:7b40:10ff:ff00::/56",
              "2606:7b40:1800::/40",
              "2606:7b40:1a2c:330::/60",
              "2606:7b40:1a2f:c200::/60",
              "2606:7b40:1a2f:c310::/60",
              "2606:7b40:1a2f:c320::/60",
              "2606:7b40:1a2f:c330::/60",
              "2606:7b40:1a3c:330::/60",
              "2606:7b40:1a3f:c200::/60",
              "2606:7b40:1a3f:c310::/60",
              "2606:7b40:1a3f:c320::/60",
              "2606:7b40:1a3f:c330::/60",
              "2606:7b40:1a4c:330::/60",
              "2606:7b40:1a4f:c200::/60",
              "2606:7b40:1a4f:c240::/60",
              "2606:7b40:1a4f:c310::/60",
              "2606:7b40:1a4f:c320::/60",
              "2606:7b40:1a4f:c330::/60",
              "2606:7b40:1b00:500::/56",
              "2606:7b40:1b00:600::/56",
              "2606:7b40:1b00:700::/56",
              "2606:7b40:1b05:4000::/56",
              "2606:7b40:1b05::/56",
              "2606:7b40:1b05:c000::/56",
              "2606:7b40:1b05:c100::/56",
              "2606:7b40:1b06:8000::/56",
              "2606:7b40:1b06:8100::/56",
              "2606:7b40:1b06::/56",
              "2606:7b40:1b06:c000::/56",
              "2606:7b40:1b07:100::/56",
              "2606:7b40:1b07:4000::/56",
              "2606:7b40:1b07:4100::/56",
              "2606:7b40:1b07:4200::/56",
              "2606:7b40:1b07:8000::/56",
              "2606:7b40:1b07::/56",
              "2606:7b40:1b07:c000::/56",
              "2606:7b40:1b08:100::/56",
              "2606:7b40:1b08::/56",
              "2606:7b40:1b09:100::/56",
              "2606:7b40:1b09:200::/56",
              "2606:7b40:1b09:300::/56",
              "2606:7b40:1b09::/56",
              "2606:7b40:1b0c:100::/56",
              "2606:7b40:1b0c:200::/56",
              "2606:7b40:1b0c:4000::/56",
              "2606:7b40:1b0c::/56",
              "2606:7b40:1b0c:c000::/56",
              "2606:7b40:1b0c:c100::/56",
              "2606:7b40:1b0d:100::/56",
              "2606:7b40:1b0d:4000::/56",
              "2606:7b40:1b0d:4100::/56",
              "2606:7b40:1b0d:8000::/56",
              "2606:7b40:1b0d:8100::/56",
              "2606:7b40:1b0d:8200::/56",
              "2606:7b40:1b0d:8300::/56",
              "2606:7b40:1b0d::/56",
              "2606:7b40:1b0d:c000::/56",
              "2606:7b40:1b0d:c100::/56",
              "2606:7b40:1b0e:100::/56",
              "2606:7b40:1b0e:200::/56",
              "2606:7b40:1b0e:4000::/56",
              "2606:7b40:1b0e::/56",
              "2606:7b40:1b0f:100::/56",
              "2606:7b40:1b0f:200::/56",
              "2606:7b40:1b0f:300::/56",
              "2606:7b40:1b0f:4000::/56",
              "2606:7b40:1b0f:400::/56",
              "2606:7b40:1b0f:4100::/56",
              "2606:7b40:1b0f:4200::/56",
              "2606:7b40:1b0f:4300::/56",
              "2606:7b40:1b0f:500::/56",
              "2606:7b40:1b0f:600::/56",
              "2606:7b40:1b0f:8000::/56",
              "2606:7b40:1b0f:8100::/56",
              "2606:7b40:1b0f::/56",
              "2606:7b40:1b0f:c000::/56",
              "2606:7b40:1b0f:c100::/56",
              "2606:7b40:1b0f:c200::/56",
              "2606:7b40:1b0f:c300::/56",
              "2606:7b40:1b0f:ef00::/56",
              "2606:7b40:1b0f:f000::/56",
              "2606:7b40:1b0f:f100::/56",
              "2606:7b40:1b0f:f200::/56",
              "2606:7b40:1b0f:f300::/56",
              "2606:7b40:1b0f:f400::/56",
              "2606:7b40:1b0f:f800::/56",
              "2606:7b40:1b0f:f900::/56",
              "2606:7b40:1b0f:fa00::/56",
              "2606:7b40:1b0f:fd00::/56",
              "2606:7b40:1f00::/40",
              "2606:7b40:901::/48",
              "2606:7b40:903::/48",
              "2606:7b40:9fc::/48",
              "2606:7b40:9fd::/48",
              "2606:7b40:a3e:200::/60",
              "2606:7b40:a3e:270::/60",
              "2606:7b40:a3e:280::/60",
              "2606:7b40:a3e:3000::/54",
              "2606:7b40:a3e:3400::/54",
              "2606:7b40:a3e:3800::/54",
              "2606:7b40:a3e:3c00::/54",
              "2606:7b40:a3e:c00::/54",
              "2606:7b40:f000:1500::/56",
              "2606:7b40:f000:1600::/56",
              "2606:7b40:f000:1700::/56",
              "2606:8140:100::/40",
              "2606:8140:200::/40",
              "2606:8140:400::/40",
              "2606:8140:500::/40",
              "2606:8140:900::/40",
              "2606:f40:1000::/39",
              "2606:f40:1400::/40",
              "2606:f40:1800::/40",
              "2606:f40:2100::/40",
              "2606:f40:2200::/40",
              "2606:f40:2400::/40",
              "2606:f40:2800::/40",
              "2606:f40:2a00::/40",
              "2606:f40:3200::/40",
              "2606:f40:3e00::/40",
              "2606:f40:400::/39",
              "2606:f40:4400::/39",
              "2606:f40:5800::/40",
              "2606:f40:6100::/40",
              "2606:f40:8000::/39",
              "2606:f40:800::/40",
              "2606:f40:8400::/39",
              "2606:f40:8800::/40",
              "2606:f40:8a00::/40",
              "2606:f40:9000::/39",
              "2606:f40:9400::/40",
              "2606:f40:9800::/40",
              "2606:f40::/39",
              "2606:f40:a00::/40",
              "2606:f40:a100::/40",
              "2606:f40:a200::/40",
              "2606:f40:a400::/40",
              "2606:f40:a800::/40",
              "2606:f40:aa00::/40",
              "2606:f40:b200::/40",
              "2606:f40:be00::/40",
              "2606:f40:c400::/39",
              "2606:f40:d800::/40",
              "2606:f40:e100::/40",
              "2606:f40:ffd2::/48",
              "2606:f40:ffd4::/48",
              "2606:f40:ffe0::/48",
              "2606:f40:ffe2::/48",
              "2606:f40:ffe4::/48",
              "2606:f40:ffe6::/48",
              "2606:f40:ffe8::/48",
              "2606:f40:ffeb::/48",
              "2606:f40:ffed::/48",
              "2606:f40:ffef::/48",
              "2606:f40:fff0::/48",
              "2606:f40:fff2::/48",
              "2606:f40:fff5::/48",
              "2606:f40:fff6::/48",
              "2606:f40:fff7::/48",
              "2606:f40:fff8::/48",
              "2606:f40:fff9::/48",
              "2606:f40:fffa::/48",
              "2606:f40:fffb::/48",
              "2606:f40:fffc::/48",
              "2606:f40:fffd::/48",
              "2606:f40:fffe::/48",
              "2606:f40:ffff::/48",
              "2620:107:3002::/64",
              "2620:107:300f::/48",
              "2620:107:4002::/48",
              "2620:107:4003::/48",
              "2620:107:4004::/48",
              "2620:107:4005::/48",
              "2620:107:4007::/64",
              "2620:108:700f::/64",
              "2620:108:d00f::/64",
              "2631:0:1::/48",
              "2631:0:a::/48",
              "2631:1:101::/48",
              "2631:1:105::/48",
              "2631::/48",
              "2804:800:ff00::/48",
              "2a01:578:13::/48",
              "2a01:578:3::/48",
              "2a05:d000:1000::/40",
              "2a05:d000:2000::/40",
              "2a05:d000:4000::/40",
              "2a05:d000:5000::/40",
              "2a05:d000:6000::/40",
              "2a05:d000:8000::/40",
              "2a05:d000:800::/40",
              "2a05:d000:9000::/40",
              "2a05:d000:a000::/40",
              "2a05:d000:c000::/40",
              "2a05:d000:e000::/40",
              "2a05:d010:8000::/36",
              "2a05:d011::/36",
              "2a05:d012::/36",
              "2a05:d014::/35",
              "2a05:d015::/36",
              "2a05:d016::/36",
              "2a05:d017::/36",
              "2a05:d018:8000::/36",
              "2a05:d018::/35",
              "2a05:d019::/36",
              "2a05:d01a::/36",
              "2a05:d01b::/36",
              "2a05:d01c::/36",
              "2a05:d01d::/36",
              "2a05:d01e::/36",
              "2a05:d01f::/36",
              "2a05:d020:8000::/36",
              "2a05:d021::/36",
              "2a05:d022::/36",
              "2a05:d024::/36",
              "2a05:d025:1000::/36",
              "2a05:d025::/36",
              "2a05:d026::/36",
              "2a05:d027::/36",
              "2a05:d028:8000::/36",
              "2a05:d028::/36",
              "2a05:d029::/36",
              "2a05:d02a::/36",
              "2a05:d02b::/36",
              "2a05:d02c::/36",
              "2a05:d02d::/36",
              "2a05:d02e::/36",
              "2a05:d02f::/36",
              "2a05:d030:1000::/40",
              "2a05:d030:2000::/40",
              "2a05:d030:4000::/40",
              "2a05:d030:5000::/40",
              "2a05:d030:6000::/40",
              "2a05:d030:8000::/40",
              "2a05:d030:800::/40",
              "2a05:d030:9000::/40",
              "2a05:d030:a000::/40",
              "2a05:d030:b000::/40",
              "2a05:d030:c000::/40",
              "2a05:d030:e000::/40",
              "2a05:d031:1000::/40",
              "2a05:d031:2000::/40",
              "2a05:d031:4000::/40",
              "2a05:d031:5000::/40",
              "2a05:d031:6000::/40",
              "2a05:d031:8000::/40",
              "2a05:d031:800::/40",
              "2a05:d031:9000::/40",
              "2a05:d031:a000::/40",
              "2a05:d031:b000::/40",
              "2a05:d031:c000::/40",
              "2a05:d031:e000::/40",
              "2a05:d032:1000::/40",
              "2a05:d032:2000::/40",
              "2a05:d032:4000::/40",
              "2a05:d032:5000::/40",
              "2a05:d032:6000::/40",
              "2a05:d032:8000::/40",
              "2a05:d032:800::/40",
              "2a05:d032:9000::/40",
              "2a05:d032:a000::/40",
              "2a05:d032:b000::/40",
              "2a05:d032:c000::/40",
              "2a05:d032:e000::/40",
              "2a05:d033:1000::/40",
              "2a05:d033:2000::/40",
              "2a05:d033:4000::/40",
              "2a05:d033:5000::/40",
              "2a05:d033:6000::/40",
              "2a05:d033:8000::/40",
              "2a05:d033:800::/40",
              "2a05:d033:9000::/40",
              "2a05:d033:a000::/40",
              "2a05:d033:b000::/40",
              "2a05:d033:c000::/40",
              "2a05:d033:e000::/40",
              "2a05:d036:1000::/40",
              "2a05:d036:2000::/40",
              "2a05:d036:4000::/40",
              "2a05:d036:5000::/40",
              "2a05:d036:6000::/40",
              "2a05:d036:8000::/40",
              "2a05:d036:800::/40",
              "2a05:d036:9000::/40",
              "2a05:d036:a000::/40",
              "2a05:d036:b000::/40",
              "2a05:d036:c000::/40",
              "2a05:d036:e000::/40",
              "2a05:d038:1000::/40",
              "2a05:d038:2000::/40",
              "2a05:d038:4000::/40",
              "2a05:d038:5000::/40",
              "2a05:d038:6000::/40",
              "2a05:d038:8000::/40",
              "2a05:d038:800::/40",
              "2a05:d038:9000::/40",
              "2a05:d038:a000::/40",
              "2a05:d038:b000::/40",
              "2a05:d038:c000::/40",
              "2a05:d038:e000::/40",
              "2a05:d03a:1000::/40",
              "2a05:d03a:2000::/40",
              "2a05:d03a:4000::/40",
              "2a05:d03a:5000::/40",
              "2a05:d03a:6000::/40",
              "2a05:d03a:8000::/40",
              "2a05:d03a:800::/40",
              "2a05:d03a:9000::/40",
              "2a05:d03a:a000::/40",
              "2a05:d03a:b000::/40",
              "2a05:d03a:c000::/40",
              "2a05:d03a:e000::/40",
              "2a05:d040:1000::/40",
              "2a05:d040:2000::/40",
              "2a05:d040:4000::/40",
              "2a05:d040:5000::/40",
              "2a05:d040:6000::/40",
              "2a05:d040:8000::/40",
              "2a05:d040:800::/40",
              "2a05:d040:9000::/40",
              "2a05:d040:a000::/40",
              "2a05:d040:b000::/40",
              "2a05:d040:c000::/40",
              "2a05:d040:e000::/40",
              "2a05:d059:1000::/40",
              "2a05:d059:2000::/40",
              "2a05:d059:4000::/40",
              "2a05:d059:5000::/40",
              "2a05:d059:6000::/40",
              "2a05:d059:8000::/40",
              "2a05:d059:800::/40",
              "2a05:d059:9000::/40",
              "2a05:d059:a000::/40",
              "2a05:d059:b000::/40",
              "2a05:d059:c000::/40",
              "2a05:d059:e000::/40",
              "2a05:d05a:1000::/40",
              "2a05:d05a:2000::/40",
              "2a05:d05a:4000::/40",
              "2a05:d05a:5000::/40",
              "2a05:d05a:6000::/40",
              "2a05:d05a:8000::/40",
              "2a05:d05a:800::/40",
              "2a05:d05a:9000::/40",
              "2a05:d05a:a000::/40",
              "2a05:d05a:b000::/40",
              "2a05:d05a:c000::/40",
              "2a05:d05a:e000::/40",
              "2a05:d05b:1000::/40",
              "2a05:d05b:2000::/40",
              "2a05:d05b:4000::/40",
              "2a05:d05b:5000::/40",
              "2a05:d05b:6000::/40",
              "2a05:d05b:8000::/40",
              "2a05:d05b:800::/40",
              "2a05:d05b:9000::/40",
              "2a05:d05b:a000::/40",
              "2a05:d05b:b000::/40",
              "2a05:d05b:c000::/40",
              "2a05:d05b:e000::/40",
              "2a05:d06a:1000::/40",
              "2a05:d06a:2000::/40",
              "2a05:d06a:4000::/40",
              "2a05:d06a:5000::/40",
              "2a05:d06a:6000::/40",
              "2a05:d06a:8000::/40",
              "2a05:d06a:800::/40",
              "2a05:d06a:9000::/40",
              "2a05:d06a:a000::/40",
              "2a05:d06a:b000::/40",
              "2a05:d06a:c000::/40",
              "2a05:d06a:e000::/40",
              "2a05:d06b:1000::/40",
              "2a05:d06b:2000::/40",
              "2a05:d06b:4000::/40",
              "2a05:d06b:5000::/40",
              "2a05:d06b:6000::/40",
              "2a05:d06b:8000::/40",
              "2a05:d06b:800::/40",
              "2a05:d06b:9000::/40",
              "2a05:d06b:a000::/40",
              "2a05:d06b:b000::/40",
              "2a05:d06b:c000::/40",
              "2a05:d06b:e000::/40",
              "2a05:d06f:1000::/40",
              "2a05:d06f:2000::/40",
              "2a05:d06f:4000::/40",
              "2a05:d06f:5000::/40",
              "2a05:d06f:6000::/40",
              "2a05:d06f:8000::/40",
              "2a05:d06f:800::/40",
              "2a05:d06f:9000::/40",
              "2a05:d06f:a000::/40",
              "2a05:d06f:b000::/40",
              "2a05:d06f:c000::/40",
              "2a05:d06f:e000::/40",
              "2a05:d070:1000::/40",
              "2a05:d070:2000::/40",
              "2a05:d070:4000::/40",
              "2a05:d070:5000::/40",
              "2a05:d070:6000::/40",
              "2a05:d070:8000::/40",
              "2a05:d070:800::/40",
              "2a05:d070:9000::/40",
              "2a05:d070:a000::/40",
              "2a05:d070:b000::/40",
              "2a05:d070:c000::/40",
              "2a05:d070:e000::/40",
              "2a05:d072:1000::/40",
              "2a05:d072:2000::/40",
              "2a05:d072:4000::/40",
              "2a05:d072:5000::/40",
              "2a05:d072:6000::/40",
              "2a05:d072:8000::/40",
              "2a05:d072:800::/40",
              "2a05:d072:9000::/40",
              "2a05:d072:a000::/40",
              "2a05:d072:b000::/40",
              "2a05:d072:c000::/40",
              "2a05:d072:e000::/40",
              "2a05:d073:1000::/40",
              "2a05:d073:2000::/40",
              "2a05:d073:4000::/40",
              "2a05:d073:5000::/40",
              "2a05:d073:6000::/40",
              "2a05:d073:8000::/40",
              "2a05:d073:800::/40",
              "2a05:d073:9000::/40",
              "2a05:d073:a000::/40",
              "2a05:d073:b000::/40",
              "2a05:d073:c000::/40",
              "2a05:d073:e000::/40",
              "2a05:d074:1000::/40",
              "2a05:d074:2000::/40",
              "2a05:d074:4000::/40",
              "2a05:d074:5000::/40",
              "2a05:d074:6000::/40",
              "2a05:d074:8000::/40",
              "2a05:d074:800::/40",
              "2a05:d074:9000::/40",
              "2a05:d074:a000::/40",
              "2a05:d074:b000::/40",
              "2a05:d074:c000::/40",
              "2a05:d074:e000::/40",
              "2a05:d076:1000::/40",
              "2a05:d076:2000::/40",
              "2a05:d076:4000::/40",
              "2a05:d076:5000::/40",
              "2a05:d076:6000::/40",
              "2a05:d076:8000::/40",
              "2a05:d076:800::/40",
              "2a05:d076:9000::/40",
              "2a05:d076:a000::/40",
              "2a05:d076:b000::/40",
              "2a05:d076:c000::/40",
              "2a05:d076:e000::/40",
              "2a05:d07d:1000::/40",
              "2a05:d07d:2000::/40",
              "2a05:d07d:4000::/40",
              "2a05:d07d:5000::/40",
              "2a05:d07d:6000::/40",
              "2a05:d07d:8000::/40",
              "2a05:d07d:800::/40",
              "2a05:d07d:9000::/40",
              "2a05:d07d:a000::/40",
              "2a05:d07d:b000::/40",
              "2a05:d07d:c000::/40",
              "2a05:d07d:e000::/40",
              "2a05:d07f:1000::/40",
              "2a05:d07f:2000::/40",
              "2a05:d07f:4000::/40",
              "2a05:d07f:5000::/40",
              "2a05:d07f:6000::/40",
              "2a05:d07f:8000::/40",
              "2a05:d07f:800::/40",
              "2a05:d07f:9000::/40",
              "2a05:d07f:a000::/40",
              "2a05:d07f:b000::/40",
              "2a05:d07f:c000::/40",
              "2a05:d07f:e000::/40",
              "2a05:d07f:f000::/40"
            ],
            "regions": null,
            "services": [
              "ec2"
            ],
            "sync_token": 1775045885,
            "url": "https://ip-ranges.amazonaws.com/ip-ranges.json"
          },
          "sensitive_attributes": [],
          "identity_schema_version": 0
        }
      ]
    },
    {
      "mode": "managed",
      "type": "aws_instance",
      "name": "MyFirstInstnace",
      "provider": "provider[\"registry.terraform.io/hashicorp/aws\"]",
      "instances": [
        {
          "schema_version": 2,
          "attributes": {
            "ami": "ami-00de3875b03809ec5",
            "arn": "arn:aws:ec2:us-east-1:799168221060:instance/i-0569881f641aabeab",
            "associate_public_ip_address": true,
            "availability_zone": "us-east-1a",
            "capacity_reservation_specification": [
              {
                "capacity_reservation_preference": "open",
                "capacity_reservation_target": []
              }
            ],
            "cpu_options": [
              {
                "amd_sev_snp": "",
                "core_count": 1,
                "nested_virtualization": "",
                "threads_per_core": 1
              }
            ],
            "credit_specification": [
              {
                "cpu_credits": "standard"
              }
            ],
            "disable_api_stop": false,
            "disable_api_termination": false,
            "ebs_block_device": [],
            "ebs_optimized": false,
            "enable_primary_ipv6": null,
            "enclave_options": [
              {
                "enabled": false
              }
            ],
            "ephemeral_block_device": [],
            "force_destroy": false,
            "get_password_data": false,
            "hibernation": false,
            "host_id": "",
            "host_resource_group_arn": null,
            "iam_instance_profile": "",
            "id": "i-0569881f641aabeab",
            "instance_initiated_shutdown_behavior": "stop",
            "instance_lifecycle": "",
            "instance_market_options": [],
            "instance_state": "running",
            "instance_type": "t2.micro",
            "ipv6_address_count": 0,
            "ipv6_addresses": [],
            "key_name": "",
            "launch_template": [],
            "maintenance_options": [
              {
                "auto_recovery": "default"
              }
            ],
            "metadata_options": [
              {
                "http_endpoint": "enabled",
                "http_protocol_ipv6": "disabled",
                "http_put_response_hop_limit": 1,
                "http_tokens": "optional",
                "instance_metadata_tags": "disabled"
              }
            ],
            "monitoring": false,
            "network_interface": [],
            "outpost_arn": "",
            "password_data": "",
            "placement_group": "",
            "placement_group_id": "",
            "placement_partition_number": 0,
            "primary_network_interface": [
              {
                "delete_on_termination": true,
                "network_interface_id": "eni-03ac195aceb4103bc"
              }
            ],
            "primary_network_interface_id": "eni-03ac195aceb4103bc",
            "private_dns": "ip-172-31-90-199.ec2.internal",
            "private_dns_name_options": [
              {
                "enable_resource_name_dns_a_record": false,
                "enable_resource_name_dns_aaaa_record": false,
                "hostname_type": "ip-name"
              }
            ],
            "private_ip": "172.31.90.199",
            "public_dns": "ec2-35-175-235-186.compute-1.amazonaws.com",
            "public_ip": "35.175.235.186",
            "region": "us-east-1",
            "root_block_device": [
              {
                "delete_on_termination": true,
                "device_name": "/dev/sda1",
                "encrypted": false,
                "iops": 100,
                "kms_key_id": "",
                "tags": {},
                "tags_all": {},
                "throughput": 0,
                "volume_id": "vol-09744077efa544166",
                "volume_size": 8,
                "volume_type": "gp2"
              }
            ],
            "secondary_network_interface": [],
            "secondary_private_ips": [],
            "security_groups": [
              "default"
            ],
            "source_dest_check": true,
            "spot_instance_request_id": "",
            "subnet_id": "subnet-0eede34bea82e354c",
            "tags": {
              "Name": "custom_instance"
            },
            "tags_all": {
              "Name": "custom_instance"
            },
            "tenancy": "default",
            "timeouts": null,
            "user_data": null,
            "user_data_base64": null,
            "user_data_replace_on_change": false,
            "volume_tags": null,
            "vpc_security_group_ids": [
              "sg-0503b8f200f954352"
            ]
          },
          "sensitive_attributes": [],
          "identity_schema_version": 0,
          "identity": {
            "account_id": "799168221060",
            "id": "i-0569881f641aabeab",
            "region": "us-east-1"
          },
          "private": "eyJlMmJmYjczMC1lY2FhLTExZTYtOGY4OC0zNDM2M2JjN2M0YzAiOnsiY3JlYXRlIjo2MDAwMDAwMDAwMDAsImRlbGV0ZSI6MTIwMDAwMDAwMDAwMCwicmVhZCI6OTAwMDAwMDAwMDAwLCJ1cGRhdGUiOjYwMDAwMDAwMDAwMH0sInNjaGVtYV92ZXJzaW9uIjoiMiJ9",
          "dependencies": [
            "data.aws_ami.latest-ubuntu",
            "data.aws_availability_zones.avilable"
          ]
        }
      ]
    },
    {
      "mode": "managed",
      "type": "aws_security_group",
      "name": "sg_custom_us_east",
      "provider": "provider[\"registry.terraform.io/hashicorp/aws\"]",
      "instances": [
        {
          "schema_version": 1,
          "attributes": {
            "arn": "arn:aws:ec2:us-east-1:799168221060:security-group/sg-084d1b5ad96cdbca2",
            "description": "Allow HTTPS from AWS EC2 IP ranges in us-east-1 and us-east-2",
            "egress": [],
            "id": "sg-084d1b5ad96cdbca2",
            "ingress": [
              {
                "cidr_blocks": [
                  "1.178.4.0/24",
                  "1.178.5.0/24",
                  "1.178.6.0/24",
                  "100.24.0.0/13",
                  "100.48.0.0/12",
                  "107.20.0.0/14",
                  "13.128.0.0/16",
                  "13.130.0.0/16",
                  "13.216.0.0/13",
                  "136.18.128.0/23",
                  "136.18.130.0/23",
                  "136.18.132.0/23",
                  "136.18.136.0/23",
                  "136.18.138.0/23",
                  "136.18.160.0/23",
                  "136.18.254.0/23",
                  "136.18.50.0/23",
                  "139.56.18.0/23",
                  "139.56.20.0/23",
                  "139.56.22.0/23",
                  "139.56.24.0/23",
                  "139.56.26.0/23",
                  "139.56.28.0/23",
                  "139.56.30.0/23",
                  "139.56.34.0/24",
                  "142.4.178.0/24",
                  "15.129.32.0/23",
                  "15.177.64.0/23",
                  "15.181.112.0/22",
                  "15.181.120.0/21",
                  "15.181.144.0/20",
                  "15.181.160.0/20",
                  "15.181.176.0/20",
                  "15.181.192.0/19",
                  "15.181.224.0/21",
                  "15.181.232.0/21",
                  "15.181.240.0/24",
                  "15.181.241.0/24",
                  "15.181.242.0/24",
                  "15.181.243.0/24",
                  "15.181.244.0/24",
                  "15.181.246.0/24",
                  "15.181.247.0/24",
                  "15.181.249.0/24",
                  "15.181.254.0/24",
                  "15.181.32.0/21",
                  "15.181.40.0/21",
                  "15.181.48.0/20",
                  "15.181.80.0/20",
                  "15.181.96.0/20"
                ],
                "description": "",
                "from_port": 443,
                "ipv6_cidr_blocks": [],
                "prefix_list_ids": [],
                "protocol": "tcp",
                "security_groups": [],
                "self": false,
                "to_port": 443
              }
            ],
            "name": "custom_us_east",
            "name_prefix": "",
            "owner_id": "799168221060",
            "region": "us-east-1",
            "revoke_rules_on_delete": false,
            "tags": {
              "CreateDate": "2026-04-01-12-18-05",
              "SyncToken": "1775045885"
            },
            "tags_all": {
              "CreateDate": "2026-04-01-12-18-05",
              "SyncToken": "1775045885"
            },
            "timeouts": null,
            "vpc_id": "vpc-090925115488c47df"
          },
          "sensitive_attributes": [],
          "identity_schema_version": 0,
          "identity": {
            "account_id": "799168221060",
            "id": "sg-084d1b5ad96cdbca2",
            "region": "us-east-1"
          },
          "private": "eyJlMmJmYjczMC1lY2FhLTExZTYtOGY4OC0zNDM2M2JjN2M0YzAiOnsiY3JlYXRlIjo2MDAwMDAwMDAwMDAsImRlbGV0ZSI6OTAwMDAwMDAwMDAwfSwic2NoZW1hX3ZlcnNpb24iOiIxIn0=",
          "dependencies": [
            "data.aws_ip_ranges.us_east_ip_range"
          ]
        }
      ]
    }
  ],
  "check_results": null
}
